<?xml version="1.0" encoding="utf-8"?>
<Project ToolsVersion="4.0" xmlns="http://schemas.microsoft.com/developer/msbuild/2003">
  <ItemGroup>
    <Filter Include="Source Files">
      <UniqueIdentifier>{4FC737F1-C7A5-4376-A066-2A32D752A2FF}</UniqueIdentifier>
      <Extensions>cpp;c;cc;cxx;c++;cppm;ixx;def;odl;idl;hpj;bat;asm;asmx</Extensions>
    </Filter>
    <Filter Include="Header Files">
      <UniqueIdentifier>{93995380-89BD-4b04-88EB-625FBE52EBFB}</UniqueIdentifier>
      <Extensions>h;hh;hpp;hxx;h++;hm;inl;inc;ipp;xsd</Extensions>
    </Filter>
    <Filter Include="Source Files\Commander">
      <UniqueIdentifier>{af808b8e-726e-4f78-a034-c534c8c62fa3}</UniqueIdentifier>
    </Filter>
    <Filter Include="Header Files\Commander">
      <UniqueIdentifier>{fcc0510b-08f8-4854-97e6-34b7458d74a7}</UniqueIdentifier>
    </Filter>
  </ItemGroup>
  <ItemGroup>
    <ClInclude Include="Logger.h">
      <Filter>Header Files</Filter>
    </ClInclude>
    <ClInclude Include="SimpleIcu.h">
      <Filter>Header Files</Filter>
    </ClInclude>
    <ClInclude Include="Updater.h">
      <Filter>Header Files\Commander</Filter>
    </ClInclude>
    <ClInclude Include="TestCommands.h">
      <Filter>Header Files\Commander</Filter>
    </ClInclude>
    <ClInclude Include="GenericCommand.h">
      <Filter>Header Files\Commander</Filter>
    </ClInclude>
    <ClInclude Include="ErrorHandler.h">
      <Filter>Header Files\Commander</Filter>
    </ClInclude>
    <ClInclude Include="CommandTypes.h">
      <Filter>Header Files\Commander</Filter>
    </ClInclude>
    <ClInclude Include="Commander.h">
      <Filter>Header Files\Commander</Filter>
    </ClInclude>
  </ItemGroup>
  <ItemGroup>
    <ClCompile Include="Logger.cpp">
      <Filter>Source Files</Filter>
    </ClCompile>
    <ClCompile Include="SimpleIcu.cpp">
      <Filter>Source Files</Filter>
    </ClCompile>
    <ClCompile Include="TestCommands.cpp">
      <Filter>Source Files\Commander</Filter>
    </ClCompile>
    <ClCompile Include="Updater.cpp">
      <Filter>Source Files\Commander</Filter>
    </ClCompile>
    <ClCompile Include="GenericCommand.cpp">
      <Filter>Source Files\Commander</Filter>
    </ClCompile>
    <ClCompile Include="ErrorHandler.cpp">
      <Filter>Source Files\Commander</Filter>
    </ClCompile>
    <ClCompile Include="Commander.cpp">
      <Filter>Source Files\Commander</Filter>
    </ClCompile>
  </ItemGroup>
</Project>