
Microsoft Visual Studio Solution File, Format Version 12.00
# Visual Studio 15
VisualStudioVersion = 15.0.27130.2027
MinimumVisualStudioVersion = 10.0.40219.1
Project("{8BC9CEB8-8B4A-11D0-8D11-00A0C91BC942}") = "Chkdraft", "Chkdraft\Chkdraft.vcxproj", "{99B415AA-459A-4E57-9677-01F2C5A3A377}"
	ProjectSection(ProjectDependencies) = postProject
		{78424708-1F6E-4D4B-920C-FB6D26847055} = {78424708-1F6E-4D4B-920C-FB6D26847055}
		{C55C9908-A381-4518-A2B6-1903BF191E01} = {C55C9908-A381-4518-A2B6-1903BF191E01}
		{73C0A65B-D1F2-4DE1-B3A6-15DAD2C23F3D} = {73C0A65B-D1F2-4DE1-B3A6-15DAD2C23F3D}
	EndProjectSection
EndProject
Project("{8BC9CEB8-8B4A-11D0-8D11-00A0C91BC942}") = "ChkdraftLib", "ChkdraftLib\ChkdraftLib.vcxproj", "{C55C9908-A381-4518-A2B6-1903BF191E01}"
	ProjectSection(ProjectDependencies) = postProject
		{0B7F9D23-A773-4EA5-80A5-C141D3E884EC} = {0B7F9D23-A773-4EA5-80A5-C141D3E884EC}
		{7357DEBC-F4E5-4C6F-B1DA-9459609BCEED} = {7357DEBC-F4E5-4C6F-B1DA-9459609BCEED}
		{E56CB8F1-772D-4266-8239-14322A96F274} = {E56CB8F1-772D-4266-8239-14322A96F274}
	EndProjectSection
EndProject
Project("{8BC9CEB8-8B4A-11D0-8D11-00A0C91BC942}") = "ChkdraftTest", "ChkdraftTest\ChkdraftTest.vcxproj", "{81B330CA-3C56-4B1C-92BF-51B1CE1621F3}"
	ProjectSection(ProjectDependencies) = postProject
		{C55C9908-A381-4518-A2B6-1903BF191E01} = {C55C9908-A381-4518-A2B6-1903BF191E01}
		{73C0A65B-D1F2-4DE1-B3A6-15DAD2C23F3D} = {73C0A65B-D1F2-4DE1-B3A6-15DAD2C23F3D}
		{58027BAE-5B43-4B71-A34A-16491CD466CE} = {58027BAE-5B43-4B71-A34A-16491CD466CE}
	EndProjectSection
EndProject
Project("{8BC9CEB8-8B4A-11D0-8D11-00A0C91BC942}") = "CommanderLib", "CommanderLib\CommanderLib.vcxproj", "{E56CB8F1-772D-4266-8239-14322A96F274}"
EndProject
Project("{8BC9CEB8-8B4A-11D0-8D11-00A0C91BC942}") = "CommanderTest", "CommanderTest\CommanderTest.vcxproj", "{5AA7F006-4395-46E9-BBAC-DD0B20338FAE}"
	ProjectSection(ProjectDependencies) = postProject
		{58027BAE-5B43-4B71-A34A-16491CD466CE} = {58027BAE-5B43-4B71-A34A-16491CD466CE}
		{E56CB8F1-772D-4266-8239-14322A96F274} = {E56CB8F1-772D-4266-8239-14322A96F274}
	EndProjectSection
EndProject
Project("{8BC9CEB8-8B4A-11D0-8D11-00A0C91BC942}") = "GoogleTestLib", "GoogleTestLib\GoogleTestLib.vcxproj", "{58027BAE-5B43-4B71-A34A-16491CD466CE}"
EndProject
Project("{8BC9CEB8-8B4A-11D0-8D11-00A0C91BC942}") = "MappingCoreLib", "MappingCoreLib\MappingCoreLib.vcxproj", "{0B7F9D23-A773-4EA5-80A5-C141D3E884EC}"
EndProject
Project("{8BC9CEB8-8B4A-11D0-8D11-00A0C91BC942}") = "MappingCoreTest", "MappingCoreTest\MappingCoreTest.vcxproj", "{638FFF8C-4207-4DDB-8DB8-874097F0F997}"
	ProjectSection(ProjectDependencies) = postProject
		{0B7F9D23-A773-4EA5-80A5-C141D3E884EC} = {0B7F9D23-A773-4EA5-80A5-C141D3E884EC}
		{73C0A65B-D1F2-4DE1-B3A6-15DAD2C23F3D} = {73C0A65B-D1F2-4DE1-B3A6-15DAD2C23F3D}
		{58027BAE-5B43-4B71-A34A-16491CD466CE} = {58027BAE-5B43-4B71-A34A-16491CD466CE}
	EndProjectSection
EndProject
Project("{8BC9CEB8-8B4A-11D0-8D11-00A0C91BC942}") = "WindowsLib", "WindowsLib\WindowsLib.vcxproj", "{7357DEBC-F4E5-4C6F-B1DA-9459609BCEED}"
EndProject
Project("{8BC9CEB8-8B4A-11D0-8D11-00A0C91BC942}") = "WindowsTest", "WindowsTest\WindowsTest.vcxproj", "{FD9A1689-E34A-4A77-B6DD-4DECAB6AFB2C}"
	ProjectSection(ProjectDependencies) = postProject
		{73C0A65B-D1F2-4DE1-B3A6-15DAD2C23F3D} = {73C0A65B-D1F2-4DE1-B3A6-15DAD2C23F3D}
		{58027BAE-5B43-4B71-A34A-16491CD466CE} = {58027BAE-5B43-4B71-A34A-16491CD466CE}
		{7357DEBC-F4E5-4C6F-B1DA-9459609BCEED} = {7357DEBC-F4E5-4C6F-B1DA-9459609BCEED}
	EndProjectSection
EndProject
Project("{8BC9CEB8-8B4A-11D0-8D11-00A0C91BC942}") = "StormLib", "StormLib\StormLib_vs15.vcxproj", "{78424708-1F6E-4D4B-920C-FB6D26847055}"
EndProject
Project("{8BC9CEB8-8B4A-11D0-8D11-00A0C91BC942}") = "IcuLib", "IcuLib\common.vcxproj", "{73C0A65B-D1F2-4DE1-B3A6-15DAD2C23F3D}"
EndProject
Global
	GlobalSection(SolutionConfigurationPlatforms) = preSolution
		Debug|x64 = Debug|x64
		Debug|x86 = Debug|x86
		DebugAD|x64 = DebugAD|x64
		DebugAD|x86 = DebugAD|x86
		DebugAS|x64 = DebugAS|x64
		DebugAS|x86 = DebugAS|x86
		DebugUD|x64 = DebugUD|x64
		DebugUD|x86 = DebugUD|x86
		DebugUS|x64 = DebugUS|x64
		DebugUS|x86 = DebugUS|x86
		Release|x64 = Release|x64
		Release|x86 = Release|x86
		ReleaseAD|x64 = ReleaseAD|x64
		ReleaseAD|x86 = ReleaseAD|x86
		ReleaseAS|x64 = ReleaseAS|x64
		ReleaseAS|x86 = ReleaseAS|x86
		ReleaseUD|x64 = ReleaseUD|x64
		ReleaseUD|x86 = ReleaseUD|x86
		ReleaseUS|x64 = ReleaseUS|x64
		ReleaseUS|x86 = ReleaseUS|x86
	EndGlobalSection
	GlobalSection(ProjectConfigurationPlatforms) = postSolution
		{99B415AA-459A-4E57-9677-01F2C5A3A377}.Debug|x64.ActiveCfg = Debug|x64
		{99B415AA-459A-4E57-9677-01F2C5A3A377}.Debug|x64.Build.0 = Debug|x64
		{99B415AA-459A-4E57-9677-01F2C5A3A377}.Debug|x86.ActiveCfg = Debug|Win32
		{99B415AA-459A-4E57-9677-01F2C5A3A377}.Debug|x86.Build.0 = Debug|Win32
		{99B415AA-459A-4E57-9677-01F2C5A3A377}.DebugAD|x64.ActiveCfg = Debug|x64
		{99B415AA-459A-4E57-9677-01F2C5A3A377}.DebugAD|x64.Build.0 = Debug|x64
		{99B415AA-459A-4E57-9677-01F2C5A3A377}.DebugAD|x86.ActiveCfg = Debug|Win32
		{99B415AA-459A-4E57-9677-01F2C5A3A377}.DebugAD|x86.Build.0 = Debug|Win32
		{99B415AA-459A-4E57-9677-01F2C5A3A377}.DebugAS|x64.ActiveCfg = Debug|x64
		{99B415AA-459A-4E57-9677-01F2C5A3A377}.DebugAS|x64.Build.0 = Debug|x64
		{99B415AA-459A-4E57-9677-01F2C5A3A377}.DebugAS|x86.ActiveCfg = Debug|Win32
		{99B415AA-459A-4E57-9677-01F2C5A3A377}.DebugAS|x86.Build.0 = Debug|Win32
		{99B415AA-459A-4E57-9677-01F2C5A3A377}.DebugUD|x64.ActiveCfg = Debug|x64
		{99B415AA-459A-4E57-9677-01F2C5A3A377}.DebugUD|x64.Build.0 = Debug|x64
		{99B415AA-459A-4E57-9677-01F2C5A3A377}.DebugUD|x86.ActiveCfg = Debug|Win32
		{99B415AA-459A-4E57-9677-01F2C5A3A377}.DebugUD|x86.Build.0 = Debug|Win32
		{99B415AA-459A-4E57-9677-01F2C5A3A377}.DebugUS|x64.ActiveCfg = Debug|x64
		{99B415AA-459A-4E57-9677-01F2C5A3A377}.DebugUS|x64.Build.0 = Debug|x64
		{99B415AA-459A-4E57-9677-01F2C5A3A377}.DebugUS|x86.ActiveCfg = Debug|Win32
		{99B415AA-459A-4E57-9677-01F2C5A3A377}.DebugUS|x86.Build.0 = Debug|Win32
		{99B415AA-459A-4E57-9677-01F2C5A3A377}.Release|x64.ActiveCfg = ReleaseUS|x64
		{99B415AA-459A-4E57-9677-01F2C5A3A377}.Release|x64.Build.0 = ReleaseUS|x64
		{99B415AA-459A-4E57-9677-01F2C5A3A377}.Release|x86.ActiveCfg = ReleaseUS|Win32
		{99B415AA-459A-4E57-9677-01F2C5A3A377}.Release|x86.Build.0 = ReleaseUS|Win32
		{99B415AA-459A-4E57-9677-01F2C5A3A377}.ReleaseAD|x64.ActiveCfg = ReleaseUS|x64
		{99B415AA-459A-4E57-9677-01F2C5A3A377}.ReleaseAD|x64.Build.0 = ReleaseUS|x64
		{99B415AA-459A-4E57-9677-01F2C5A3A377}.ReleaseAD|x86.ActiveCfg = ReleaseUS|Win32
		{99B415AA-459A-4E57-9677-01F2C5A3A377}.ReleaseAD|x86.Build.0 = ReleaseUS|Win32
		{99B415AA-459A-4E57-9677-01F2C5A3A377}.ReleaseAS|x64.ActiveCfg = ReleaseUS|x64
		{99B415AA-459A-4E57-9677-01F2C5A3A377}.ReleaseAS|x64.Build.0 = ReleaseUS|x64
		{99B415AA-459A-4E57-9677-01F2C5A3A377}.ReleaseAS|x86.ActiveCfg = ReleaseUS|Win32
		{99B415AA-459A-4E57-9677-01F2C5A3A377}.ReleaseAS|x86.Build.0 = ReleaseUS|Win32
		{99B415AA-459A-4E57-9677-01F2C5A3A377}.ReleaseUD|x64.ActiveCfg = ReleaseUS|x64
		{99B415AA-459A-4E57-9677-01F2C5A3A377}.ReleaseUD|x64.Build.0 = ReleaseUS|x64
		{99B415AA-459A-4E57-9677-01F2C5A3A377}.ReleaseUD|x86.ActiveCfg = ReleaseUS|Win32
		{99B415AA-459A-4E57-9677-01F2C5A3A377}.ReleaseUD|x86.Build.0 = ReleaseUS|Win32
		{99B415AA-459A-4E57-9677-01F2C5A3A377}.ReleaseUS|x64.ActiveCfg = ReleaseUS|x64
		{99B415AA-459A-4E57-9677-01F2C5A3A377}.ReleaseUS|x64.Build.0 = ReleaseUS|x64
		{99B415AA-459A-4E57-9677-01F2C5A3A377}.ReleaseUS|x86.ActiveCfg = ReleaseUS|Win32
		{99B415AA-459A-4E57-9677-01F2C5A3A377}.ReleaseUS|x86.Build.0 = ReleaseUS|Win32
		{C55C9908-A381-4518-A2B6-1903BF191E01}.Debug|x64.ActiveCfg = Debug|x64
		{C55C9908-A381-4518-A2B6-1903BF191E01}.Debug|x64.Build.0 = Debug|x64
		{C55C9908-A381-4518-A2B6-1903BF191E01}.Debug|x86.ActiveCfg = Debug|Win32
		{C55C9908-A381-4518-A2B6-1903BF191E01}.Debug|x86.Build.0 = Debug|Win32
		{C55C9908-A381-4518-A2B6-1903BF191E01}.DebugAD|x64.ActiveCfg = Debug|x64
		{C55C9908-A381-4518-A2B6-1903BF191E01}.DebugAD|x64.Build.0 = Debug|x64
		{C55C9908-A381-4518-A2B6-1903BF191E01}.DebugAD|x64.Deploy.0 = Debug|x64
		{C55C9908-A381-4518-A2B6-1903BF191E01}.DebugAD|x86.ActiveCfg = Debug|Win32
		{C55C9908-A381-4518-A2B6-1903BF191E01}.DebugAD|x86.Build.0 = Debug|Win32
		{C55C9908-A381-4518-A2B6-1903BF191E01}.DebugAD|x86.Deploy.0 = Debug|Win32
		{C55C9908-A381-4518-A2B6-1903BF191E01}.DebugAS|x64.ActiveCfg = Debug|x64
		{C55C9908-A381-4518-A2B6-1903BF191E01}.DebugAS|x64.Build.0 = Debug|x64
		{C55C9908-A381-4518-A2B6-1903BF191E01}.DebugAS|x64.Deploy.0 = Debug|x64
		{C55C9908-A381-4518-A2B6-1903BF191E01}.DebugAS|x86.ActiveCfg = Debug|Win32
		{C55C9908-A381-4518-A2B6-1903BF191E01}.DebugAS|x86.Build.0 = Debug|Win32
		{C55C9908-A381-4518-A2B6-1903BF191E01}.DebugAS|x86.Deploy.0 = Debug|Win32
		{C55C9908-A381-4518-A2B6-1903BF191E01}.DebugUD|x64.ActiveCfg = Debug|x64
		{C55C9908-A381-4518-A2B6-1903BF191E01}.DebugUD|x64.Build.0 = Debug|x64
		{C55C9908-A381-4518-A2B6-1903BF191E01}.DebugUD|x64.Deploy.0 = Debug|x64
		{C55C9908-A381-4518-A2B6-1903BF191E01}.DebugUD|x86.ActiveCfg = Debug|Win32
		{C55C9908-A381-4518-A2B6-1903BF191E01}.DebugUD|x86.Build.0 = Debug|Win32
		{C55C9908-A381-4518-A2B6-1903BF191E01}.DebugUD|x86.Deploy.0 = Debug|Win32
		{C55C9908-A381-4518-A2B6-1903BF191E01}.DebugUS|x64.ActiveCfg = Debug|x64
		{C55C9908-A381-4518-A2B6-1903BF191E01}.DebugUS|x64.Build.0 = Debug|x64
		{C55C9908-A381-4518-A2B6-1903BF191E01}.DebugUS|x64.Deploy.0 = Debug|x64
		{C55C9908-A381-4518-A2B6-1903BF191E01}.DebugUS|x86.ActiveCfg = Debug|Win32
		{C55C9908-A381-4518-A2B6-1903BF191E01}.DebugUS|x86.Build.0 = Debug|Win32
		{C55C9908-A381-4518-A2B6-1903BF191E01}.DebugUS|x86.Deploy.0 = Debug|Win32
		{C55C9908-A381-4518-A2B6-1903BF191E01}.Release|x64.ActiveCfg = ReleaseUS|x64
		{C55C9908-A381-4518-A2B6-1903BF191E01}.Release|x64.Build.0 = ReleaseUS|x64
		{C55C9908-A381-4518-A2B6-1903BF191E01}.Release|x86.ActiveCfg = ReleaseUS|Win32
		{C55C9908-A381-4518-A2B6-1903BF191E01}.Release|x86.Build.0 = ReleaseUS|Win32
		{C55C9908-A381-4518-A2B6-1903BF191E01}.ReleaseAD|x64.ActiveCfg = ReleaseUS|x64
		{C55C9908-A381-4518-A2B6-1903BF191E01}.ReleaseAD|x64.Build.0 = ReleaseUS|x64
		{C55C9908-A381-4518-A2B6-1903BF191E01}.ReleaseAD|x86.ActiveCfg = ReleaseUS|Win32
		{C55C9908-A381-4518-A2B6-1903BF191E01}.ReleaseAD|x86.Build.0 = ReleaseUS|Win32
		{C55C9908-A381-4518-A2B6-1903BF191E01}.ReleaseAS|x64.ActiveCfg = ReleaseUS|x64
		{C55C9908-A381-4518-A2B6-1903BF191E01}.ReleaseAS|x64.Build.0 = ReleaseUS|x64
		{C55C9908-A381-4518-A2B6-1903BF191E01}.ReleaseAS|x86.ActiveCfg = ReleaseUS|Win32
		{C55C9908-A381-4518-A2B6-1903BF191E01}.ReleaseAS|x86.Build.0 = ReleaseUS|Win32
		{C55C9908-A381-4518-A2B6-1903BF191E01}.ReleaseUD|x64.ActiveCfg = ReleaseUS|x64
		{C55C9908-A381-4518-A2B6-1903BF191E01}.ReleaseUD|x64.Build.0 = ReleaseUS|x64
		{C55C9908-A381-4518-A2B6-1903BF191E01}.ReleaseUD|x86.ActiveCfg = ReleaseUS|Win32
		{C55C9908-A381-4518-A2B6-1903BF191E01}.ReleaseUD|x86.Build.0 = ReleaseUS|Win32
		{C55C9908-A381-4518-A2B6-1903BF191E01}.ReleaseUS|x64.ActiveCfg = ReleaseUS|x64
		{C55C9908-A381-4518-A2B6-1903BF191E01}.ReleaseUS|x64.Build.0 = ReleaseUS|x64
		{C55C9908-A381-4518-A2B6-1903BF191E01}.ReleaseUS|x86.ActiveCfg = ReleaseUS|Win32
		{C55C9908-A381-4518-A2B6-1903BF191E01}.ReleaseUS|x86.Build.0 = ReleaseUS|Win32
		{81B330CA-3C56-4B1C-92BF-51B1CE1621F3}.Debug|x64.ActiveCfg = Debug|x64
		{81B330CA-3C56-4B1C-92BF-51B1CE1621F3}.Debug|x64.Build.0 = Debug|x64
		{81B330CA-3C56-4B1C-92BF-51B1CE1621F3}.Debug|x86.ActiveCfg = Debug|Win32
		{81B330CA-3C56-4B1C-92BF-51B1CE1621F3}.Debug|x86.Build.0 = Debug|Win32
		{81B330CA-3C56-4B1C-92BF-51B1CE1621F3}.DebugAD|x64.ActiveCfg = Debug|x64
		{81B330CA-3C56-4B1C-92BF-51B1CE1621F3}.DebugAD|x64.Build.0 = Debug|x64
		{81B330CA-3C56-4B1C-92BF-51B1CE1621F3}.DebugAD|x64.Deploy.0 = Debug|x64
		{81B330CA-3C56-4B1C-92BF-51B1CE1621F3}.DebugAD|x86.ActiveCfg = Debug|Win32
		{81B330CA-3C56-4B1C-92BF-51B1CE1621F3}.DebugAD|x86.Build.0 = Debug|Win32
		{81B330CA-3C56-4B1C-92BF-51B1CE1621F3}.DebugAD|x86.Deploy.0 = Debug|Win32
		{81B330CA-3C56-4B1C-92BF-51B1CE1621F3}.DebugAS|x64.ActiveCfg = Debug|x64
		{81B330CA-3C56-4B1C-92BF-51B1CE1621F3}.DebugAS|x64.Build.0 = Debug|x64
		{81B330CA-3C56-4B1C-92BF-51B1CE1621F3}.DebugAS|x64.Deploy.0 = Debug|x64
		{81B330CA-3C56-4B1C-92BF-51B1CE1621F3}.DebugAS|x86.ActiveCfg = Debug|Win32
		{81B330CA-3C56-4B1C-92BF-51B1CE1621F3}.DebugAS|x86.Build.0 = Debug|Win32
		{81B330CA-3C56-4B1C-92BF-51B1CE1621F3}.DebugAS|x86.Deploy.0 = Debug|Win32
		{81B330CA-3C56-4B1C-92BF-51B1CE1621F3}.DebugUD|x64.ActiveCfg = Debug|x64
		{81B330CA-3C56-4B1C-92BF-51B1CE1621F3}.DebugUD|x64.Build.0 = Debug|x64
		{81B330CA-3C56-4B1C-92BF-51B1CE1621F3}.DebugUD|x64.Deploy.0 = Debug|x64
		{81B330CA-3C56-4B1C-92BF-51B1CE1621F3}.DebugUD|x86.ActiveCfg = Debug|Win32
		{81B330CA-3C56-4B1C-92BF-51B1CE1621F3}.DebugUD|x86.Build.0 = Debug|Win32
		{81B330CA-3C56-4B1C-92BF-51B1CE1621F3}.DebugUD|x86.Deploy.0 = Debug|Win32
		{81B330CA-3C56-4B1C-92BF-51B1CE1621F3}.DebugUS|x64.ActiveCfg = Debug|x64
		{81B330CA-3C56-4B1C-92BF-51B1CE1621F3}.DebugUS|x64.Build.0 = Debug|x64
		{81B330CA-3C56-4B1C-92BF-51B1CE1621F3}.DebugUS|x64.Deploy.0 = Debug|x64
		{81B330CA-3C56-4B1C-92BF-51B1CE1621F3}.DebugUS|x86.ActiveCfg = Debug|Win32
		{81B330CA-3C56-4B1C-92BF-51B1CE1621F3}.DebugUS|x86.Build.0 = Debug|Win32
		{81B330CA-3C56-4B1C-92BF-51B1CE1621F3}.DebugUS|x86.Deploy.0 = Debug|Win32
		{81B330CA-3C56-4B1C-92BF-51B1CE1621F3}.Release|x64.ActiveCfg = ReleaseUS|x64
		{81B330CA-3C56-4B1C-92BF-51B1CE1621F3}.Release|x64.Build.0 = ReleaseUS|x64
		{81B330CA-3C56-4B1C-92BF-51B1CE1621F3}.Release|x86.ActiveCfg = ReleaseUS|Win32
		{81B330CA-3C56-4B1C-92BF-51B1CE1621F3}.Release|x86.Build.0 = ReleaseUS|Win32
		{81B330CA-3C56-4B1C-92BF-51B1CE1621F3}.ReleaseAD|x64.ActiveCfg = ReleaseUS|x64
		{81B330CA-3C56-4B1C-92BF-51B1CE1621F3}.ReleaseAD|x64.Build.0 = ReleaseUS|x64
		{81B330CA-3C56-4B1C-92BF-51B1CE1621F3}.ReleaseAD|x86.ActiveCfg = ReleaseUS|Win32
		{81B330CA-3C56-4B1C-92BF-51B1CE1621F3}.ReleaseAD|x86.Build.0 = ReleaseUS|Win32
		{81B330CA-3C56-4B1C-92BF-51B1CE1621F3}.ReleaseAS|x64.ActiveCfg = ReleaseUS|x64
		{81B330CA-3C56-4B1C-92BF-51B1CE1621F3}.ReleaseAS|x64.Build.0 = ReleaseUS|x64
		{81B330CA-3C56-4B1C-92BF-51B1CE1621F3}.ReleaseAS|x86.ActiveCfg = ReleaseUS|Win32
		{81B330CA-3C56-4B1C-92BF-51B1CE1621F3}.ReleaseAS|x86.Build.0 = ReleaseUS|Win32
		{81B330CA-3C56-4B1C-92BF-51B1CE1621F3}.ReleaseUD|x64.ActiveCfg = ReleaseUS|x64
		{81B330CA-3C56-4B1C-92BF-51B1CE1621F3}.ReleaseUD|x64.Build.0 = ReleaseUS|x64
		{81B330CA-3C56-4B1C-92BF-51B1CE1621F3}.ReleaseUD|x86.ActiveCfg = ReleaseUS|Win32
		{81B330CA-3C56-4B1C-92BF-51B1CE1621F3}.ReleaseUD|x86.Build.0 = ReleaseUS|Win32
		{81B330CA-3C56-4B1C-92BF-51B1CE1621F3}.ReleaseUS|x64.ActiveCfg = ReleaseUS|x64
		{81B330CA-3C56-4B1C-92BF-51B1CE1621F3}.ReleaseUS|x64.Build.0 = ReleaseUS|x64
		{81B330CA-3C56-4B1C-92BF-51B1CE1621F3}.ReleaseUS|x86.ActiveCfg = ReleaseUS|Win32
		{81B330CA-3C56-4B1C-92BF-51B1CE1621F3}.ReleaseUS|x86.Build.0 = ReleaseUS|Win32
		{E56CB8F1-772D-4266-8239-14322A96F274}.Debug|x64.ActiveCfg = Debug|x64
		{E56CB8F1-772D-4266-8239-14322A96F274}.Debug|x64.Build.0 = Debug|x64
		{E56CB8F1-772D-4266-8239-14322A96F274}.Debug|x86.ActiveCfg = Debug|Win32
		{E56CB8F1-772D-4266-8239-14322A96F274}.Debug|x86.Build.0 = Debug|Win32
		{E56CB8F1-772D-4266-8239-14322A96F274}.DebugAD|x64.ActiveCfg = Debug|x64
		{E56CB8F1-772D-4266-8239-14322A96F274}.DebugAD|x64.Build.0 = Debug|x64
		{E56CB8F1-772D-4266-8239-14322A96F274}.DebugAD|x64.Deploy.0 = Debug|x64
		{E56CB8F1-772D-4266-8239-14322A96F274}.DebugAD|x86.ActiveCfg = Debug|Win32
		{E56CB8F1-772D-4266-8239-14322A96F274}.DebugAD|x86.Build.0 = Debug|Win32
		{E56CB8F1-772D-4266-8239-14322A96F274}.DebugAD|x86.Deploy.0 = Debug|Win32
		{E56CB8F1-772D-4266-8239-14322A96F274}.DebugAS|x64.ActiveCfg = Debug|x64
		{E56CB8F1-772D-4266-8239-14322A96F274}.DebugAS|x64.Build.0 = Debug|x64
		{E56CB8F1-772D-4266-8239-14322A96F274}.DebugAS|x64.Deploy.0 = Debug|x64
		{E56CB8F1-772D-4266-8239-14322A96F274}.DebugAS|x86.ActiveCfg = Debug|Win32
		{E56CB8F1-772D-4266-8239-14322A96F274}.DebugAS|x86.Build.0 = Debug|Win32
		{E56CB8F1-772D-4266-8239-14322A96F274}.DebugAS|x86.Deploy.0 = Debug|Win32
		{E56CB8F1-772D-4266-8239-14322A96F274}.DebugUD|x64.ActiveCfg = Debug|x64
		{E56CB8F1-772D-4266-8239-14322A96F274}.DebugUD|x64.Build.0 = Debug|x64
		{E56CB8F1-772D-4266-8239-14322A96F274}.DebugUD|x64.Deploy.0 = Debug|x64
		{E56CB8F1-772D-4266-8239-14322A96F274}.DebugUD|x86.ActiveCfg = Debug|Win32
		{E56CB8F1-772D-4266-8239-14322A96F274}.DebugUD|x86.Build.0 = Debug|Win32
		{E56CB8F1-772D-4266-8239-14322A96F274}.DebugUD|x86.Deploy.0 = Debug|Win32
		{E56CB8F1-772D-4266-8239-14322A96F274}.DebugUS|x64.ActiveCfg = Debug|x64
		{E56CB8F1-772D-4266-8239-14322A96F274}.DebugUS|x64.Build.0 = Debug|x64
		{E56CB8F1-772D-4266-8239-14322A96F274}.DebugUS|x64.Deploy.0 = Debug|x64
		{E56CB8F1-772D-4266-8239-14322A96F274}.DebugUS|x86.ActiveCfg = Debug|Win32
		{E56CB8F1-772D-4266-8239-14322A96F274}.DebugUS|x86.Build.0 = Debug|Win32
		{E56CB8F1-772D-4266-8239-14322A96F274}.DebugUS|x86.Deploy.0 = Debug|Win32
		{E56CB8F1-772D-4266-8239-14322A96F274}.Release|x64.ActiveCfg = ReleaseUS|x64
		{E56CB8F1-772D-4266-8239-14322A96F274}.Release|x64.Build.0 = ReleaseUS|x64
		{E56CB8F1-772D-4266-8239-14322A96F274}.Release|x86.ActiveCfg = ReleaseUS|Win32
		{E56CB8F1-772D-4266-8239-14322A96F274}.Release|x86.Build.0 = ReleaseUS|Win32
		{E56CB8F1-772D-4266-8239-14322A96F274}.ReleaseAD|x64.ActiveCfg = ReleaseUS|x64
		{E56CB8F1-772D-4266-8239-14322A96F274}.ReleaseAD|x64.Build.0 = ReleaseUS|x64
		{E56CB8F1-772D-4266-8239-14322A96F274}.ReleaseAD|x86.ActiveCfg = ReleaseUS|Win32
		{E56CB8F1-772D-4266-8239-14322A96F274}.ReleaseAD|x86.Build.0 = ReleaseUS|Win32
		{E56CB8F1-772D-4266-8239-14322A96F274}.ReleaseAS|x64.ActiveCfg = ReleaseUS|x64
		{E56CB8F1-772D-4266-8239-14322A96F274}.ReleaseAS|x64.Build.0 = ReleaseUS|x64
		{E56CB8F1-772D-4266-8239-14322A96F274}.ReleaseAS|x86.ActiveCfg = ReleaseUS|Win32
		{E56CB8F1-772D-4266-8239-14322A96F274}.ReleaseAS|x86.Build.0 = ReleaseUS|Win32
		{E56CB8F1-772D-4266-8239-14322A96F274}.ReleaseUD|x64.ActiveCfg = ReleaseUS|x64
		{E56CB8F1-772D-4266-8239-14322A96F274}.ReleaseUD|x64.Build.0 = ReleaseUS|x64
		{E56CB8F1-772D-4266-8239-14322A96F274}.ReleaseUD|x86.ActiveCfg = ReleaseUS|Win32
		{E56CB8F1-772D-4266-8239-14322A96F274}.ReleaseUD|x86.Build.0 = ReleaseUS|Win32
		{E56CB8F1-772D-4266-8239-14322A96F274}.ReleaseUS|x64.ActiveCfg = ReleaseUS|x64
		{E56CB8F1-772D-4266-8239-14322A96F274}.ReleaseUS|x64.Build.0 = ReleaseUS|x64
		{E56CB8F1-772D-4266-8239-14322A96F274}.ReleaseUS|x86.ActiveCfg = ReleaseUS|Win32
		{E56CB8F1-772D-4266-8239-14322A96F274}.ReleaseUS|x86.Build.0 = ReleaseUS|Win32
		{5AA7F006-4395-46E9-BBAC-DD0B20338FAE}.Debug|x64.ActiveCfg = Debug|x64
		{5AA7F006-4395-46E9-BBAC-DD0B20338FAE}.Debug|x64.Build.0 = Debug|x64
		{5AA7F006-4395-46E9-BBAC-DD0B20338FAE}.Debug|x86.ActiveCfg = Debug|Win32
		{5AA7F006-4395-46E9-BBAC-DD0B20338FAE}.Debug|x86.Build.0 = Debug|Win32
		{5AA7F006-4395-46E9-BBAC-DD0B20338FAE}.DebugAD|x64.ActiveCfg = Debug|x64
		{5AA7F006-4395-46E9-BBAC-DD0B20338FAE}.DebugAD|x64.Build.0 = Debug|x64
		{5AA7F006-4395-46E9-BBAC-DD0B20338FAE}.DebugAD|x64.Deploy.0 = Debug|x64
		{5AA7F006-4395-46E9-BBAC-DD0B20338FAE}.DebugAD|x86.ActiveCfg = Debug|Win32
		{5AA7F006-4395-46E9-BBAC-DD0B20338FAE}.DebugAD|x86.Build.0 = Debug|Win32
		{5AA7F006-4395-46E9-BBAC-DD0B20338FAE}.DebugAD|x86.Deploy.0 = Debug|Win32
		{5AA7F006-4395-46E9-BBAC-DD0B20338FAE}.DebugAS|x64.ActiveCfg = Debug|x64
		{5AA7F006-4395-46E9-BBAC-DD0B20338FAE}.DebugAS|x64.Build.0 = Debug|x64
		{5AA7F006-4395-46E9-BBAC-DD0B20338FAE}.DebugAS|x64.Deploy.0 = Debug|x64
		{5AA7F006-4395-46E9-BBAC-DD0B20338FAE}.DebugAS|x86.ActiveCfg = Debug|Win32
		{5AA7F006-4395-46E9-BBAC-DD0B20338FAE}.DebugAS|x86.Build.0 = Debug|Win32
		{5AA7F006-4395-46E9-BBAC-DD0B20338FAE}.DebugAS|x86.Deploy.0 = Debug|Win32
		{5AA7F006-4395-46E9-BBAC-DD0B20338FAE}.DebugUD|x64.ActiveCfg = Debug|x64
		{5AA7F006-4395-46E9-BBAC-DD0B20338FAE}.DebugUD|x64.Build.0 = Debug|x64
		{5AA7F006-4395-46E9-BBAC-DD0B20338FAE}.DebugUD|x64.Deploy.0 = Debug|x64
		{5AA7F006-4395-46E9-BBAC-DD0B20338FAE}.DebugUD|x86.ActiveCfg = Debug|Win32
		{5AA7F006-4395-46E9-BBAC-DD0B20338FAE}.DebugUD|x86.Build.0 = Debug|Win32
		{5AA7F006-4395-46E9-BBAC-DD0B20338FAE}.DebugUD|x86.Deploy.0 = Debug|Win32
		{5AA7F006-4395-46E9-BBAC-DD0B20338FAE}.DebugUS|x64.ActiveCfg = Debug|x64
		{5AA7F006-4395-46E9-BBAC-DD0B20338FAE}.DebugUS|x64.Build.0 = Debug|x64
		{5AA7F006-4395-46E9-BBAC-DD0B20338FAE}.DebugUS|x64.Deploy.0 = Debug|x64
		{5AA7F006-4395-46E9-BBAC-DD0B20338FAE}.DebugUS|x86.ActiveCfg = Debug|Win32
		{5AA7F006-4395-46E9-BBAC-DD0B20338FAE}.DebugUS|x86.Build.0 = Debug|Win32
		{5AA7F006-4395-46E9-BBAC-DD0B20338FAE}.DebugUS|x86.Deploy.0 = Debug|Win32
		{5AA7F006-4395-46E9-BBAC-DD0B20338FAE}.Release|x64.ActiveCfg = ReleaseUS|x64
		{5AA7F006-4395-46E9-BBAC-DD0B20338FAE}.Release|x64.Build.0 = ReleaseUS|x64
		{5AA7F006-4395-46E9-BBAC-DD0B20338FAE}.Release|x86.ActiveCfg = ReleaseUS|Win32
		{5AA7F006-4395-46E9-BBAC-DD0B20338FAE}.Release|x86.Build.0 = ReleaseUS|Win32
		{5AA7F006-4395-46E9-BBAC-DD0B20338FAE}.ReleaseAD|x64.ActiveCfg = ReleaseUS|x64
		{5AA7F006-4395-46E9-BBAC-DD0B20338FAE}.ReleaseAD|x64.Build.0 = ReleaseUS|x64
		{5AA7F006-4395-46E9-BBAC-DD0B20338FAE}.ReleaseAD|x86.ActiveCfg = ReleaseUS|Win32
		{5AA7F006-4395-46E9-BBAC-DD0B20338FAE}.ReleaseAD|x86.Build.0 = ReleaseUS|Win32
		{5AA7F006-4395-46E9-BBAC-DD0B20338FAE}.ReleaseAS|x64.ActiveCfg = ReleaseUS|x64
		{5AA7F006-4395-46E9-BBAC-DD0B20338FAE}.ReleaseAS|x64.Build.0 = ReleaseUS|x64
		{5AA7F006-4395-46E9-BBAC-DD0B20338FAE}.ReleaseAS|x86.ActiveCfg = ReleaseUS|Win32
		{5AA7F006-4395-46E9-BBAC-DD0B20338FAE}.ReleaseAS|x86.Build.0 = ReleaseUS|Win32
		{5AA7F006-4395-46E9-BBAC-DD0B20338FAE}.ReleaseUD|x64.ActiveCfg = ReleaseUS|x64
		{5AA7F006-4395-46E9-BBAC-DD0B20338FAE}.ReleaseUD|x64.Build.0 = ReleaseUS|x64
		{5AA7F006-4395-46E9-BBAC-DD0B20338FAE}.ReleaseUD|x86.ActiveCfg = ReleaseUS|Win32
		{5AA7F006-4395-46E9-BBAC-DD0B20338FAE}.ReleaseUD|x86.Build.0 = ReleaseUS|Win32
		{5AA7F006-4395-46E9-BBAC-DD0B20338FAE}.ReleaseUS|x64.ActiveCfg = ReleaseUS|x64
		{5AA7F006-4395-46E9-BBAC-DD0B20338FAE}.ReleaseUS|x64.Build.0 = ReleaseUS|x64
		{5AA7F006-4395-46E9-BBAC-DD0B20338FAE}.ReleaseUS|x86.ActiveCfg = ReleaseUS|Win32
		{5AA7F006-4395-46E9-BBAC-DD0B20338FAE}.ReleaseUS|x86.Build.0 = ReleaseUS|Win32
		{58027BAE-5B43-4B71-A34A-16491CD466CE}.Debug|x64.ActiveCfg = Debug|x64
		{58027BAE-5B43-4B71-A34A-16491CD466CE}.Debug|x64.Build.0 = Debug|x64
		{58027BAE-5B43-4B71-A34A-16491CD466CE}.Debug|x86.ActiveCfg = Debug|Win32
		{58027BAE-5B43-4B71-A34A-16491CD466CE}.Debug|x86.Build.0 = Debug|Win32
		{58027BAE-5B43-4B71-A34A-16491CD466CE}.DebugAD|x64.ActiveCfg = Debug|x64
		{58027BAE-5B43-4B71-A34A-16491CD466CE}.DebugAD|x64.Build.0 = Debug|x64
		{58027BAE-5B43-4B71-A34A-16491CD466CE}.DebugAD|x64.Deploy.0 = Debug|x64
		{58027BAE-5B43-4B71-A34A-16491CD466CE}.DebugAD|x86.ActiveCfg = Debug|Win32
		{58027BAE-5B43-4B71-A34A-16491CD466CE}.DebugAD|x86.Build.0 = Debug|Win32
		{58027BAE-5B43-4B71-A34A-16491CD466CE}.DebugAD|x86.Deploy.0 = Debug|Win32
		{58027BAE-5B43-4B71-A34A-16491CD466CE}.DebugAS|x64.ActiveCfg = Debug|x64
		{58027BAE-5B43-4B71-A34A-16491CD466CE}.DebugAS|x64.Build.0 = Debug|x64
		{58027BAE-5B43-4B71-A34A-16491CD466CE}.DebugAS|x64.Deploy.0 = Debug|x64
		{58027BAE-5B43-4B71-A34A-16491CD466CE}.DebugAS|x86.ActiveCfg = Debug|Win32
		{58027BAE-5B43-4B71-A34A-16491CD466CE}.DebugAS|x86.Build.0 = Debug|Win32
		{58027BAE-5B43-4B71-A34A-16491CD466CE}.DebugAS|x86.Deploy.0 = Debug|Win32
		{58027BAE-5B43-4B71-A34A-16491CD466CE}.DebugUD|x64.ActiveCfg = Debug|x64
		{58027BAE-5B43-4B71-A34A-16491CD466CE}.DebugUD|x64.Build.0 = Debug|x64
		{58027BAE-5B43-4B71-A34A-16491CD466CE}.DebugUD|x64.Deploy.0 = Debug|x64
		{58027BAE-5B43-4B71-A34A-16491CD466CE}.DebugUD|x86.ActiveCfg = Debug|Win32
		{58027BAE-5B43-4B71-A34A-16491CD466CE}.DebugUD|x86.Build.0 = Debug|Win32
		{58027BAE-5B43-4B71-A34A-16491CD466CE}.DebugUD|x86.Deploy.0 = Debug|Win32
		{58027BAE-5B43-4B71-A34A-16491CD466CE}.DebugUS|x64.ActiveCfg = Debug|x64
		{58027BAE-5B43-4B71-A34A-16491CD466CE}.DebugUS|x64.Build.0 = Debug|x64
		{58027BAE-5B43-4B71-A34A-16491CD466CE}.DebugUS|x64.Deploy.0 = Debug|x64
		{58027BAE-5B43-4B71-A34A-16491CD466CE}.DebugUS|x86.ActiveCfg = Debug|Win32
		{58027BAE-5B43-4B71-A34A-16491CD466CE}.DebugUS|x86.Build.0 = Debug|Win32
		{58027BAE-5B43-4B71-A34A-16491CD466CE}.DebugUS|x86.Deploy.0 = Debug|Win32
		{58027BAE-5B43-4B71-A34A-16491CD466CE}.Release|x64.ActiveCfg = ReleaseUS|x64
		{58027BAE-5B43-4B71-A34A-16491CD466CE}.Release|x64.Build.0 = ReleaseUS|x64
		{58027BAE-5B43-4B71-A34A-16491CD466CE}.Release|x86.ActiveCfg = ReleaseUS|Win32
		{58027BAE-5B43-4B71-A34A-16491CD466CE}.Release|x86.Build.0 = ReleaseUS|Win32
		{58027BAE-5B43-4B71-A34A-16491CD466CE}.ReleaseAD|x64.ActiveCfg = ReleaseUS|x64
		{58027BAE-5B43-4B71-A34A-16491CD466CE}.ReleaseAD|x64.Build.0 = ReleaseUS|x64
		{58027BAE-5B43-4B71-A34A-16491CD466CE}.ReleaseAD|x86.ActiveCfg = ReleaseUS|Win32
		{58027BAE-5B43-4B71-A34A-16491CD466CE}.ReleaseAD|x86.Build.0 = ReleaseUS|Win32
		{58027BAE-5B43-4B71-A34A-16491CD466CE}.ReleaseAS|x64.ActiveCfg = ReleaseUS|x64
		{58027BAE-5B43-4B71-A34A-16491CD466CE}.ReleaseAS|x64.Build.0 = ReleaseUS|x64
		{58027BAE-5B43-4B71-A34A-16491CD466CE}.ReleaseAS|x86.ActiveCfg = ReleaseUS|Win32
		{58027BAE-5B43-4B71-A34A-16491CD466CE}.ReleaseAS|x86.Build.0 = ReleaseUS|Win32
		{58027BAE-5B43-4B71-A34A-16491CD466CE}.ReleaseUD|x64.ActiveCfg = ReleaseUS|x64
		{58027BAE-5B43-4B71-A34A-16491CD466CE}.ReleaseUD|x64.Build.0 = ReleaseUS|x64
		{58027BAE-5B43-4B71-A34A-16491CD466CE}.ReleaseUD|x86.ActiveCfg = ReleaseUS|Win32
		{58027BAE-5B43-4B71-A34A-16491CD466CE}.ReleaseUD|x86.Build.0 = ReleaseUS|Win32
		{58027BAE-5B43-4B71-A34A-16491CD466CE}.ReleaseUS|x64.ActiveCfg = ReleaseUS|x64
		{58027BAE-5B43-4B71-A34A-16491CD466CE}.ReleaseUS|x64.Build.0 = ReleaseUS|x64
		{58027BAE-5B43-4B71-A34A-16491CD466CE}.ReleaseUS|x86.ActiveCfg = ReleaseUS|Win32
		{58027BAE-5B43-4B71-A34A-16491CD466CE}.ReleaseUS|x86.Build.0 = ReleaseUS|Win32
		{0B7F9D23-A773-4EA5-80A5-C141D3E884EC}.Debug|x64.ActiveCfg = Debug|x64
		{0B7F9D23-A773-4EA5-80A5-C141D3E884EC}.Debug|x64.Build.0 = Debug|x64
		{0B7F9D23-A773-4EA5-80A5-C141D3E884EC}.Debug|x86.ActiveCfg = Debug|Win32
		{0B7F9D23-A773-4EA5-80A5-C141D3E884EC}.Debug|x86.Build.0 = Debug|Win32
		{0B7F9D23-A773-4EA5-80A5-C141D3E884EC}.DebugAD|x64.ActiveCfg = Debug|x64
		{0B7F9D23-A773-4EA5-80A5-C141D3E884EC}.DebugAD|x64.Build.0 = Debug|x64
		{0B7F9D23-A773-4EA5-80A5-C141D3E884EC}.DebugAD|x64.Deploy.0 = Debug|x64
		{0B7F9D23-A773-4EA5-80A5-C141D3E884EC}.DebugAD|x86.ActiveCfg = Debug|Win32
		{0B7F9D23-A773-4EA5-80A5-C141D3E884EC}.DebugAD|x86.Build.0 = Debug|Win32
		{0B7F9D23-A773-4EA5-80A5-C141D3E884EC}.DebugAD|x86.Deploy.0 = Debug|Win32
		{0B7F9D23-A773-4EA5-80A5-C141D3E884EC}.DebugAS|x64.ActiveCfg = Debug|x64
		{0B7F9D23-A773-4EA5-80A5-C141D3E884EC}.DebugAS|x64.Build.0 = Debug|x64
		{0B7F9D23-A773-4EA5-80A5-C141D3E884EC}.DebugAS|x64.Deploy.0 = Debug|x64
		{0B7F9D23-A773-4EA5-80A5-C141D3E884EC}.DebugAS|x86.ActiveCfg = Debug|Win32
		{0B7F9D23-A773-4EA5-80A5-C141D3E884EC}.DebugAS|x86.Build.0 = Debug|Win32
		{0B7F9D23-A773-4EA5-80A5-C141D3E884EC}.DebugAS|x86.Deploy.0 = Debug|Win32
		{0B7F9D23-A773-4EA5-80A5-C141D3E884EC}.DebugUD|x64.ActiveCfg = Debug|x64
		{0B7F9D23-A773-4EA5-80A5-C141D3E884EC}.DebugUD|x64.Build.0 = Debug|x64
		{0B7F9D23-A773-4EA5-80A5-C141D3E884EC}.DebugUD|x64.Deploy.0 = Debug|x64
		{0B7F9D23-A773-4EA5-80A5-C141D3E884EC}.DebugUD|x86.ActiveCfg = Debug|Win32
		{0B7F9D23-A773-4EA5-80A5-C141D3E884EC}.DebugUD|x86.Build.0 = Debug|Win32
		{0B7F9D23-A773-4EA5-80A5-C141D3E884EC}.DebugUD|x86.Deploy.0 = Debug|Win32
		{0B7F9D23-A773-4EA5-80A5-C141D3E884EC}.DebugUS|x64.ActiveCfg = Debug|x64
		{0B7F9D23-A773-4EA5-80A5-C141D3E884EC}.DebugUS|x64.Build.0 = Debug|x64
		{0B7F9D23-A773-4EA5-80A5-C141D3E884EC}.DebugUS|x64.Deploy.0 = Debug|x64
		{0B7F9D23-A773-4EA5-80A5-C141D3E884EC}.DebugUS|x86.ActiveCfg = Debug|Win32
		{0B7F9D23-A773-4EA5-80A5-C141D3E884EC}.DebugUS|x86.Build.0 = Debug|Win32
		{0B7F9D23-A773-4EA5-80A5-C141D3E884EC}.DebugUS|x86.Deploy.0 = Debug|Win32
		{0B7F9D23-A773-4EA5-80A5-C141D3E884EC}.Release|x64.ActiveCfg = ReleaseUS|x64
		{0B7F9D23-A773-4EA5-80A5-C141D3E884EC}.Release|x64.Build.0 = ReleaseUS|x64
		{0B7F9D23-A773-4EA5-80A5-C141D3E884EC}.Release|x86.ActiveCfg = ReleaseUS|Win32
		{0B7F9D23-A773-4EA5-80A5-C141D3E884EC}.Release|x86.Build.0 = ReleaseUS|Win32
		{0B7F9D23-A773-4EA5-80A5-C141D3E884EC}.ReleaseAD|x64.ActiveCfg = ReleaseUS|x64
		{0B7F9D23-A773-4EA5-80A5-C141D3E884EC}.ReleaseAD|x64.Build.0 = ReleaseUS|x64
		{0B7F9D23-A773-4EA5-80A5-C141D3E884EC}.ReleaseAD|x86.ActiveCfg = ReleaseUS|Win32
		{0B7F9D23-A773-4EA5-80A5-C141D3E884EC}.ReleaseAD|x86.Build.0 = ReleaseUS|Win32
		{0B7F9D23-A773-4EA5-80A5-C141D3E884EC}.ReleaseAS|x64.ActiveCfg = ReleaseUS|x64
		{0B7F9D23-A773-4EA5-80A5-C141D3E884EC}.ReleaseAS|x64.Build.0 = ReleaseUS|x64
		{0B7F9D23-A773-4EA5-80A5-C141D3E884EC}.ReleaseAS|x86.ActiveCfg = ReleaseUS|Win32
		{0B7F9D23-A773-4EA5-80A5-C141D3E884EC}.ReleaseAS|x86.Build.0 = ReleaseUS|Win32
		{0B7F9D23-A773-4EA5-80A5-C141D3E884EC}.ReleaseUD|x64.ActiveCfg = ReleaseUS|x64
		{0B7F9D23-A773-4EA5-80A5-C141D3E884EC}.ReleaseUD|x64.Build.0 = ReleaseUS|x64
		{0B7F9D23-A773-4EA5-80A5-C141D3E884EC}.ReleaseUD|x86.ActiveCfg = ReleaseUS|Win32
		{0B7F9D23-A773-4EA5-80A5-C141D3E884EC}.ReleaseUD|x86.Build.0 = ReleaseUS|Win32
		{0B7F9D23-A773-4EA5-80A5-C141D3E884EC}.ReleaseUS|x64.ActiveCfg = ReleaseUS|x64
		{0B7F9D23-A773-4EA5-80A5-C141D3E884EC}.ReleaseUS|x64.Build.0 = ReleaseUS|x64
		{0B7F9D23-A773-4EA5-80A5-C141D3E884EC}.ReleaseUS|x86.ActiveCfg = ReleaseUS|Win32
		{0B7F9D23-A773-4EA5-80A5-C141D3E884EC}.ReleaseUS|x86.Build.0 = ReleaseUS|Win32
		{638FFF8C-4207-4DDB-8DB8-874097F0F997}.Debug|x64.ActiveCfg = Debug|x64
		{638FFF8C-4207-4DDB-8DB8-874097F0F997}.Debug|x64.Build.0 = Debug|x64
		{638FFF8C-4207-4DDB-8DB8-874097F0F997}.Debug|x86.ActiveCfg = Debug|Win32
		{638FFF8C-4207-4DDB-8DB8-874097F0F997}.Debug|x86.Build.0 = Debug|Win32
		{638FFF8C-4207-4DDB-8DB8-874097F0F997}.DebugAD|x64.ActiveCfg = Debug|x64
		{638FFF8C-4207-4DDB-8DB8-874097F0F997}.DebugAD|x64.Build.0 = Debug|x64
		{638FFF8C-4207-4DDB-8DB8-874097F0F997}.DebugAD|x64.Deploy.0 = Debug|x64
		{638FFF8C-4207-4DDB-8DB8-874097F0F997}.DebugAD|x86.ActiveCfg = Debug|Win32
		{638FFF8C-4207-4DDB-8DB8-874097F0F997}.DebugAD|x86.Build.0 = Debug|Win32
		{638FFF8C-4207-4DDB-8DB8-874097F0F997}.DebugAD|x86.Deploy.0 = Debug|Win32
		{638FFF8C-4207-4DDB-8DB8-874097F0F997}.DebugAS|x64.ActiveCfg = Debug|x64
		{638FFF8C-4207-4DDB-8DB8-874097F0F997}.DebugAS|x64.Build.0 = Debug|x64
		{638FFF8C-4207-4DDB-8DB8-874097F0F997}.DebugAS|x64.Deploy.0 = Debug|x64
		{638FFF8C-4207-4DDB-8DB8-874097F0F997}.DebugAS|x86.ActiveCfg = Debug|Win32
		{638FFF8C-4207-4DDB-8DB8-874097F0F997}.DebugAS|x86.Build.0 = Debug|Win32
		{638FFF8C-4207-4DDB-8DB8-874097F0F997}.DebugAS|x86.Deploy.0 = Debug|Win32
		{638FFF8C-4207-4DDB-8DB8-874097F0F997}.DebugUD|x64.ActiveCfg = Debug|x64
		{638FFF8C-4207-4DDB-8DB8-874097F0F997}.DebugUD|x64.Build.0 = Debug|x64
		{638FFF8C-4207-4DDB-8DB8-874097F0F997}.DebugUD|x64.Deploy.0 = Debug|x64
		{638FFF8C-4207-4DDB-8DB8-874097F0F997}.DebugUD|x86.ActiveCfg = Debug|Win32
		{638FFF8C-4207-4DDB-8DB8-874097F0F997}.DebugUD|x86.Build.0 = Debug|Win32
		{638FFF8C-4207-4DDB-8DB8-874097F0F997}.DebugUD|x86.Deploy.0 = Debug|Win32
		{638FFF8C-4207-4DDB-8DB8-874097F0F997}.DebugUS|x64.ActiveCfg = Debug|x64
		{638FFF8C-4207-4DDB-8DB8-874097F0F997}.DebugUS|x64.Build.0 = Debug|x64
		{638FFF8C-4207-4DDB-8DB8-874097F0F997}.DebugUS|x64.Deploy.0 = Debug|x64
		{638FFF8C-4207-4DDB-8DB8-874097F0F997}.DebugUS|x86.ActiveCfg = Debug|Win32
		{638FFF8C-4207-4DDB-8DB8-874097F0F997}.DebugUS|x86.Build.0 = Debug|Win32
		{638FFF8C-4207-4DDB-8DB8-874097F0F997}.DebugUS|x86.Deploy.0 = Debug|Win32
		{638FFF8C-4207-4DDB-8DB8-874097F0F997}.Release|x64.ActiveCfg = ReleaseUS|x64
		{638FFF8C-4207-4DDB-8DB8-874097F0F997}.Release|x64.Build.0 = ReleaseUS|x64
		{638FFF8C-4207-4DDB-8DB8-874097F0F997}.Release|x86.ActiveCfg = ReleaseUS|Win32
		{638FFF8C-4207-4DDB-8DB8-874097F0F997}.Release|x86.Build.0 = ReleaseUS|Win32
		{638FFF8C-4207-4DDB-8DB8-874097F0F997}.ReleaseAD|x64.ActiveCfg = ReleaseUS|x64
		{638FFF8C-4207-4DDB-8DB8-874097F0F997}.ReleaseAD|x64.Build.0 = ReleaseUS|x64
		{638FFF8C-4207-4DDB-8DB8-874097F0F997}.ReleaseAD|x86.ActiveCfg = ReleaseUS|Win32
		{638FFF8C-4207-4DDB-8DB8-874097F0F997}.ReleaseAD|x86.Build.0 = ReleaseUS|Win32
		{638FFF8C-4207-4DDB-8DB8-874097F0F997}.ReleaseAS|x64.ActiveCfg = ReleaseUS|x64
		{638FFF8C-4207-4DDB-8DB8-874097F0F997}.ReleaseAS|x64.Build.0 = ReleaseUS|x64
		{638FFF8C-4207-4DDB-8DB8-874097F0F997}.ReleaseAS|x86.ActiveCfg = ReleaseUS|Win32
		{638FFF8C-4207-4DDB-8DB8-874097F0F997}.ReleaseAS|x86.Build.0 = ReleaseUS|Win32
		{638FFF8C-4207-4DDB-8DB8-874097F0F997}.ReleaseUD|x64.ActiveCfg = ReleaseUS|x64
		{638FFF8C-4207-4DDB-8DB8-874097F0F997}.ReleaseUD|x64.Build.0 = ReleaseUS|x64
		{638FFF8C-4207-4DDB-8DB8-874097F0F997}.ReleaseUD|x86.ActiveCfg = ReleaseUS|Win32
		{638FFF8C-4207-4DDB-8DB8-874097F0F997}.ReleaseUD|x86.Build.0 = ReleaseUS|Win32
		{638FFF8C-4207-4DDB-8DB8-874097F0F997}.ReleaseUS|x64.ActiveCfg = ReleaseUS|x64
		{638FFF8C-4207-4DDB-8DB8-874097F0F997}.ReleaseUS|x64.Build.0 = ReleaseUS|x64
		{638FFF8C-4207-4DDB-8DB8-874097F0F997}.ReleaseUS|x86.ActiveCfg = ReleaseUS|Win32
		{638FFF8C-4207-4DDB-8DB8-874097F0F997}.ReleaseUS|x86.Build.0 = ReleaseUS|Win32
		{7357DEBC-F4E5-4C6F-B1DA-9459609BCEED}.Debug|x64.ActiveCfg = Debug|x64
		{7357DEBC-F4E5-4C6F-B1DA-9459609BCEED}.Debug|x64.Build.0 = Debug|x64
		{7357DEBC-F4E5-4C6F-B1DA-9459609BCEED}.Debug|x86.ActiveCfg = Debug|Win32
		{7357DEBC-F4E5-4C6F-B1DA-9459609BCEED}.Debug|x86.Build.0 = Debug|Win32
		{7357DEBC-F4E5-4C6F-B1DA-9459609BCEED}.DebugAD|x64.ActiveCfg = Debug|x64
		{7357DEBC-F4E5-4C6F-B1DA-9459609BCEED}.DebugAD|x64.Build.0 = Debug|x64
		{7357DEBC-F4E5-4C6F-B1DA-9459609BCEED}.DebugAD|x64.Deploy.0 = Debug|x64
		{7357DEBC-F4E5-4C6F-B1DA-9459609BCEED}.DebugAD|x86.ActiveCfg = Debug|Win32
		{7357DEBC-F4E5-4C6F-B1DA-9459609BCEED}.DebugAD|x86.Build.0 = Debug|Win32
		{7357DEBC-F4E5-4C6F-B1DA-9459609BCEED}.DebugAD|x86.Deploy.0 = Debug|Win32
		{7357DEBC-F4E5-4C6F-B1DA-9459609BCEED}.DebugAS|x64.ActiveCfg = Debug|x64
		{7357DEBC-F4E5-4C6F-B1DA-9459609BCEED}.DebugAS|x64.Build.0 = Debug|x64
		{7357DEBC-F4E5-4C6F-B1DA-9459609BCEED}.DebugAS|x64.Deploy.0 = Debug|x64
		{7357DEBC-F4E5-4C6F-B1DA-9459609BCEED}.DebugAS|x86.ActiveCfg = Debug|Win32
		{7357DEBC-F4E5-4C6F-B1DA-9459609BCEED}.DebugAS|x86.Build.0 = Debug|Win32
		{7357DEBC-F4E5-4C6F-B1DA-9459609BCEED}.DebugAS|x86.Deploy.0 = Debug|Win32
		{7357DEBC-F4E5-4C6F-B1DA-9459609BCEED}.DebugUD|x64.ActiveCfg = Debug|x64
		{7357DEBC-F4E5-4C6F-B1DA-9459609BCEED}.DebugUD|x64.Build.0 = Debug|x64
		{7357DEBC-F4E5-4C6F-B1DA-9459609BCEED}.DebugUD|x64.Deploy.0 = Debug|x64
		{7357DEBC-F4E5-4C6F-B1DA-9459609BCEED}.DebugUD|x86.ActiveCfg = Debug|Win32
		{7357DEBC-F4E5-4C6F-B1DA-9459609BCEED}.DebugUD|x86.Build.0 = Debug|Win32
		{7357DEBC-F4E5-4C6F-B1DA-9459609BCEED}.DebugUD|x86.Deploy.0 = Debug|Win32
		{7357DEBC-F4E5-4C6F-B1DA-9459609BCEED}.DebugUS|x64.ActiveCfg = Debug|x64
		{7357DEBC-F4E5-4C6F-B1DA-9459609BCEED}.DebugUS|x64.Build.0 = Debug|x64
		{7357DEBC-F4E5-4C6F-B1DA-9459609BCEED}.DebugUS|x64.Deploy.0 = Debug|x64
		{7357DEBC-F4E5-4C6F-B1DA-9459609BCEED}.DebugUS|x86.ActiveCfg = Debug|Win32
		{7357DEBC-F4E5-4C6F-B1DA-9459609BCEED}.DebugUS|x86.Build.0 = Debug|Win32
		{7357DEBC-F4E5-4C6F-B1DA-9459609BCEED}.DebugUS|x86.Deploy.0 = Debug|Win32
		{7357DEBC-F4E5-4C6F-B1DA-9459609BCEED}.Release|x64.ActiveCfg = ReleaseUS|x64
		{7357DEBC-F4E5-4C6F-B1DA-9459609BCEED}.Release|x64.Build.0 = ReleaseUS|x64
		{7357DEBC-F4E5-4C6F-B1DA-9459609BCEED}.Release|x86.ActiveCfg = ReleaseUS|Win32
		{7357DEBC-F4E5-4C6F-B1DA-9459609BCEED}.Release|x86.Build.0 = ReleaseUS|Win32
		{7357DEBC-F4E5-4C6F-B1DA-9459609BCEED}.ReleaseAD|x64.ActiveCfg = ReleaseUS|x64
		{7357DEBC-F4E5-4C6F-B1DA-9459609BCEED}.ReleaseAD|x64.Build.0 = ReleaseUS|x64
		{7357DEBC-F4E5-4C6F-B1DA-9459609BCEED}.ReleaseAD|x86.ActiveCfg = ReleaseUS|Win32
		{7357DEBC-F4E5-4C6F-B1DA-9459609BCEED}.ReleaseAD|x86.Build.0 = ReleaseUS|Win32
		{7357DEBC-F4E5-4C6F-B1DA-9459609BCEED}.ReleaseAS|x64.ActiveCfg = ReleaseUS|x64
		{7357DEBC-F4E5-4C6F-B1DA-9459609BCEED}.ReleaseAS|x64.Build.0 = ReleaseUS|x64
		{7357DEBC-F4E5-4C6F-B1DA-9459609BCEED}.ReleaseAS|x86.ActiveCfg = ReleaseUS|Win32
		{7357DEBC-F4E5-4C6F-B1DA-9459609BCEED}.ReleaseAS|x86.Build.0 = ReleaseUS|Win32
		{7357DEBC-F4E5-4C6F-B1DA-9459609BCEED}.ReleaseUD|x64.ActiveCfg = ReleaseUS|x64
		{7357DEBC-F4E5-4C6F-B1DA-9459609BCEED}.ReleaseUD|x64.Build.0 = ReleaseUS|x64
		{7357DEBC-F4E5-4C6F-B1DA-9459609BCEED}.ReleaseUD|x86.ActiveCfg = ReleaseUS|Win32
		{7357DEBC-F4E5-4C6F-B1DA-9459609BCEED}.ReleaseUD|x86.Build.0 = ReleaseUS|Win32
		{7357DEBC-F4E5-4C6F-B1DA-9459609BCEED}.ReleaseUS|x64.ActiveCfg = ReleaseUS|x64
		{7357DEBC-F4E5-4C6F-B1DA-9459609BCEED}.ReleaseUS|x64.Build.0 = ReleaseUS|x64
		{7357DEBC-F4E5-4C6F-B1DA-9459609BCEED}.ReleaseUS|x86.ActiveCfg = ReleaseUS|Win32
		{7357DEBC-F4E5-4C6F-B1DA-9459609BCEED}.ReleaseUS|x86.Build.0 = ReleaseUS|Win32
		{FD9A1689-E34A-4A77-B6DD-4DECAB6AFB2C}.Debug|x64.ActiveCfg = Debug|x64
		{FD9A1689-E34A-4A77-B6DD-4DECAB6AFB2C}.Debug|x64.Build.0 = Debug|x64
		{FD9A1689-E34A-4A77-B6DD-4DECAB6AFB2C}.Debug|x86.ActiveCfg = Debug|Win32
		{FD9A1689-E34A-4A77-B6DD-4DECAB6AFB2C}.Debug|x86.Build.0 = Debug|Win32
		{FD9A1689-E34A-4A77-B6DD-4DECAB6AFB2C}.DebugAD|x64.ActiveCfg = Debug|x64
		{FD9A1689-E34A-4A77-B6DD-4DECAB6AFB2C}.DebugAD|x64.Build.0 = Debug|x64
		{FD9A1689-E34A-4A77-B6DD-4DECAB6AFB2C}.DebugAD|x64.Deploy.0 = Debug|x64
		{FD9A1689-E34A-4A77-B6DD-4DECAB6AFB2C}.DebugAD|x86.ActiveCfg = Debug|Win32
		{FD9A1689-E34A-4A77-B6DD-4DECAB6AFB2C}.DebugAD|x86.Build.0 = Debug|Win32
		{FD9A1689-E34A-4A77-B6DD-4DECAB6AFB2C}.DebugAD|x86.Deploy.0 = Debug|Win32
		{FD9A1689-E34A-4A77-B6DD-4DECAB6AFB2C}.DebugAS|x64.ActiveCfg = Debug|x64
		{FD9A1689-E34A-4A77-B6DD-4DECAB6AFB2C}.DebugAS|x64.Build.0 = Debug|x64
		{FD9A1689-E34A-4A77-B6DD-4DECAB6AFB2C}.DebugAS|x64.Deploy.0 = Debug|x64
		{FD9A1689-E34A-4A77-B6DD-4DECAB6AFB2C}.DebugAS|x86.ActiveCfg = Debug|Win32
		{FD9A1689-E34A-4A77-B6DD-4DECAB6AFB2C}.DebugAS|x86.Build.0 = Debug|Win32
		{FD9A1689-E34A-4A77-B6DD-4DECAB6AFB2C}.DebugAS|x86.Deploy.0 = Debug|Win32
		{FD9A1689-E34A-4A77-B6DD-4DECAB6AFB2C}.DebugUD|x64.ActiveCfg = Debug|x64
		{FD9A1689-E34A-4A77-B6DD-4DECAB6AFB2C}.DebugUD|x64.Build.0 = Debug|x64
		{FD9A1689-E34A-4A77-B6DD-4DECAB6AFB2C}.DebugUD|x64.Deploy.0 = Debug|x64
		{FD9A1689-E34A-4A77-B6DD-4DECAB6AFB2C}.DebugUD|x86.ActiveCfg = Debug|Win32
		{FD9A1689-E34A-4A77-B6DD-4DECAB6AFB2C}.DebugUD|x86.Build.0 = Debug|Win32
		{FD9A1689-E34A-4A77-B6DD-4DECAB6AFB2C}.DebugUD|x86.Deploy.0 = Debug|Win32
		{FD9A1689-E34A-4A77-B6DD-4DECAB6AFB2C}.DebugUS|x64.ActiveCfg = Debug|x64
		{FD9A1689-E34A-4A77-B6DD-4DECAB6AFB2C}.DebugUS|x64.Build.0 = Debug|x64
		{FD9A1689-E34A-4A77-B6DD-4DECAB6AFB2C}.DebugUS|x64.Deploy.0 = Debug|x64
		{FD9A1689-E34A-4A77-B6DD-4DECAB6AFB2C}.DebugUS|x86.ActiveCfg = Debug|Win32
		{FD9A1689-E34A-4A77-B6DD-4DECAB6AFB2C}.DebugUS|x86.Build.0 = Debug|Win32
		{FD9A1689-E34A-4A77-B6DD-4DECAB6AFB2C}.DebugUS|x86.Deploy.0 = Debug|Win32
		{FD9A1689-E34A-4A77-B6DD-4DECAB6AFB2C}.Release|x64.ActiveCfg = ReleaseUS|x64
		{FD9A1689-E34A-4A77-B6DD-4DECAB6AFB2C}.Release|x64.Build.0 = ReleaseUS|x64
		{FD9A1689-E34A-4A77-B6DD-4DECAB6AFB2C}.Release|x86.ActiveCfg = ReleaseUS|Win32
		{FD9A1689-E34A-4A77-B6DD-4DECAB6AFB2C}.Release|x86.Build.0 = ReleaseUS|Win32
		{FD9A1689-E34A-4A77-B6DD-4DECAB6AFB2C}.ReleaseAD|x64.ActiveCfg = ReleaseUS|x64
		{FD9A1689-E34A-4A77-B6DD-4DECAB6AFB2C}.ReleaseAD|x64.Build.0 = ReleaseUS|x64
		{FD9A1689-E34A-4A77-B6DD-4DECAB6AFB2C}.ReleaseAD|x86.ActiveCfg = ReleaseUS|Win32
		{FD9A1689-E34A-4A77-B6DD-4DECAB6AFB2C}.ReleaseAD|x86.Build.0 = ReleaseUS|Win32
		{FD9A1689-E34A-4A77-B6DD-4DECAB6AFB2C}.ReleaseAS|x64.ActiveCfg = ReleaseUS|x64
		{FD9A1689-E34A-4A77-B6DD-4DECAB6AFB2C}.ReleaseAS|x64.Build.0 = ReleaseUS|x64
		{FD9A1689-E34A-4A77-B6DD-4DECAB6AFB2C}.ReleaseAS|x86.ActiveCfg = ReleaseUS|Win32
		{FD9A1689-E34A-4A77-B6DD-4DECAB6AFB2C}.ReleaseAS|x86.Build.0 = ReleaseUS|Win32
		{FD9A1689-E34A-4A77-B6DD-4DECAB6AFB2C}.ReleaseUD|x64.ActiveCfg = ReleaseUS|x64
		{FD9A1689-E34A-4A77-B6DD-4DECAB6AFB2C}.ReleaseUD|x64.Build.0 = ReleaseUS|x64
		{FD9A1689-E34A-4A77-B6DD-4DECAB6AFB2C}.ReleaseUD|x86.ActiveCfg = ReleaseUS|Win32
		{FD9A1689-E34A-4A77-B6DD-4DECAB6AFB2C}.ReleaseUD|x86.Build.0 = ReleaseUS|Win32
		{FD9A1689-E34A-4A77-B6DD-4DECAB6AFB2C}.ReleaseUS|x64.ActiveCfg = ReleaseUS|x64
		{FD9A1689-E34A-4A77-B6DD-4DECAB6AFB2C}.ReleaseUS|x64.Build.0 = ReleaseUS|x64
		{FD9A1689-E34A-4A77-B6DD-4DECAB6AFB2C}.ReleaseUS|x86.ActiveCfg = ReleaseUS|Win32
		{FD9A1689-E34A-4A77-B6DD-4DECAB6AFB2C}.ReleaseUS|x86.Build.0 = ReleaseUS|Win32
		{78424708-1F6E-4D4B-920C-FB6D26847055}.Debug|x64.ActiveCfg = DebugUD|x64
		{78424708-1F6E-4D4B-920C-FB6D26847055}.Debug|x64.Build.0 = DebugUD|x64
		{78424708-1F6E-4D4B-920C-FB6D26847055}.Debug|x86.ActiveCfg = DebugUD|Win32
		{78424708-1F6E-4D4B-920C-FB6D26847055}.Debug|x86.Build.0 = DebugUD|Win32
		{78424708-1F6E-4D4B-920C-FB6D26847055}.DebugAD|x64.ActiveCfg = DebugAD|x64
		{78424708-1F6E-4D4B-920C-FB6D26847055}.DebugAD|x64.Build.0 = DebugAD|x64
		{78424708-1F6E-4D4B-920C-FB6D26847055}.DebugAD|x86.ActiveCfg = DebugAD|Win32
		{78424708-1F6E-4D4B-920C-FB6D26847055}.DebugAD|x86.Build.0 = DebugAD|Win32
		{78424708-1F6E-4D4B-920C-FB6D26847055}.DebugAS|x64.ActiveCfg = DebugAS|x64
		{78424708-1F6E-4D4B-920C-FB6D26847055}.DebugAS|x64.Build.0 = DebugAS|x64
		{78424708-1F6E-4D4B-920C-FB6D26847055}.DebugAS|x86.ActiveCfg = DebugAS|Win32
		{78424708-1F6E-4D4B-920C-FB6D26847055}.DebugAS|x86.Build.0 = DebugAS|Win32
		{78424708-1F6E-4D4B-920C-FB6D26847055}.DebugUD|x64.ActiveCfg = DebugUD|x64
		{78424708-1F6E-4D4B-920C-FB6D26847055}.DebugUD|x64.Build.0 = DebugUD|x64
		{78424708-1F6E-4D4B-920C-FB6D26847055}.DebugUD|x86.ActiveCfg = DebugUD|Win32
		{78424708-1F6E-4D4B-920C-FB6D26847055}.DebugUD|x86.Build.0 = DebugUD|Win32
		{78424708-1F6E-4D4B-920C-FB6D26847055}.DebugUS|x64.ActiveCfg = DebugUS|x64
		{78424708-1F6E-4D4B-920C-FB6D26847055}.DebugUS|x64.Build.0 = DebugUS|x64
		{78424708-1F6E-4D4B-920C-FB6D26847055}.DebugUS|x86.ActiveCfg = DebugUS|Win32
		{78424708-1F6E-4D4B-920C-FB6D26847055}.DebugUS|x86.Build.0 = DebugUS|Win32
		{78424708-1F6E-4D4B-920C-FB6D26847055}.Release|x64.ActiveCfg = ReleaseUS|x64
		{78424708-1F6E-4D4B-920C-FB6D26847055}.Release|x64.Build.0 = ReleaseUS|x64
		{78424708-1F6E-4D4B-920C-FB6D26847055}.Release|x86.ActiveCfg = ReleaseUS|Win32
		{78424708-1F6E-4D4B-920C-FB6D26847055}.Release|x86.Build.0 = ReleaseUS|Win32
		{78424708-1F6E-4D4B-920C-FB6D26847055}.ReleaseAD|x64.ActiveCfg = ReleaseAD|x64
		{78424708-1F6E-4D4B-920C-FB6D26847055}.ReleaseAD|x64.Build.0 = ReleaseAD|x64
		{78424708-1F6E-4D4B-920C-FB6D26847055}.ReleaseAD|x86.ActiveCfg = ReleaseAD|Win32
		{78424708-1F6E-4D4B-920C-FB6D26847055}.ReleaseAD|x86.Build.0 = ReleaseAD|Win32
		{78424708-1F6E-4D4B-920C-FB6D26847055}.ReleaseAS|x64.ActiveCfg = ReleaseAS|x64
		{78424708-1F6E-4D4B-920C-FB6D26847055}.ReleaseAS|x64.Build.0 = ReleaseAS|x64
		{78424708-1F6E-4D4B-920C-FB6D26847055}.ReleaseAS|x86.ActiveCfg = ReleaseAS|Win32
		{78424708-1F6E-4D4B-920C-FB6D26847055}.ReleaseAS|x86.Build.0 = ReleaseAS|Win32
		{78424708-1F6E-4D4B-920C-FB6D26847055}.ReleaseUD|x64.ActiveCfg = ReleaseUD|x64
		{78424708-1F6E-4D4B-920C-FB6D26847055}.ReleaseUD|x64.Build.0 = ReleaseUD|x64
		{78424708-1F6E-4D4B-920C-FB6D26847055}.ReleaseUD|x86.ActiveCfg = ReleaseUD|Win32
		{78424708-1F6E-4D4B-920C-FB6D26847055}.ReleaseUD|x86.Build.0 = ReleaseUD|Win32
		{78424708-1F6E-4D4B-920C-FB6D26847055}.ReleaseUS|x64.ActiveCfg = ReleaseUS|x64
		{78424708-1F6E-4D4B-920C-FB6D26847055}.ReleaseUS|x64.Build.0 = ReleaseUS|x64
		{78424708-1F6E-4D4B-920C-FB6D26847055}.ReleaseUS|x86.ActiveCfg = ReleaseUS|Win32
		{78424708-1F6E-4D4B-920C-FB6D26847055}.ReleaseUS|x86.Build.0 = ReleaseUS|Win32
		{73C0A65B-D1F2-4DE1-B3A6-15DAD2C23F3D}.Debug|x64.ActiveCfg = Debug|x64
		{73C0A65B-D1F2-4DE1-B3A6-15DAD2C23F3D}.Debug|x64.Build.0 = Debug|x64
		{73C0A65B-D1F2-4DE1-B3A6-15DAD2C23F3D}.Debug|x86.ActiveCfg = Debug|Win32
		{73C0A65B-D1F2-4DE1-B3A6-15DAD2C23F3D}.Debug|x86.Build.0 = Debug|Win32
		{73C0A65B-D1F2-4DE1-B3A6-15DAD2C23F3D}.DebugAD|x64.ActiveCfg = Debug|x64
		{73C0A65B-D1F2-4DE1-B3A6-15DAD2C23F3D}.DebugAD|x64.Build.0 = Debug|x64
		{73C0A65B-D1F2-4DE1-B3A6-15DAD2C23F3D}.DebugAD|x86.ActiveCfg = Debug|Win32
		{73C0A65B-D1F2-4DE1-B3A6-15DAD2C23F3D}.DebugAD|x86.Build.0 = Debug|Win32
		{73C0A65B-D1F2-4DE1-B3A6-15DAD2C23F3D}.DebugAS|x64.ActiveCfg = Debug|x64
		{73C0A65B-D1F2-4DE1-B3A6-15DAD2C23F3D}.DebugAS|x64.Build.0 = Debug|x64
		{73C0A65B-D1F2-4DE1-B3A6-15DAD2C23F3D}.DebugAS|x86.ActiveCfg = Debug|Win32
		{73C0A65B-D1F2-4DE1-B3A6-15DAD2C23F3D}.DebugAS|x86.Build.0 = Debug|Win32
		{73C0A65B-D1F2-4DE1-B3A6-15DAD2C23F3D}.DebugUD|x64.ActiveCfg = Debug|x64
		{73C0A65B-D1F2-4DE1-B3A6-15DAD2C23F3D}.DebugUD|x64.Build.0 = Debug|x64
		{73C0A65B-D1F2-4DE1-B3A6-15DAD2C23F3D}.DebugUD|x86.ActiveCfg = Debug|Win32
		{73C0A65B-D1F2-4DE1-B3A6-15DAD2C23F3D}.DebugUD|x86.Build.0 = Debug|Win32
		{73C0A65B-D1F2-4DE1-B3A6-15DAD2C23F3D}.DebugUS|x64.ActiveCfg = Debug|x64
		{73C0A65B-D1F2-4DE1-B3A6-15DAD2C23F3D}.DebugUS|x64.Build.0 = Debug|x64
		{73C0A65B-D1F2-4DE1-B3A6-15DAD2C23F3D}.DebugUS|x86.ActiveCfg = Debug|Win32
		{73C0A65B-D1F2-4DE1-B3A6-15DAD2C23F3D}.DebugUS|x86.Build.0 = Debug|Win32
		{73C0A65B-D1F2-4DE1-B3A6-15DAD2C23F3D}.Release|x64.ActiveCfg = ReleaseUS|x64
		{73C0A65B-D1F2-4DE1-B3A6-15DAD2C23F3D}.Release|x64.Build.0 = ReleaseUS|x64
		{73C0A65B-D1F2-4DE1-B3A6-15DAD2C23F3D}.Release|x86.ActiveCfg = ReleaseUS|Win32
		{73C0A65B-D1F2-4DE1-B3A6-15DAD2C23F3D}.Release|x86.Build.0 = ReleaseUS|Win32
		{73C0A65B-D1F2-4DE1-B3A6-15DAD2C23F3D}.ReleaseAD|x64.ActiveCfg = ReleaseUS|x64
		{73C0A65B-D1F2-4DE1-B3A6-15DAD2C23F3D}.ReleaseAD|x64.Build.0 = ReleaseUS|x64
		{73C0A65B-D1F2-4DE1-B3A6-15DAD2C23F3D}.ReleaseAD|x86.ActiveCfg = ReleaseUS|Win32
		{73C0A65B-D1F2-4DE1-B3A6-15DAD2C23F3D}.ReleaseAD|x86.Build.0 = ReleaseUS|Win32
		{73C0A65B-D1F2-4DE1-B3A6-15DAD2C23F3D}.ReleaseAS|x64.ActiveCfg = ReleaseUS|x64
		{73C0A65B-D1F2-4DE1-B3A6-15DAD2C23F3D}.ReleaseAS|x64.Build.0 = ReleaseUS|x64
		{73C0A65B-D1F2-4DE1-B3A6-15DAD2C23F3D}.ReleaseAS|x86.ActiveCfg = ReleaseUS|Win32
		{73C0A65B-D1F2-4DE1-B3A6-15DAD2C23F3D}.ReleaseAS|x86.Build.0 = ReleaseUS|Win32
		{73C0A65B-D1F2-4DE1-B3A6-15DAD2C23F3D}.ReleaseUD|x64.ActiveCfg = ReleaseUS|x64
		{73C0A65B-D1F2-4DE1-B3A6-15DAD2C23F3D}.ReleaseUD|x64.Build.0 = ReleaseUS|x64
		{73C0A65B-D1F2-4DE1-B3A6-15DAD2C23F3D}.ReleaseUD|x86.ActiveCfg = ReleaseUS|Win32
		{73C0A65B-D1F2-4DE1-B3A6-15DAD2C23F3D}.ReleaseUD|x86.Build.0 = ReleaseUS|Win32
		{73C0A65B-D1F2-4DE1-B3A6-15DAD2C23F3D}.ReleaseUS|x64.ActiveCfg = ReleaseUS|x64
		{73C0A65B-D1F2-4DE1-B3A6-15DAD2C23F3D}.ReleaseUS|x64.Build.0 = ReleaseUS|x64
		{73C0A65B-D1F2-4DE1-B3A6-15DAD2C23F3D}.ReleaseUS|x86.ActiveCfg = ReleaseUS|Win32
		{73C0A65B-D1F2-4DE1-B3A6-15DAD2C23F3D}.ReleaseUS|x86.Build.0 = ReleaseUS|Win32
	EndGlobalSection
	GlobalSection(SolutionProperties) = preSolution
		HideSolutionNode = FALSE
	EndGlobalSection
	GlobalSection(ExtensibilityGlobals) = postSolution
		SolutionGuid = {CDD2103F-954C-4634-A10F-1BC80054D630}
	EndGlobalSection
EndGlobal
