<?xml version="1.0" encoding="utf-8"?>
<Project ToolsVersion="4.0" xmlns="http://schemas.microsoft.com/developer/msbuild/2003">
  <ItemGroup>
    <Filter Include="Header Files">
      <UniqueIdentifier>{93995380-89BD-4b04-88EB-625FBE52EBFB}</UniqueIdentifier>
      <Extensions>h;hpp;hxx;hm;inl;inc;xsd</Extensions>
    </Filter>
    <Filter Include="Resource Files">
      <UniqueIdentifier>{67DA6AB6-F800-4c08-8B7A-83BB121AAD01}</UniqueIdentifier>
      <Extensions>rc;ico;cur;bmp;dlg;rc2;rct;bin;rgs;gif;jpg;jpeg;jpe;resx;tiff;tif;png;wav;mfcribbon-ms</Extensions>
    </Filter>
    <Filter Include="Header Files\Mapping">
      <UniqueIdentifier>{21d241a0-8444-40ac-8cbf-252185022492}</UniqueIdentifier>
    </Filter>
    <Filter Include="Header Files\Windows">
      <UniqueIdentifier>{440037f1-60e1-4400-a63e-baf76abfa3ef}</UniqueIdentifier>
    </Filter>
    <Filter Include="Header Files\Windows\Dialog Windows">
      <UniqueIdentifier>{1eaf69b8-0244-4800-8dd9-5c8c579ca8d8}</UniqueIdentifier>
    </Filter>
    <Filter Include="Header Files\Windows\Dialog Windows\Map Settings">
      <UniqueIdentifier>{05f7a68a-263d-4ca5-9e70-aff8e8c7343c}</UniqueIdentifier>
    </Filter>
    <Filter Include="Header Files\Windows\Chkd Controls">
      <UniqueIdentifier>{7e8ebb4c-cd44-41aa-b645-4e356c5f104d}</UniqueIdentifier>
    </Filter>
    <Filter Include="Header Files\Windows\Main Windows">
      <UniqueIdentifier>{1619b740-4854-4945-a7db-74e64efbceca}</UniqueIdentifier>
    </Filter>
    <Filter Include="Header Files\Windows\Dialog Windows\Layers">
      <UniqueIdentifier>{1cc66991-7769-44c8-9fb7-959aa83a2ae1}</UniqueIdentifier>
    </Filter>
    <Filter Include="Header Files\Windows\Dialog Windows\Map Settings\%2a">
      <UniqueIdentifier>{73699809-1de9-4c01-8dc6-08667c2d3630}</UniqueIdentifier>
    </Filter>
    <Filter Include="Header Files\Windows\Dialog Windows\Trig Editor">
      <UniqueIdentifier>{d8396fd4-f49d-4141-aa0c-9e8f4d0a1e29}</UniqueIdentifier>
    </Filter>
    <Filter Include="Header Files\Windows\Dialog Windows\Trig Editor\%2a">
      <UniqueIdentifier>{f7d06857-b94e-4948-b907-3aa6c3cebaa1}</UniqueIdentifier>
    </Filter>
    <Filter Include="Header Files\Windows\Dialog Windows\Trig Modify">
      <UniqueIdentifier>{ed31c6e0-d017-40d6-a502-717b99cd2bb0}</UniqueIdentifier>
    </Filter>
    <Filter Include="Header Files\Windows\Dialog Windows\Map Settings\%2a\StringEditor">
      <UniqueIdentifier>{554c8862-7c11-40b3-8b90-b06db39b6230}</UniqueIdentifier>
    </Filter>
    <Filter Include="Header Files\Windows\Dialog Windows\Trig Modify\%2a">
      <UniqueIdentifier>{cea71926-8bc6-4e8e-9ed4-fe76fbb5c486}</UniqueIdentifier>
    </Filter>
    <Filter Include="Header Files\Windows\Dialog Windows\Text Trig">
      <UniqueIdentifier>{85782b81-5e37-4d61-be87-22409b496b01}</UniqueIdentifier>
    </Filter>
    <Filter Include="Header Files\Windows\Dialog Windows\New Map">
      <UniqueIdentifier>{8cd2d241-51ee-43a4-ade9-69fb4ac443da}</UniqueIdentifier>
    </Filter>
    <Filter Include="Header Files\Mapping Core">
      <UniqueIdentifier>{987f6155-963b-4647-b613-9428cef2d8f9}</UniqueIdentifier>
    </Filter>
    <Filter Include="Header Files\Mapping Core\Structs">
      <UniqueIdentifier>{ee09440a-be31-4f60-b5c3-f2fcec28487d}</UniqueIdentifier>
    </Filter>
    <Filter Include="Header Files\Mapping Core\%2a">
      <UniqueIdentifier>{339f49c3-2005-46d1-9d01-34300e94fcd6}</UniqueIdentifier>
    </Filter>
    <Filter Include="Header Files\Mapping\Trigger Text">
      <UniqueIdentifier>{c9cf20fc-eabc-4d33-b65f-a64bbb89f3a7}</UniqueIdentifier>
    </Filter>
    <Filter Include="Header Files\Windows UI">
      <UniqueIdentifier>{05cdf24d-a653-4c2a-a71a-fc349d252cfc}</UniqueIdentifier>
    </Filter>
    <Filter Include="Header Files\Windows UI\Controls">
      <UniqueIdentifier>{92b2d494-6d61-4be6-9ece-adfb614fe7a6}</UniqueIdentifier>
    </Filter>
    <Filter Include="Header Files\Windows UI\Controls\Specific">
      <UniqueIdentifier>{15a5a773-c0b5-4c65-a2a6-639ffe26aafa}</UniqueIdentifier>
    </Filter>
    <Filter Include="Header Files\Windows UI\Windows">
      <UniqueIdentifier>{eca048c5-0da9-4ff2-b772-01b58c5d6cd6}</UniqueIdentifier>
    </Filter>
    <Filter Include="Header Files\Windows UI\Menus">
      <UniqueIdentifier>{13d408ff-e41d-46ac-af3f-fa9b8086268c}</UniqueIdentifier>
    </Filter>
    <Filter Include="Header Files\Mapping\%2a">
      <UniqueIdentifier>{e52a080a-dcec-4569-891d-4c8bcd9bc4b1}</UniqueIdentifier>
    </Filter>
    <Filter Include="Header Files\Windows UI\%2a">
      <UniqueIdentifier>{8f54dd55-d86d-4e0c-a474-c6dc39dbeca4}</UniqueIdentifier>
    </Filter>
    <Filter Include="Header Files\Windows\Dialog Windows\Layers\Unit Properties">
      <UniqueIdentifier>{03b7837e-dd35-49d8-aa47-75221e9e0eae}</UniqueIdentifier>
    </Filter>
    <Filter Include="Header Files\Windows\Dialog Windows\Map Protection">
      <UniqueIdentifier>{27c22ef7-dfc4-4bf7-8280-8ec51696c16c}</UniqueIdentifier>
    </Filter>
    <Filter Include="Header Files\Mapping Core\Structs\%2a">
      <UniqueIdentifier>{b3341a35-ad97-41bd-8a73-33ef3e79b7ba}</UniqueIdentifier>
    </Filter>
    <Filter Include="Header Files\Mapping\Undos">
      <UniqueIdentifier>{f35b55d9-9e4c-48e6-84e9-286fb2741211}</UniqueIdentifier>
    </Filter>
    <Filter Include="Header Files\Mapping\Undos\ChkdUndos">
      <UniqueIdentifier>{bce32d13-67c1-4415-9ac8-861a0e924444}</UniqueIdentifier>
    </Filter>
    <Filter Include="Header Files\Mapping\Undos\ChkdUndos\%2a">
      <UniqueIdentifier>{1de6c660-4988-431a-8552-e1b9c305c597}</UniqueIdentifier>
    </Filter>
    <Filter Include="Header Files\Common Files">
      <UniqueIdentifier>{894c00d4-1b96-4f55-b71f-49ca34ede871}</UniqueIdentifier>
    </Filter>
    <Filter Include="Source Files">
      <UniqueIdentifier>{4FC737F1-C7A5-4376-A066-2A32D752A2FF}</UniqueIdentifier>
      <Extensions>cpp;c;cc;cxx;def;odl;idl;hpj;bat;asm;asmx</Extensions>
    </Filter>
    <Filter Include="Source Files\Common Files">
      <UniqueIdentifier>{0f51c2aa-c14c-4969-b354-b04b84db1dd0}</UniqueIdentifier>
    </Filter>
    <Filter Include="Source Files\Mapping">
      <UniqueIdentifier>{638ac4fc-c7fe-4ceb-a9b2-6bdeec540974}</UniqueIdentifier>
    </Filter>
    <Filter Include="Source Files\Mapping\Trigger Text">
      <UniqueIdentifier>{552b33f5-4fa8-4473-90f5-5f2383d66738}</UniqueIdentifier>
    </Filter>
    <Filter Include="Source Files\Mapping\%2a">
      <UniqueIdentifier>{88a354a8-6fb9-4763-a200-88618b66adee}</UniqueIdentifier>
    </Filter>
    <Filter Include="Source Files\Mapping\Undos">
      <UniqueIdentifier>{ee1f761c-4719-4e6f-b03c-7d9533c56118}</UniqueIdentifier>
    </Filter>
    <Filter Include="Source Files\Mapping\Undos\ChkdUndos">
      <UniqueIdentifier>{2d6b9439-64cf-4cb5-bb4e-8bcbc952e487}</UniqueIdentifier>
    </Filter>
    <Filter Include="Source Files\Windows">
      <UniqueIdentifier>{af6fd275-fb82-462b-afdc-1ba45d1d9c3a}</UniqueIdentifier>
    </Filter>
    <Filter Include="Source Files\Windows\Dialog Windows">
      <UniqueIdentifier>{0475b817-ea79-42fe-83d7-bd5ab1bab57c}</UniqueIdentifier>
    </Filter>
    <Filter Include="Source Files\Windows\Dialog Windows\Map Settings">
      <UniqueIdentifier>{9eb5dbab-57cf-46ba-850a-8618c5cd1791}</UniqueIdentifier>
    </Filter>
    <Filter Include="Source Files\Windows\Dialog Windows\Map Settings\%2a">
      <UniqueIdentifier>{877d3084-aafd-460e-a977-b328481d1966}</UniqueIdentifier>
    </Filter>
    <Filter Include="Source Files\Windows\Dialog Windows\Map Settings\%2a\String Editor">
      <UniqueIdentifier>{d6ffb37c-3a1d-411c-bfea-14346bfb96e2}</UniqueIdentifier>
    </Filter>
    <Filter Include="Source Files\Windows\Dialog Windows\Layers">
      <UniqueIdentifier>{5b7b8260-93fb-46b3-a9bb-4ba8c503745b}</UniqueIdentifier>
    </Filter>
    <Filter Include="Source Files\Windows\Dialog Windows\Layers\Unit Properties">
      <UniqueIdentifier>{266c6283-1689-4304-a543-f19acd88602a}</UniqueIdentifier>
    </Filter>
    <Filter Include="Source Files\Windows\Dialog Windows\Trig Editor">
      <UniqueIdentifier>{ee8c65bf-c0b3-4723-8d00-069c3bf180cf}</UniqueIdentifier>
    </Filter>
    <Filter Include="Source Files\Windows\Dialog Windows\Trig Editor\%2a">
      <UniqueIdentifier>{6067a416-7387-483e-bd97-cb7b45b17eda}</UniqueIdentifier>
    </Filter>
    <Filter Include="Source Files\Windows\Dialog Windows\Trig Modify">
      <UniqueIdentifier>{1d087de4-9101-4cd6-ad4b-286d6eb90e7a}</UniqueIdentifier>
    </Filter>
    <Filter Include="Source Files\Windows\Dialog Windows\Trig Modify\%2a">
      <UniqueIdentifier>{da9cc6ad-97da-445c-ab2a-47f44ecab0cd}</UniqueIdentifier>
    </Filter>
    <Filter Include="Source Files\Windows\Dialog Windows\Text Trig">
      <UniqueIdentifier>{8097406c-cb80-4112-9d10-ad0ed1e6ff87}</UniqueIdentifier>
    </Filter>
    <Filter Include="Source Files\Windows\Dialog Windows\New Map">
      <UniqueIdentifier>{3595bde6-3482-449c-a9a7-e6782c1a17fc}</UniqueIdentifier>
    </Filter>
    <Filter Include="Source Files\Windows\Dialog Windows\Map Protection">
      <UniqueIdentifier>{a1b6c8bb-6904-4770-be46-5e7cf7b38af1}</UniqueIdentifier>
    </Filter>
    <Filter Include="Source Files\Windows\Chkd Controls">
      <UniqueIdentifier>{4f4e1987-f9cb-4630-b986-177e294e2f8a}</UniqueIdentifier>
    </Filter>
    <Filter Include="Source Files\Windows\Main Windows">
      <UniqueIdentifier>{f00801b9-cc14-4686-8a0d-dc9709a2053a}</UniqueIdentifier>
    </Filter>
    <Filter Include="Source Files\Mapping Core">
      <UniqueIdentifier>{c859cbc9-f6ce-421a-8c47-564f200275a9}</UniqueIdentifier>
    </Filter>
    <Filter Include="Source Files\Mapping Core\Structs">
      <UniqueIdentifier>{12577036-587a-4372-8f0c-8e905a067b01}</UniqueIdentifier>
    </Filter>
    <Filter Include="Source Files\Mapping Core\%2a">
      <UniqueIdentifier>{69572ec7-8367-47c4-b146-2312fc949dca}</UniqueIdentifier>
    </Filter>
    <Filter Include="Source Files\Windows UI">
      <UniqueIdentifier>{72056900-c91c-41a8-a54d-fb6db9958e1c}</UniqueIdentifier>
    </Filter>
    <Filter Include="Source Files\Windows UI\Controls">
      <UniqueIdentifier>{a9f99699-244c-4479-9ab2-48721a42b10d}</UniqueIdentifier>
    </Filter>
    <Filter Include="Source Files\Windows UI\Controls\Specific">
      <UniqueIdentifier>{8c643cd9-be60-41e4-9cde-ffcf56e93d37}</UniqueIdentifier>
    </Filter>
    <Filter Include="Source Files\Windows UI\Menus">
      <UniqueIdentifier>{cc594dd6-9193-4b60-8cd2-49b2c85e2f2f}</UniqueIdentifier>
    </Filter>
    <Filter Include="Source Files\Windows UI\Windows">
      <UniqueIdentifier>{a6a13515-7be3-4104-89f0-1abeb83146d5}</UniqueIdentifier>
    </Filter>
    <Filter Include="Source Files\Windows UI\%2a">
      <UniqueIdentifier>{6c990c0a-5d29-4a69-9811-3b4431c7dd12}</UniqueIdentifier>
    </Filter>
  </ItemGroup>
  <ItemGroup>
    <ClInclude Include="src\CommonFiles\CommonFiles.h">
      <Filter>Header Files\Common Files</Filter>
    </ClInclude>
    <ClInclude Include="src\CommonFiles\Constants.h">
      <Filter>Header Files\Common Files</Filter>
    </ClInclude>
    <ClInclude Include="src\CommonFiles\Debug.h">
      <Filter>Header Files\Common Files</Filter>
    </ClInclude>
    <ClInclude Include="src\CommonFiles\Structs.h">
      <Filter>Header Files\Common Files</Filter>
    </ClInclude>
    <ClInclude Include="src\ChkdPlugins.h">
      <Filter>Header Files\Mapping\%2a</Filter>
    </ClInclude>
    <ClInclude Include="src\Clipboard.h">
      <Filter>Header Files\Mapping\%2a</Filter>
    </ClInclude>
    <ClInclude Include="src\Graphics.h">
      <Filter>Header Files\Mapping\%2a</Filter>
    </ClInclude>
    <ClInclude Include="src\ScData.h">
      <Filter>Header Files\Mapping\%2a</Filter>
    </ClInclude>
    <ClInclude Include="src\Selections.h">
      <Filter>Header Files\Mapping\%2a</Filter>
    </ClInclude>
    <ClInclude Include="src\StaticTrigComponentParser.h">
      <Filter>Header Files\Mapping\Trigger Text</Filter>
    </ClInclude>
    <ClInclude Include="src\TextTrigCompiler.h">
      <Filter>Header Files\Mapping\Trigger Text</Filter>
    </ClInclude>
    <ClInclude Include="src\TextTrigGenerator.h">
      <Filter>Header Files\Mapping\Trigger Text</Filter>
    </ClInclude>
    <ClInclude Include="src\LocationChange.h">
      <Filter>Header Files\Mapping\Undos\ChkdUndos\%2a</Filter>
    </ClInclude>
    <ClInclude Include="src\LocationCreateDel.h">
      <Filter>Header Files\Mapping\Undos\ChkdUndos\%2a</Filter>
    </ClInclude>
    <ClInclude Include="src\LocationMove.h">
      <Filter>Header Files\Mapping\Undos\ChkdUndos\%2a</Filter>
    </ClInclude>
    <ClInclude Include="src\TileChange.h">
      <Filter>Header Files\Mapping\Undos\ChkdUndos\%2a</Filter>
    </ClInclude>
    <ClInclude Include="src\UnitChange.h">
      <Filter>Header Files\Mapping\Undos\ChkdUndos\%2a</Filter>
    </ClInclude>
    <ClInclude Include="src\UnitCreateDel.h">
      <Filter>Header Files\Mapping\Undos\ChkdUndos\%2a</Filter>
    </ClInclude>
    <ClInclude Include="src\UnitIndexMove.h">
      <Filter>Header Files\Mapping\Undos\ChkdUndos\%2a</Filter>
    </ClInclude>
    <ClInclude Include="src\UndoTypes.h">
      <Filter>Header Files\Mapping\Undos\ChkdUndos</Filter>
    </ClInclude>
    <ClInclude Include="src\Reversibles.h">
      <Filter>Header Files\Mapping\Undos</Filter>
    </ClInclude>
    <ClInclude Include="src\MappingCore\Basics.h">
      <Filter>Header Files\Mapping Core\%2a</Filter>
    </ClInclude>
    <ClInclude Include="src\MappingCore\Buffer.h">
      <Filter>Header Files\Mapping Core\%2a</Filter>
    </ClInclude>
    <ClInclude Include="src\MappingCore\DefaultCHK.h">
      <Filter>Header Files\Mapping Core\%2a</Filter>
    </ClInclude>
    <ClInclude Include="src\MappingCore\EscapeStrings.h">
      <Filter>Header Files\Mapping Core\%2a</Filter>
    </ClInclude>
    <ClInclude Include="src\MappingCore\FileIO.h">
      <Filter>Header Files\Mapping Core\%2a</Filter>
    </ClInclude>
    <ClInclude Include="src\MappingCore\MapFile.h">
      <Filter>Header Files\Mapping Core\%2a</Filter>
    </ClInclude>
    <ClInclude Include="src\MappingCore\Math.h">
      <Filter>Header Files\Mapping Core\%2a</Filter>
    </ClInclude>
    <ClInclude Include="src\MappingCore\Scenario.h">
      <Filter>Header Files\Mapping Core\%2a</Filter>
    </ClInclude>
    <ClInclude Include="src\MappingCore\sha256.h">
      <Filter>Header Files\Mapping Core\%2a</Filter>
    </ClInclude>
    <ClInclude Include="src\MappingCore\StringUsage.h">
      <Filter>Header Files\Mapping Core\%2a</Filter>
    </ClInclude>
    <ClInclude Include="src\MappingCore\ChkAction.h">
      <Filter>Header Files\Mapping Core\Structs\%2a</Filter>
    </ClInclude>
    <ClInclude Include="src\MappingCore\ChkCondition.h">
      <Filter>Header Files\Mapping Core\Structs\%2a</Filter>
    </ClInclude>
    <ClInclude Include="src\MappingCore\ChkCuwp.h">
      <Filter>Header Files\Mapping Core\Structs\%2a</Filter>
    </ClInclude>
    <ClInclude Include="src\MappingCore\ChkDoodad.h">
      <Filter>Header Files\Mapping Core\Structs\%2a</Filter>
    </ClInclude>
    <ClInclude Include="src\MappingCore\ChkLocation.h">
      <Filter>Header Files\Mapping Core\Structs\%2a</Filter>
    </ClInclude>
    <ClInclude Include="src\MappingCore\ChkTrigger.h">
      <Filter>Header Files\Mapping Core\Structs\%2a</Filter>
    </ClInclude>
    <ClInclude Include="src\MappingCore\ChkUnit.h">
      <Filter>Header Files\Mapping Core\Structs\%2a</Filter>
    </ClInclude>
    <ClInclude Include="src\MappingCore\StringTableNode.h">
      <Filter>Header Files\Mapping Core\Structs\%2a</Filter>
    </ClInclude>
    <ClInclude Include="src\MappingCore\CoreStructs.h">
      <Filter>Header Files\Mapping Core\Structs</Filter>
    </ClInclude>
    <ClInclude Include="src\MappingCore\MappingCore.h">
      <Filter>Header Files\Mapping Core</Filter>
    </ClInclude>
    <ClInclude Include="src\ChkdCtrlEnums.h">
      <Filter>Header Files\Windows\Chkd Controls</Filter>
    </ClInclude>
    <ClInclude Include="src\ChkdStringInput.h">
      <Filter>Header Files\Windows\Chkd Controls</Filter>
    </ClInclude>
    <ClInclude Include="src\CndActGrid.h">
      <Filter>Header Files\Windows\Chkd Controls</Filter>
    </ClInclude>
    <ClInclude Include="src\LocationTree.h">
      <Filter>Header Files\Windows\Chkd Controls</Filter>
    </ClInclude>
    <ClInclude Include="src\MainTree.h">
      <Filter>Header Files\Windows\Chkd Controls</Filter>
    </ClInclude>
    <ClInclude Include="src\MoveTo.h">
      <Filter>Header Files\Windows\Chkd Controls</Filter>
    </ClInclude>
    <ClInclude Include="src\PeerListBox.h">
      <Filter>Header Files\Windows\Chkd Controls</Filter>
    </ClInclude>
    <ClInclude Include="src\PlayerDropdown.h">
      <Filter>Header Files\Windows\Chkd Controls</Filter>
    </ClInclude>
    <ClInclude Include="src\Suggestions.h">
      <Filter>Header Files\Windows\Chkd Controls</Filter>
    </ClInclude>
    <ClInclude Include="src\TechTree.h">
      <Filter>Header Files\Windows\Chkd Controls</Filter>
    </ClInclude>
    <ClInclude Include="src\UnitTree.h">
      <Filter>Header Files\Windows\Chkd Controls</Filter>
    </ClInclude>
    <ClInclude Include="src\UpgradeTree.h">
      <Filter>Header Files\Windows\Chkd Controls</Filter>
    </ClInclude>
    <ClInclude Include="src\PreservedUnitStats.h">
      <Filter>Header Files\Windows\Dialog Windows\Layers\Unit Properties</Filter>
    </ClInclude>
    <ClInclude Include="src\UnitProperties.h">
      <Filter>Header Files\Windows\Dialog Windows\Layers\Unit Properties</Filter>
    </ClInclude>
    <ClInclude Include="src\LocationProperties.h">
      <Filter>Header Files\Windows\Dialog Windows\Layers</Filter>
    </ClInclude>
    <ClInclude Include="src\TerrainPalette.h">
      <Filter>Header Files\Windows\Dialog Windows\Layers</Filter>
    </ClInclude>
    <ClInclude Include="src\TileProperties.h">
      <Filter>Header Files\Windows\Dialog Windows\Layers</Filter>
    </ClInclude>
    <ClInclude Include="src\ChangePassword.h">
      <Filter>Header Files\Windows\Dialog Windows\Map Protection</Filter>
    </ClInclude>
    <ClInclude Include="src\EnterPassword.h">
      <Filter>Header Files\Windows\Dialog Windows\Map Protection</Filter>
    </ClInclude>
    <ClInclude Include="src\StringEditor.h">
      <Filter>Header Files\Windows\Dialog Windows\Map Settings\%2a\StringEditor</Filter>
    </ClInclude>
    <ClInclude Include="src\StringGuide.h">
      <Filter>Header Files\Windows\Dialog Windows\Map Settings\%2a\StringEditor</Filter>
    </ClInclude>
    <ClInclude Include="src\StringPreview.h">
      <Filter>Header Files\Windows\Dialog Windows\Map Settings\%2a\StringEditor</Filter>
    </ClInclude>
    <ClInclude Include="src\Forces.h">
      <Filter>Header Files\Windows\Dialog Windows\Map Settings\%2a</Filter>
    </ClInclude>
    <ClInclude Include="src\MapProperties.h">
      <Filter>Header Files\Windows\Dialog Windows\Map Settings\%2a</Filter>
    </ClInclude>
    <ClInclude Include="src\TechSettings.h">
      <Filter>Header Files\Windows\Dialog Windows\Map Settings\%2a</Filter>
    </ClInclude>
    <ClInclude Include="src\UnitSettings.h">
      <Filter>Header Files\Windows\Dialog Windows\Map Settings\%2a</Filter>
    </ClInclude>
    <ClInclude Include="src\UpgradeSettings.h">
      <Filter>Header Files\Windows\Dialog Windows\Map Settings\%2a</Filter>
    </ClInclude>
    <ClInclude Include="src\WavEditor.h">
      <Filter>Header Files\Windows\Dialog Windows\Map Settings\%2a</Filter>
    </ClInclude>
    <ClInclude Include="src\MapSettings.h">
      <Filter>Header Files\Windows\Dialog Windows\Map Settings</Filter>
    </ClInclude>
    <ClInclude Include="src\NewMap.h">
      <Filter>Header Files\Windows\Dialog Windows\New Map</Filter>
    </ClInclude>
    <ClInclude Include="src\LIT.h">
      <Filter>Header Files\Windows\Dialog Windows\Text Trig</Filter>
    </ClInclude>
    <ClInclude Include="src\TextTrig.h">
      <Filter>Header Files\Windows\Dialog Windows\Text Trig</Filter>
    </ClInclude>
    <ClInclude Include="src\Counters.h">
      <Filter>Header Files\Windows\Dialog Windows\Trig Editor\%2a</Filter>
    </ClInclude>
    <ClInclude Include="src\CUWPs.h">
      <Filter>Header Files\Windows\Dialog Windows\Trig Editor\%2a</Filter>
    </ClInclude>
    <ClInclude Include="src\Switches.h">
      <Filter>Header Files\Windows\Dialog Windows\Trig Editor\%2a</Filter>
    </ClInclude>
    <ClInclude Include="src\Templates.h">
      <Filter>Header Files\Windows\Dialog Windows\Trig Editor\%2a</Filter>
    </ClInclude>
    <ClInclude Include="src\Triggers.h">
      <Filter>Header Files\Windows\Dialog Windows\Trig Editor\%2a</Filter>
    </ClInclude>
    <ClInclude Include="src\TrigEditor.h">
      <Filter>Header Files\Windows\Dialog Windows\Trig Editor</Filter>
    </ClInclude>
    <ClInclude Include="src\TrigActions.h">
      <Filter>Header Files\Windows\Dialog Windows\Trig Modify\%2a</Filter>
    </ClInclude>
    <ClInclude Include="src\TrigConditions.h">
      <Filter>Header Files\Windows\Dialog Windows\Trig Modify\%2a</Filter>
    </ClInclude>
    <ClInclude Include="src\TrigGeneral.h">
      <Filter>Header Files\Windows\Dialog Windows\Trig Modify\%2a</Filter>
    </ClInclude>
    <ClInclude Include="src\TrigModifyText.h">
      <Filter>Header Files\Windows\Dialog Windows\Trig Modify\%2a</Filter>
    </ClInclude>
    <ClInclude Include="src\TrigPlayers.h">
      <Filter>Header Files\Windows\Dialog Windows\Trig Modify\%2a</Filter>
    </ClInclude>
    <ClInclude Include="src\TrigModify.h">
      <Filter>Header Files\Windows\Dialog Windows\Trig Modify</Filter>
    </ClInclude>
    <ClInclude Include="src\DialogWindows.h">
      <Filter>Header Files\Windows\Dialog Windows</Filter>
    </ClInclude>
    <ClInclude Include="src\GuiMap.h">
      <Filter>Header Files\Windows\Main Windows</Filter>
    </ClInclude>
    <ClInclude Include="src\LeftBar.h">
      <Filter>Header Files\Windows\Main Windows</Filter>
    </ClInclude>
    <ClInclude Include="src\MainPlot.h">
      <Filter>Header Files\Windows\Main Windows</Filter>
    </ClInclude>
    <ClInclude Include="src\MainToolbar.h">
      <Filter>Header Files\Windows\Main Windows</Filter>
    </ClInclude>
    <ClInclude Include="src\Maps.h">
      <Filter>Header Files\Windows\Main Windows</Filter>
    </ClInclude>
    <ClInclude Include="src\MiniMap.h">
      <Filter>Header Files\Windows\Main Windows</Filter>
    </ClInclude>
    <ClInclude Include="src\Chkdraft.h">
      <Filter>Header Files\Windows</Filter>
    </ClInclude>
    <ClInclude Include="src\WindowsUI\DataTypes.h">
      <Filter>Header Files\Windows UI\%2a</Filter>
    </ClInclude>
    <ClInclude Include="src\WindowsUI\WindowsItem.h">
      <Filter>Header Files\Windows UI\%2a</Filter>
    </ClInclude>
    <ClInclude Include="src\WindowsUI\WindowsUI.h">
      <Filter>Header Files\Windows UI\%2a</Filter>
    </ClInclude>
    <ClInclude Include="src\WindowsUI\WinUIEnums.h">
      <Filter>Header Files\Windows UI\%2a</Filter>
    </ClInclude>
    <ClInclude Include="src\WindowsUI\ButtonControl.h">
      <Filter>Header Files\Windows UI\Controls\Specific</Filter>
    </ClInclude>
    <ClInclude Include="src\WindowsUI\CheckBoxControl.h">
      <Filter>Header Files\Windows UI\Controls\Specific</Filter>
    </ClInclude>
    <ClInclude Include="src\WindowsUI\DragListControl.h">
      <Filter>Header Files\Windows UI\Controls\Specific</Filter>
    </ClInclude>
    <ClInclude Include="src\WindowsUI\DropdownControl.h">
      <Filter>Header Files\Windows UI\Controls\Specific</Filter>
    </ClInclude>
    <ClInclude Include="src\WindowsUI\EditControl.h">
      <Filter>Header Files\Windows UI\Controls\Specific</Filter>
    </ClInclude>
    <ClInclude Include="src\WindowsUI\GridItem.h">
      <Filter>Header Files\Windows UI\Controls\Specific</Filter>
    </ClInclude>
    <ClInclude Include="src\WindowsUI\GridView.h">
      <Filter>Header Files\Windows UI\Controls\Specific</Filter>
    </ClInclude>
    <ClInclude Include="src\WindowsUI\GroupBoxControl.h">
      <Filter>Header Files\Windows UI\Controls\Specific</Filter>
    </ClInclude>
    <ClInclude Include="src\WindowsUI\ListBoxControl.h">
      <Filter>Header Files\Windows UI\Controls\Specific</Filter>
    </ClInclude>
    <ClInclude Include="src\WindowsUI\ListViewControl.h">
      <Filter>Header Files\Windows UI\Controls\Specific</Filter>
    </ClInclude>
    <ClInclude Include="src\WindowsUI\RadioButtonControl.h">
      <Filter>Header Files\Windows UI\Controls\Specific</Filter>
    </ClInclude>
    <ClInclude Include="src\WindowsUI\StatusControl.h">
      <Filter>Header Files\Windows UI\Controls\Specific</Filter>
    </ClInclude>
    <ClInclude Include="src\WindowsUI\TabControl.h">
      <Filter>Header Files\Windows UI\Controls\Specific</Filter>
    </ClInclude>
    <ClInclude Include="src\WindowsUI\TextControl.h">
      <Filter>Header Files\Windows UI\Controls\Specific</Filter>
    </ClInclude>
    <ClInclude Include="src\WindowsUI\ToolbarControl.h">
      <Filter>Header Files\Windows UI\Controls\Specific</Filter>
    </ClInclude>
    <ClInclude Include="src\WindowsUI\TreeViewControl.h">
      <Filter>Header Files\Windows UI\Controls\Specific</Filter>
    </ClInclude>
    <ClInclude Include="src\WindowsUI\WindowControl.h">
      <Filter>Header Files\Windows UI\Controls</Filter>
    </ClInclude>
    <ClInclude Include="src\WindowsUI\WindowMenu.h">
      <Filter>Header Files\Windows UI\Menus</Filter>
    </ClInclude>
    <ClInclude Include="src\WindowsUI\ClassDialog.h">
      <Filter>Header Files\Windows UI\Windows</Filter>
    </ClInclude>
    <ClInclude Include="src\WindowsUI\ClassWindow.h">
      <Filter>Header Files\Windows UI\Windows</Filter>
    </ClInclude>
    <ClInclude Include="src\WindowsUI\MdiClient.h">
      <Filter>Header Files\Windows UI\Windows</Filter>
    </ClInclude>
    <ClInclude Include="SFmpq\SFmpqapi.h">
      <Filter>Header Files\Mapping Core\%2a</Filter>
    </ClInclude>
    <ClInclude Include="src\Undos.h">
      <Filter>Header Files\Mapping\Undos</Filter>
    </ClInclude>
    <ClInclude Include="src\MappingCore\ChkSprite.h">
      <Filter>Header Files\Mapping Core\Structs\%2a</Filter>
    </ClInclude>
    <ClInclude Include="src\WindowsUI\PaintBuffer.h">
      <Filter>Header Files\Windows UI\%2a</Filter>
    </ClInclude>
    <ClInclude Include="src\CommonFiles\Resource.h">
      <Filter>Header Files\Common Files</Filter>
    </ClInclude>
  </ItemGroup>
  <ItemGroup>
    <ClCompile Include="src\CommonFiles\Constants.cpp">
      <Filter>Source Files\Common Files</Filter>
    </ClCompile>
    <ClCompile Include="src\CommonFiles\Debug.cpp">
      <Filter>Source Files\Common Files</Filter>
    </ClCompile>
    <ClCompile Include="src\CommonFiles\Structs.cpp">
      <Filter>Source Files\Common Files</Filter>
    </ClCompile>
    <ClCompile Include="src\Clipboard.cpp">
      <Filter>Source Files\Mapping\%2a</Filter>
    </ClCompile>
    <ClCompile Include="src\Graphics.cpp">
      <Filter>Source Files\Mapping\%2a</Filter>
    </ClCompile>
    <ClCompile Include="src\ScData.cpp">
      <Filter>Source Files\Mapping\%2a</Filter>
    </ClCompile>
    <ClCompile Include="src\Selections.cpp">
      <Filter>Source Files\Mapping\%2a</Filter>
    </ClCompile>
    <ClCompile Include="src\StaticTrigComponentParser.cpp">
      <Filter>Source Files\Mapping\Trigger Text</Filter>
    </ClCompile>
    <ClCompile Include="src\TextTrigCompiler.cpp">
      <Filter>Source Files\Mapping\Trigger Text</Filter>
    </ClCompile>
    <ClCompile Include="src\TextTrigGenerator.cpp">
      <Filter>Source Files\Mapping\Trigger Text</Filter>
    </ClCompile>
    <ClCompile Include="src\LocationChange.cpp">
      <Filter>Source Files\Mapping\Undos\ChkdUndos</Filter>
    </ClCompile>
    <ClCompile Include="src\LocationCreateDel.cpp">
      <Filter>Source Files\Mapping\Undos\ChkdUndos</Filter>
    </ClCompile>
    <ClCompile Include="src\LocationMove.cpp">
      <Filter>Source Files\Mapping\Undos\ChkdUndos</Filter>
    </ClCompile>
    <ClCompile Include="src\TileChange.cpp">
      <Filter>Source Files\Mapping\Undos\ChkdUndos</Filter>
    </ClCompile>
    <ClCompile Include="src\UnitChange.cpp">
      <Filter>Source Files\Mapping\Undos\ChkdUndos</Filter>
    </ClCompile>
    <ClCompile Include="src\UnitCreateDel.cpp">
      <Filter>Source Files\Mapping\Undos\ChkdUndos</Filter>
    </ClCompile>
    <ClCompile Include="src\UnitIndexMove.cpp">
      <Filter>Source Files\Mapping\Undos\ChkdUndos</Filter>
    </ClCompile>
    <ClCompile Include="src\Reversibles.cpp">
      <Filter>Source Files\Mapping\Undos</Filter>
    </ClCompile>
    <ClCompile Include="src\MappingCore\Basics.cpp">
      <Filter>Source Files\Mapping Core\%2a</Filter>
    </ClCompile>
    <ClCompile Include="src\MappingCore\Buffer.cpp">
      <Filter>Source Files\Mapping Core\%2a</Filter>
    </ClCompile>
    <ClCompile Include="src\MappingCore\DefaultCHK.cpp">
      <Filter>Source Files\Mapping Core\%2a</Filter>
    </ClCompile>
    <ClCompile Include="src\MappingCore\EscapeStrings.cpp">
      <Filter>Source Files\Mapping Core\%2a</Filter>
    </ClCompile>
    <ClCompile Include="src\MappingCore\FileIO.cpp">
      <Filter>Source Files\Mapping Core\%2a</Filter>
    </ClCompile>
    <ClCompile Include="src\MappingCore\MapFile.cpp">
      <Filter>Source Files\Mapping Core\%2a</Filter>
    </ClCompile>
    <ClCompile Include="src\MappingCore\Math.cpp">
      <Filter>Source Files\Mapping Core\%2a</Filter>
    </ClCompile>
    <ClCompile Include="src\MappingCore\Scenario.cpp">
      <Filter>Source Files\Mapping Core\%2a</Filter>
    </ClCompile>
    <ClCompile Include="src\MappingCore\sha256.cpp">
      <Filter>Source Files\Mapping Core\%2a</Filter>
    </ClCompile>
    <ClCompile Include="src\MappingCore\StringUsage.cpp">
      <Filter>Source Files\Mapping Core\%2a</Filter>
    </ClCompile>
    <ClCompile Include="src\MappingCore\ChkAction.cpp">
      <Filter>Source Files\Mapping Core\Structs</Filter>
    </ClCompile>
    <ClCompile Include="src\MappingCore\ChkCondition.cpp">
      <Filter>Source Files\Mapping Core\Structs</Filter>
    </ClCompile>
    <ClCompile Include="src\MappingCore\ChkCuwp.cpp">
      <Filter>Source Files\Mapping Core\Structs</Filter>
    </ClCompile>
    <ClCompile Include="src\MappingCore\ChkDoodad.cpp">
      <Filter>Source Files\Mapping Core\Structs</Filter>
    </ClCompile>
    <ClCompile Include="src\MappingCore\ChkLocation.cpp">
      <Filter>Source Files\Mapping Core\Structs</Filter>
    </ClCompile>
    <ClCompile Include="src\MappingCore\ChkSprite.cpp">
      <Filter>Source Files\Mapping Core\Structs</Filter>
    </ClCompile>
    <ClCompile Include="src\MappingCore\ChkTrigger.cpp">
      <Filter>Source Files\Mapping Core\Structs</Filter>
    </ClCompile>
    <ClCompile Include="src\MappingCore\ChkUnit.cpp">
      <Filter>Source Files\Mapping Core\Structs</Filter>
    </ClCompile>
    <ClCompile Include="src\MappingCore\StringTableNode.cpp">
      <Filter>Source Files\Mapping Core\Structs</Filter>
    </ClCompile>
    <ClCompile Include="src\ChkdStringInput.cpp">
      <Filter>Source Files\Windows\Chkd Controls</Filter>
    </ClCompile>
    <ClCompile Include="src\CndActGrid.cpp">
      <Filter>Source Files\Windows\Chkd Controls</Filter>
    </ClCompile>
    <ClCompile Include="src\LocationTree.cpp">
      <Filter>Source Files\Windows\Chkd Controls</Filter>
    </ClCompile>
    <ClCompile Include="src\MainTree.cpp">
      <Filter>Source Files\Windows\Chkd Controls</Filter>
    </ClCompile>
    <ClCompile Include="src\MoveTo.cpp">
      <Filter>Source Files\Windows\Chkd Controls</Filter>
    </ClCompile>
    <ClCompile Include="src\PeerListBox.cpp">
      <Filter>Source Files\Windows\Chkd Controls</Filter>
    </ClCompile>
    <ClCompile Include="src\PlayerDropdown.cpp">
      <Filter>Source Files\Windows\Chkd Controls</Filter>
    </ClCompile>
    <ClCompile Include="src\Suggestions.cpp">
      <Filter>Source Files\Windows\Chkd Controls</Filter>
    </ClCompile>
    <ClCompile Include="src\TechTree.cpp">
      <Filter>Source Files\Windows\Chkd Controls</Filter>
    </ClCompile>
    <ClCompile Include="src\UnitTree.cpp">
      <Filter>Source Files\Windows\Chkd Controls</Filter>
    </ClCompile>
    <ClCompile Include="src\UpgradeTree.cpp">
      <Filter>Source Files\Windows\Chkd Controls</Filter>
    </ClCompile>
    <ClCompile Include="src\PreservedUnitStats.cpp">
      <Filter>Source Files\Windows\Dialog Windows\Layers\Unit Properties</Filter>
    </ClCompile>
    <ClCompile Include="src\UnitProperties.cpp">
      <Filter>Source Files\Windows\Dialog Windows\Layers\Unit Properties</Filter>
    </ClCompile>
    <ClCompile Include="src\LocationProperties.cpp">
      <Filter>Source Files\Windows\Dialog Windows\Layers</Filter>
    </ClCompile>
    <ClCompile Include="src\TerrainPalette.cpp">
      <Filter>Source Files\Windows\Dialog Windows\Layers</Filter>
    </ClCompile>
    <ClCompile Include="src\TileProperties.cpp">
      <Filter>Source Files\Windows\Dialog Windows\Layers</Filter>
    </ClCompile>
    <ClCompile Include="src\ChangePassword.cpp">
      <Filter>Source Files\Windows\Dialog Windows\Map Protection</Filter>
    </ClCompile>
    <ClCompile Include="src\EnterPassword.cpp">
      <Filter>Source Files\Windows\Dialog Windows\Map Protection</Filter>
    </ClCompile>
    <ClCompile Include="src\StringEditor.cpp">
      <Filter>Source Files\Windows\Dialog Windows\Map Settings\%2a\String Editor</Filter>
    </ClCompile>
    <ClCompile Include="src\StringGuide.cpp">
      <Filter>Source Files\Windows\Dialog Windows\Map Settings\%2a\String Editor</Filter>
    </ClCompile>
    <ClCompile Include="src\StringPreview.cpp">
      <Filter>Source Files\Windows\Dialog Windows\Map Settings\%2a\String Editor</Filter>
    </ClCompile>
    <ClCompile Include="src\Forces.cpp">
      <Filter>Source Files\Windows\Dialog Windows\Map Settings\%2a</Filter>
    </ClCompile>
    <ClCompile Include="src\MapProperties.cpp">
      <Filter>Source Files\Windows\Dialog Windows\Map Settings\%2a</Filter>
    </ClCompile>
    <ClCompile Include="src\TechSettings.cpp">
      <Filter>Source Files\Windows\Dialog Windows\Map Settings\%2a</Filter>
    </ClCompile>
    <ClCompile Include="src\UnitSettings.cpp">
      <Filter>Source Files\Windows\Dialog Windows\Map Settings\%2a</Filter>
    </ClCompile>
    <ClCompile Include="src\WavEditor.cpp">
      <Filter>Source Files\Windows\Dialog Windows\Map Settings\%2a</Filter>
    </ClCompile>
    <ClCompile Include="src\MapSettings.cpp">
      <Filter>Source Files\Windows\Dialog Windows\Map Settings</Filter>
    </ClCompile>
    <ClCompile Include="src\NewMap.cpp">
      <Filter>Source Files\Windows\Dialog Windows\New Map</Filter>
    </ClCompile>
    <ClCompile Include="src\LIT.cpp">
      <Filter>Source Files\Windows\Dialog Windows\Text Trig</Filter>
    </ClCompile>
    <ClCompile Include="src\TextTrig.cpp">
      <Filter>Source Files\Windows\Dialog Windows\Text Trig</Filter>
    </ClCompile>
    <ClCompile Include="src\Counters.cpp">
      <Filter>Source Files\Windows\Dialog Windows\Trig Editor\%2a</Filter>
    </ClCompile>
    <ClCompile Include="src\CUWPs.cpp">
      <Filter>Source Files\Windows\Dialog Windows\Trig Editor\%2a</Filter>
    </ClCompile>
    <ClCompile Include="src\Switches.cpp">
      <Filter>Source Files\Windows\Dialog Windows\Trig Editor\%2a</Filter>
    </ClCompile>
    <ClCompile Include="src\Templates.cpp">
      <Filter>Source Files\Windows\Dialog Windows\Trig Editor\%2a</Filter>
    </ClCompile>
    <ClCompile Include="src\Triggers.cpp">
      <Filter>Source Files\Windows\Dialog Windows\Trig Editor\%2a</Filter>
    </ClCompile>
    <ClCompile Include="src\TrigEditor.cpp">
      <Filter>Source Files\Windows\Dialog Windows\Trig Editor</Filter>
    </ClCompile>
    <ClCompile Include="src\TrigActions.cpp">
      <Filter>Source Files\Windows\Dialog Windows\Trig Modify\%2a</Filter>
    </ClCompile>
    <ClCompile Include="src\TrigConditions.cpp">
      <Filter>Source Files\Windows\Dialog Windows\Trig Modify\%2a</Filter>
    </ClCompile>
    <ClCompile Include="src\TrigGeneral.cpp">
      <Filter>Source Files\Windows\Dialog Windows\Trig Modify\%2a</Filter>
    </ClCompile>
    <ClCompile Include="src\TrigModifyText.cpp">
      <Filter>Source Files\Windows\Dialog Windows\Trig Modify\%2a</Filter>
    </ClCompile>
    <ClCompile Include="src\TrigPlayers.cpp">
      <Filter>Source Files\Windows\Dialog Windows\Trig Modify\%2a</Filter>
    </ClCompile>
    <ClCompile Include="src\TrigModify.cpp">
      <Filter>Source Files\Windows\Dialog Windows\Trig Modify</Filter>
    </ClCompile>
    <ClCompile Include="src\GuiMap.cpp">
      <Filter>Source Files\Windows\Main Windows</Filter>
    </ClCompile>
    <ClCompile Include="src\LeftBar.cpp">
      <Filter>Source Files\Windows\Main Windows</Filter>
    </ClCompile>
    <ClCompile Include="src\MainPlot.cpp">
      <Filter>Source Files\Windows\Main Windows</Filter>
    </ClCompile>
    <ClCompile Include="src\MainToolbar.cpp">
      <Filter>Source Files\Windows\Main Windows</Filter>
    </ClCompile>
    <ClCompile Include="src\Maps.cpp">
      <Filter>Source Files\Windows\Main Windows</Filter>
    </ClCompile>
    <ClCompile Include="src\MiniMap.cpp">
      <Filter>Source Files\Windows\Main Windows</Filter>
    </ClCompile>
    <ClCompile Include="src\Chkdraft.cpp">
      <Filter>Source Files\Windows</Filter>
    </ClCompile>
    <ClCompile Include="src\WindowsUI\WindowsItem.cpp">
      <Filter>Source Files\Windows UI\%2a</Filter>
    </ClCompile>
    <ClCompile Include="src\WindowsUI\ButtonControl.cpp">
      <Filter>Source Files\Windows UI\Controls\Specific</Filter>
    </ClCompile>
    <ClCompile Include="src\WindowsUI\CheckBoxControl.cpp">
      <Filter>Source Files\Windows UI\Controls\Specific</Filter>
    </ClCompile>
    <ClCompile Include="src\WindowsUI\DragListControl.cpp">
      <Filter>Source Files\Windows UI\Controls\Specific</Filter>
    </ClCompile>
    <ClCompile Include="src\WindowsUI\DropdownControl.cpp">
      <Filter>Source Files\Windows UI\Controls\Specific</Filter>
    </ClCompile>
    <ClCompile Include="src\WindowsUI\EditControl.cpp">
      <Filter>Source Files\Windows UI\Controls\Specific</Filter>
    </ClCompile>
    <ClCompile Include="src\WindowsUI\GridItem.cpp">
      <Filter>Source Files\Windows UI\Controls\Specific</Filter>
    </ClCompile>
    <ClCompile Include="src\WindowsUI\GridView.cpp">
      <Filter>Source Files\Windows UI\Controls\Specific</Filter>
    </ClCompile>
    <ClCompile Include="src\WindowsUI\GroupBoxControl.cpp">
      <Filter>Source Files\Windows UI\Controls\Specific</Filter>
    </ClCompile>
    <ClCompile Include="src\WindowsUI\ListBoxControl.cpp">
      <Filter>Source Files\Windows UI\Controls\Specific</Filter>
    </ClCompile>
    <ClCompile Include="src\WindowsUI\ListViewControl.cpp">
      <Filter>Source Files\Windows UI\Controls\Specific</Filter>
    </ClCompile>
    <ClCompile Include="src\WindowsUI\RadioButtonControl.cpp">
      <Filter>Source Files\Windows UI\Controls\Specific</Filter>
    </ClCompile>
    <ClCompile Include="src\WindowsUI\StatusControl.cpp">
      <Filter>Source Files\Windows UI\Controls\Specific</Filter>
    </ClCompile>
    <ClCompile Include="src\WindowsUI\TabControl.cpp">
      <Filter>Source Files\Windows UI\Controls\Specific</Filter>
    </ClCompile>
    <ClCompile Include="src\WindowsUI\TextControl.cpp">
      <Filter>Source Files\Windows UI\Controls\Specific</Filter>
    </ClCompile>
    <ClCompile Include="src\WindowsUI\ToolbarControl.cpp">
      <Filter>Source Files\Windows UI\Controls\Specific</Filter>
    </ClCompile>
    <ClCompile Include="src\WindowsUI\TreeViewControl.cpp">
      <Filter>Source Files\Windows UI\Controls\Specific</Filter>
    </ClCompile>
    <ClCompile Include="src\WindowsUI\WindowControl.cpp">
      <Filter>Source Files\Windows UI\Controls</Filter>
    </ClCompile>
    <ClCompile Include="src\WindowsUI\WindowMenu.cpp">
      <Filter>Source Files\Windows UI\Menus</Filter>
    </ClCompile>
    <ClCompile Include="src\WindowsUI\ClassDialog.cpp">
      <Filter>Source Files\Windows UI\Windows</Filter>
    </ClCompile>
    <ClCompile Include="src\WindowsUI\ClassWindow.cpp">
      <Filter>Source Files\Windows UI\Windows</Filter>
    </ClCompile>
    <ClCompile Include="src\WindowsUI\MdiClient.cpp">
      <Filter>Source Files\Windows UI\Windows</Filter>
    </ClCompile>
    <ClCompile Include="src\Main.cpp">
      <Filter>Source Files</Filter>
    </ClCompile>
    <ClCompile Include="src\UpgradeSettings.cpp">
      <Filter>Source Files\Windows\Dialog Windows\Map Settings\%2a</Filter>
    </ClCompile>
    <ClCompile Include="src\Undos.cpp">
      <Filter>Source Files\Mapping\Undos</Filter>
    </ClCompile>
    <ClCompile Include="src\WindowsUI\PaintBuffer.cpp">
      <Filter>Source Files\Windows UI\%2a</Filter>
    </ClCompile>
    <ClCompile Include="src\ChkdPlugins.cpp">
      <Filter>Source Files\Mapping\%2a</Filter>
    </ClCompile>
  </ItemGroup>
  <ItemGroup>
    <None Include="Icon.ico">
      <Filter>Resource Files</Filter>
    </None>
    <None Include="Save-as.bmp">
      <Filter>Resource Files</Filter>
    </None>
  </ItemGroup>
  <ItemGroup>
    <ResourceCompile Include="Resource.rc">
      <Filter>Resource Files</Filter>
    </ResourceCompile>
  </ItemGroup>
  <ItemGroup>
    <Image Include="New Tab.bmp">
      <Filter>Resource Files</Filter>
    </Image>
  </ItemGroup>
</Project>