<?xml version="1.0" encoding="utf-8"?>
<Project ToolsVersion="4.0" xmlns="http://schemas.microsoft.com/developer/msbuild/2003">
  <ItemGroup>
    <Filter Include="Chkdraft">
      <UniqueIdentifier>{1df2513a-2405-42ba-a98c-7867715eb231}</UniqueIdentifier>
    </Filter>
    <Filter Include="Chkdraft\Header Files">
      <UniqueIdentifier>{af6dcbfe-3e4e-4462-a001-0e9c66a6f22f}</UniqueIdentifier>
    </Filter>
    <Filter Include="Chkdraft\Header Files\Command">
      <UniqueIdentifier>{b4820ef0-9ca2-4f84-bbd9-731ae81874cb}</UniqueIdentifier>
    </Filter>
    <Filter Include="Chkdraft\Header Files\Command\%2a">
      <UniqueIdentifier>{cc31eec1-e0c3-4398-8f23-db29313a4c77}</UniqueIdentifier>
    </Filter>
    <Filter Include="Chkdraft\Header Files\Command\Commands">
      <UniqueIdentifier>{dc517465-1526-41d2-8d49-075200038b1c}</UniqueIdentifier>
    </Filter>
    <Filter Include="Chkdraft\Header Files\Command\Errors">
      <UniqueIdentifier>{58b653ed-d14f-4336-a008-3691af00cbc0}</UniqueIdentifier>
    </Filter>
    <Filter Include="Chkdraft\Header Files\Common Files">
      <UniqueIdentifier>{a6973191-9e36-4d6e-8ffe-854ab08a200f}</UniqueIdentifier>
    </Filter>
    <Filter Include="Chkdraft\Header Files\Mapping">
      <UniqueIdentifier>{e849cb55-c944-4437-b491-a064f39fa004}</UniqueIdentifier>
    </Filter>
    <Filter Include="Chkdraft\Header Files\Mapping\%2a">
      <UniqueIdentifier>{460a8576-6195-483b-bf3b-0f3c50ef72d8}</UniqueIdentifier>
    </Filter>
    <Filter Include="Chkdraft\Header Files\Mapping\Trigger Text">
      <UniqueIdentifier>{5d23b749-5baa-4dd0-ace0-bfd6ea8f9f03}</UniqueIdentifier>
    </Filter>
    <Filter Include="Chkdraft\Header Files\Mapping\Undos">
      <UniqueIdentifier>{89118e0d-4582-48bc-a38e-389fd8a00ae1}</UniqueIdentifier>
    </Filter>
    <Filter Include="Chkdraft\Header Files\Mapping\Undos\ChkdUndos">
      <UniqueIdentifier>{62cd6150-e7ee-4691-8f7e-def1a661336f}</UniqueIdentifier>
    </Filter>
    <Filter Include="Chkdraft\Header Files\Mapping\Undos\ChkdUndos\%2a">
      <UniqueIdentifier>{ec214659-049f-4574-b864-455a3323ed4f}</UniqueIdentifier>
    </Filter>
    <Filter Include="Chkdraft\Header Files\Mapping Core">
      <UniqueIdentifier>{ae3aa596-1150-4e13-a305-322d0c55179a}</UniqueIdentifier>
    </Filter>
    <Filter Include="Chkdraft\Header Files\Mapping Core\%2a">
      <UniqueIdentifier>{d4a026f0-0303-4b98-b383-c210888201ae}</UniqueIdentifier>
    </Filter>
    <Filter Include="Chkdraft\Header Files\Mapping Core\Structs">
      <UniqueIdentifier>{a2637ff5-3307-4136-8fc9-ec8177f3ae01}</UniqueIdentifier>
    </Filter>
    <Filter Include="Chkdraft\Header Files\Mapping Core\Structs\%2a">
      <UniqueIdentifier>{70843724-c9c4-413a-8543-22e24e0726be}</UniqueIdentifier>
    </Filter>
    <Filter Include="Chkdraft\Header Files\Windows UI">
      <UniqueIdentifier>{ad3c9623-e97a-4d39-a22e-8a366679f9f9}</UniqueIdentifier>
    </Filter>
    <Filter Include="Chkdraft\Header Files\Windows UI\%2a">
      <UniqueIdentifier>{fd1e8a50-862a-4629-a814-d29bfaacecee}</UniqueIdentifier>
    </Filter>
    <Filter Include="Chkdraft\Header Files\Windows UI\Controls">
      <UniqueIdentifier>{40eda1db-6dc4-4000-ae4c-0efc950ffe8d}</UniqueIdentifier>
    </Filter>
    <Filter Include="Chkdraft\Header Files\Windows UI\Controls\Specific">
      <UniqueIdentifier>{41112982-8cdd-4b07-a5e8-da5e0f3928f6}</UniqueIdentifier>
    </Filter>
    <Filter Include="Chkdraft\Header Files\Windows UI\Menus">
      <UniqueIdentifier>{3f9eef4c-b138-4189-9c9e-5653a8ed4b9e}</UniqueIdentifier>
    </Filter>
    <Filter Include="Chkdraft\Header Files\Windows UI\Windows">
      <UniqueIdentifier>{c259cb6c-0af0-4f95-be68-dca3149a5bd5}</UniqueIdentifier>
    </Filter>
    <Filter Include="Chkdraft\Header Files\Windows">
      <UniqueIdentifier>{cf645b6b-1002-4624-a00d-dba1cdb789ad}</UniqueIdentifier>
    </Filter>
    <Filter Include="Chkdraft\Header Files\Windows\Chkd Controls">
      <UniqueIdentifier>{df6ca906-9b8d-4a24-8dd1-0d508e135be9}</UniqueIdentifier>
    </Filter>
    <Filter Include="Chkdraft\Header Files\Windows\Dialog Windows">
      <UniqueIdentifier>{3e312790-9a42-4891-a7fa-a09f3fafd258}</UniqueIdentifier>
    </Filter>
    <Filter Include="Chkdraft\Header Files\Windows\Dialog Windows\Layers">
      <UniqueIdentifier>{09e3fe7a-5a8a-4510-a07b-a9cf82b75417}</UniqueIdentifier>
    </Filter>
    <Filter Include="Chkdraft\Header Files\Windows\Dialog Windows\Layers\Unit Properties">
      <UniqueIdentifier>{fe897a1e-b1b6-490c-928c-79fbd7030e7b}</UniqueIdentifier>
    </Filter>
    <Filter Include="Chkdraft\Header Files\Windows\Dialog Windows\Map Protection">
      <UniqueIdentifier>{764118ae-d688-4553-9203-2f098c8abd76}</UniqueIdentifier>
    </Filter>
    <Filter Include="Chkdraft\Header Files\Windows\Dialog Windows\Map Settings">
      <UniqueIdentifier>{5de4b111-6a38-4686-999e-dd31b5793372}</UniqueIdentifier>
    </Filter>
    <Filter Include="Chkdraft\Header Files\Windows\Dialog Windows\Map Settings\%2a">
      <UniqueIdentifier>{920cf1c2-863d-4737-a4a0-78c684751caa}</UniqueIdentifier>
    </Filter>
    <Filter Include="Chkdraft\Header Files\Windows\Dialog Windows\Map Settings\%2a\String Editor">
      <UniqueIdentifier>{26e236e7-87f6-4b06-ae96-d12256353cba}</UniqueIdentifier>
    </Filter>
    <Filter Include="Chkdraft\Header Files\Windows\Dialog Windows\New Map">
      <UniqueIdentifier>{5732be97-62bf-4635-91d1-546f208704b0}</UniqueIdentifier>
    </Filter>
    <Filter Include="Chkdraft\Header Files\Windows\Dialog Windows\Text Trig">
      <UniqueIdentifier>{1dab5a33-d16c-4ffc-98f0-7f1e46dbd1fd}</UniqueIdentifier>
    </Filter>
    <Filter Include="Chkdraft\Header Files\Windows\Dialog Windows\Trig Editor">
      <UniqueIdentifier>{0bdfc6b0-cd7f-4c11-9048-93c36a927187}</UniqueIdentifier>
    </Filter>
    <Filter Include="Chkdraft\Header Files\Windows\Dialog Windows\Trig Editor\%2a">
      <UniqueIdentifier>{57c8406f-c845-4ce1-8ce0-20e1d46f2e98}</UniqueIdentifier>
    </Filter>
    <Filter Include="Chkdraft\Header Files\Windows\Dialog Windows\Trig Modify">
      <UniqueIdentifier>{c23c7826-b0dd-4827-8d47-68c493fac88f}</UniqueIdentifier>
    </Filter>
    <Filter Include="Chkdraft\Header Files\Windows\Dialog Windows\Trig Modify\%2a">
      <UniqueIdentifier>{ea73a43a-79ab-4576-b6a4-bfd1ee976788}</UniqueIdentifier>
    </Filter>
    <Filter Include="Chkdraft\Header Files\Windows\Main Windows">
      <UniqueIdentifier>{41fd66a2-0a83-496e-b729-63c4af067470}</UniqueIdentifier>
    </Filter>
    <Filter Include="Chkdraft\Resource Files">
      <UniqueIdentifier>{edc64574-ba07-4ee2-9211-6fda1acc8644}</UniqueIdentifier>
    </Filter>
    <Filter Include="Chkdraft\Source Files">
      <UniqueIdentifier>{3b61cfb8-fa8e-4e76-9516-a6a5be3877ac}</UniqueIdentifier>
    </Filter>
    <Filter Include="Chkdraft\Source Files\Command">
      <UniqueIdentifier>{8a2edba6-2493-4841-9c92-91987e217fed}</UniqueIdentifier>
    </Filter>
    <Filter Include="Chkdraft\Source Files\Command\%2a">
      <UniqueIdentifier>{61287b13-98ed-43fc-b8f1-39e9828f998c}</UniqueIdentifier>
    </Filter>
    <Filter Include="Chkdraft\Source Files\Command\Commands">
      <UniqueIdentifier>{5defc465-c536-4d25-bf8b-426418768227}</UniqueIdentifier>
    </Filter>
    <Filter Include="Chkdraft\Source Files\Command\Errors">
      <UniqueIdentifier>{204cfb49-8944-4fba-9011-f524f8b1f6b3}</UniqueIdentifier>
    </Filter>
    <Filter Include="Chkdraft\Source Files\Common Files">
      <UniqueIdentifier>{5de7768a-07e6-460e-a6bd-4e05bf48e6dd}</UniqueIdentifier>
    </Filter>
    <Filter Include="Chkdraft\Source Files\Mapping">
      <UniqueIdentifier>{f07e69d8-3798-4ae9-a096-c5e2250545df}</UniqueIdentifier>
    </Filter>
    <Filter Include="Chkdraft\Source Files\Mapping\%2a">
      <UniqueIdentifier>{dc919755-e2ec-4edf-9926-84cf7c35c20f}</UniqueIdentifier>
    </Filter>
    <Filter Include="Chkdraft\Source Files\Mapping\Trigger Text">
      <UniqueIdentifier>{3945d7bd-c2cb-4c7c-9480-f0d0bd60223d}</UniqueIdentifier>
    </Filter>
    <Filter Include="Chkdraft\Source Files\Mapping\Undos">
      <UniqueIdentifier>{14eb7d60-2771-47c6-9c66-7fd598e64682}</UniqueIdentifier>
    </Filter>
    <Filter Include="Chkdraft\Source Files\Mapping\Undos\ChkdUndos">
      <UniqueIdentifier>{91a225a1-882e-41be-b2c3-08c1a45a7c59}</UniqueIdentifier>
    </Filter>
    <Filter Include="Chkdraft\Source Files\Mapping Core">
      <UniqueIdentifier>{3adf2d58-2c02-44d0-980a-1a3ca4e6a4c5}</UniqueIdentifier>
    </Filter>
    <Filter Include="Chkdraft\Source Files\Mapping Core\%2a">
      <UniqueIdentifier>{21ce26e4-4ec2-4ac8-be24-eb1cd2483307}</UniqueIdentifier>
    </Filter>
    <Filter Include="Chkdraft\Source Files\Mapping Core\Structs">
      <UniqueIdentifier>{46c30d9c-7ab3-4211-a419-570314f70d22}</UniqueIdentifier>
    </Filter>
    <Filter Include="Chkdraft\Source Files\Windows">
      <UniqueIdentifier>{faf6cbd0-5de2-4f7c-be38-8bf12c63c0c4}</UniqueIdentifier>
    </Filter>
    <Filter Include="Chkdraft\Source Files\Windows\Chkd Controls">
      <UniqueIdentifier>{499fa1a4-86b2-4922-9915-2cdb47506382}</UniqueIdentifier>
    </Filter>
    <Filter Include="Chkdraft\Source Files\Windows\Dialog Windows">
      <UniqueIdentifier>{19b435cc-4b26-4b11-b67d-40a3020c86ce}</UniqueIdentifier>
    </Filter>
    <Filter Include="Chkdraft\Source Files\Windows\Dialog Windows\Layers">
      <UniqueIdentifier>{1ea1ad50-28d3-4ac2-9409-08e1d9930d20}</UniqueIdentifier>
    </Filter>
    <Filter Include="Chkdraft\Source Files\Windows\Dialog Windows\Layers\Unit Properties">
      <UniqueIdentifier>{ee0e4486-9d9c-42b9-af60-b1f3c52c13ed}</UniqueIdentifier>
    </Filter>
    <Filter Include="Chkdraft\Source Files\Windows\Dialog Windows\Map Protection">
      <UniqueIdentifier>{7abf3f91-a393-43d9-84b0-ef2a26accb86}</UniqueIdentifier>
    </Filter>
    <Filter Include="Chkdraft\Source Files\Windows\Dialog Windows\Map Settings">
      <UniqueIdentifier>{c5697482-0353-46f5-beb6-e8728e75c305}</UniqueIdentifier>
    </Filter>
    <Filter Include="Chkdraft\Source Files\Windows\Dialog Windows\Map Settings\%2a">
      <UniqueIdentifier>{dde3a354-e1db-4402-ae76-ff6e8bd7fa07}</UniqueIdentifier>
    </Filter>
    <Filter Include="Chkdraft\Source Files\Windows\Dialog Windows\Map Settings\%2a\String Editor">
      <UniqueIdentifier>{32e98f94-8c04-4dc7-b4f3-cc26fe0c74ab}</UniqueIdentifier>
    </Filter>
    <Filter Include="Chkdraft\Source Files\Windows\Dialog Windows\New Map">
      <UniqueIdentifier>{78883afa-9ff4-46e1-9cb1-ba1d75ea7182}</UniqueIdentifier>
    </Filter>
    <Filter Include="Chkdraft\Source Files\Windows\Dialog Windows\Trig Editor">
      <UniqueIdentifier>{d6f9d5ed-0731-4839-b40a-0e89b9563ed2}</UniqueIdentifier>
    </Filter>
    <Filter Include="Chkdraft\Source Files\Windows\Dialog Windows\Trig Editor\%2a">
      <UniqueIdentifier>{75390ecb-4618-4edc-ba44-45ea84118080}</UniqueIdentifier>
    </Filter>
    <Filter Include="Chkdraft\Source Files\Windows\Dialog Windows\Trig Modify">
      <UniqueIdentifier>{c5f813b8-39fc-4429-9330-0b9878cb2862}</UniqueIdentifier>
    </Filter>
    <Filter Include="Chkdraft\Source Files\Windows\Dialog Windows\Trig Modify\%2a">
      <UniqueIdentifier>{341446f9-5648-430b-9272-ad1d667ec375}</UniqueIdentifier>
    </Filter>
    <Filter Include="Chkdraft\Source Files\Windows\Dialog Windows\Text Trig">
      <UniqueIdentifier>{a96d5587-4f3f-4d3d-9366-a27aa8a0bbc3}</UniqueIdentifier>
    </Filter>
    <Filter Include="Chkdraft\Source Files\Windows\Main Windows">
      <UniqueIdentifier>{d4516f63-f31e-4ba7-a5a7-7c83ad883264}</UniqueIdentifier>
    </Filter>
    <Filter Include="Chkdraft\Source Files\Windows UI">
      <UniqueIdentifier>{bd2359e6-d5ea-4432-8dd5-108e215ecd44}</UniqueIdentifier>
    </Filter>
    <Filter Include="Chkdraft\Source Files\Windows UI\%2a">
      <UniqueIdentifier>{2e664d59-8749-498e-9ba1-cc2a293cfa1f}</UniqueIdentifier>
    </Filter>
    <Filter Include="Chkdraft\Source Files\Windows UI\Controls">
      <UniqueIdentifier>{644cb385-dae1-408c-ad6a-cfa6d6dc66a6}</UniqueIdentifier>
    </Filter>
    <Filter Include="Chkdraft\Source Files\Windows UI\Controls\Specific">
      <UniqueIdentifier>{60601fbb-f768-42ec-8562-37dee5aa3f76}</UniqueIdentifier>
    </Filter>
    <Filter Include="Chkdraft\Source Files\Windows UI\Menus">
      <UniqueIdentifier>{6b4bcd0e-d453-4136-aefe-bc75923946d4}</UniqueIdentifier>
    </Filter>
    <Filter Include="Chkdraft\Source Files\Windows UI\Windows">
      <UniqueIdentifier>{b782783f-649b-47ab-9adc-d59cd4062ff8}</UniqueIdentifier>
    </Filter>
    <Filter Include="Chkdraft Test">
      <UniqueIdentifier>{a38e2759-f8a1-43bf-a5c8-4380bd0b4dc3}</UniqueIdentifier>
    </Filter>
    <Filter Include="gtest">
      <UniqueIdentifier>{a7756181-7cdc-4f91-82ca-68e478f0ad0a}</UniqueIdentifier>
    </Filter>
  </ItemGroup>
  <ItemGroup>
    <ClInclude Include="..\Chkdraft\src\Commander.h">
      <Filter>Chkdraft\Header Files\Command\%2a</Filter>
    </ClInclude>
    <ClInclude Include="..\Chkdraft\src\ErrorHandler.h">
      <Filter>Chkdraft\Header Files\Command\%2a</Filter>
    </ClInclude>
    <ClInclude Include="..\Chkdraft\src\GenericCommand.h">
      <Filter>Chkdraft\Header Files\Command\%2a</Filter>
    </ClInclude>
    <ClInclude Include="..\Chkdraft\src\Logger.h">
      <Filter>Chkdraft\Header Files\Command\%2a</Filter>
    </ClInclude>
    <ClInclude Include="..\Chkdraft\src\CommandTypes.h">
      <Filter>Chkdraft\Header Files\Command\Commands</Filter>
    </ClInclude>
    <ClInclude Include="..\Chkdraft\src\TestCommands.h">
      <Filter>Chkdraft\Header Files\Command\Commands</Filter>
    </ClInclude>
    <ClInclude Include="..\Chkdraft\src\CommonFiles\CommonFiles.h">
      <Filter>Chkdraft\Header Files\Common Files</Filter>
    </ClInclude>
    <ClInclude Include="..\Chkdraft\src\CommonFiles\Constants.h">
      <Filter>Chkdraft\Header Files\Common Files</Filter>
    </ClInclude>
    <ClInclude Include="..\Chkdraft\src\CommonFiles\Debug.h">
      <Filter>Chkdraft\Header Files\Common Files</Filter>
    </ClInclude>
    <ClInclude Include="..\Chkdraft\src\CommonFiles\Resource.h">
      <Filter>Chkdraft\Header Files\Common Files</Filter>
    </ClInclude>
    <ClInclude Include="..\Chkdraft\src\CommonFiles\Structs.h">
      <Filter>Chkdraft\Header Files\Common Files</Filter>
    </ClInclude>
    <ClInclude Include="..\Chkdraft\src\CommonFiles\Version.h">
      <Filter>Chkdraft\Header Files\Common Files</Filter>
    </ClInclude>
    <ClInclude Include="..\Chkdraft\src\ChkdPlugins.h">
      <Filter>Chkdraft\Header Files\Mapping\%2a</Filter>
    </ClInclude>
    <ClInclude Include="..\Chkdraft\src\Clipboard.h">
      <Filter>Chkdraft\Header Files\Mapping\%2a</Filter>
    </ClInclude>
    <ClInclude Include="..\Chkdraft\src\Graphics.h">
      <Filter>Chkdraft\Header Files\Mapping\%2a</Filter>
    </ClInclude>
    <ClInclude Include="..\Chkdraft\src\ScData.h">
      <Filter>Chkdraft\Header Files\Mapping\%2a</Filter>
    </ClInclude>
    <ClInclude Include="..\Chkdraft\src\Selections.h">
      <Filter>Chkdraft\Header Files\Mapping\%2a</Filter>
    </ClInclude>
    <ClInclude Include="..\Chkdraft\src\Settings.h">
      <Filter>Chkdraft\Header Files\Mapping\%2a</Filter>
    </ClInclude>
    <ClInclude Include="..\Chkdraft\src\StaticTrigComponentParser.h">
      <Filter>Chkdraft\Header Files\Mapping\Trigger Text</Filter>
    </ClInclude>
    <ClInclude Include="..\Chkdraft\src\TextTrigCompiler.h">
      <Filter>Chkdraft\Header Files\Mapping\Trigger Text</Filter>
    </ClInclude>
    <ClInclude Include="..\Chkdraft\src\TextTrigGenerator.h">
      <Filter>Chkdraft\Header Files\Mapping\Trigger Text</Filter>
    </ClInclude>
    <ClInclude Include="..\Chkdraft\src\Reversibles.h">
      <Filter>Chkdraft\Header Files\Mapping\Undos</Filter>
    </ClInclude>
    <ClInclude Include="..\Chkdraft\src\Undos.h">
      <Filter>Chkdraft\Header Files\Mapping\Undos</Filter>
    </ClInclude>
    <ClInclude Include="..\Chkdraft\src\UndoTypes.h">
      <Filter>Chkdraft\Header Files\Mapping\Undos\ChkdUndos</Filter>
    </ClInclude>
    <ClInclude Include="..\Chkdraft\src\LocationChange.h">
      <Filter>Chkdraft\Header Files\Mapping\Undos\ChkdUndos\%2a</Filter>
    </ClInclude>
    <ClInclude Include="..\Chkdraft\src\LocationCreateDel.h">
      <Filter>Chkdraft\Header Files\Mapping\Undos\ChkdUndos\%2a</Filter>
    </ClInclude>
    <ClInclude Include="..\Chkdraft\src\LocationMove.h">
      <Filter>Chkdraft\Header Files\Mapping\Undos\ChkdUndos\%2a</Filter>
    </ClInclude>
    <ClInclude Include="..\Chkdraft\src\TileChange.h">
      <Filter>Chkdraft\Header Files\Mapping\Undos\ChkdUndos\%2a</Filter>
    </ClInclude>
    <ClInclude Include="..\Chkdraft\src\UnitChange.h">
      <Filter>Chkdraft\Header Files\Mapping\Undos\ChkdUndos\%2a</Filter>
    </ClInclude>
    <ClInclude Include="..\Chkdraft\src\UnitCreateDel.h">
      <Filter>Chkdraft\Header Files\Mapping\Undos\ChkdUndos\%2a</Filter>
    </ClInclude>
    <ClInclude Include="..\Chkdraft\src\UnitIndexMove.h">
      <Filter>Chkdraft\Header Files\Mapping\Undos\ChkdUndos\%2a</Filter>
    </ClInclude>
    <ClInclude Include="..\Chkdraft\src\MappingCore\MappingCore.h">
      <Filter>Chkdraft\Header Files\Mapping Core</Filter>
    </ClInclude>
    <ClInclude Include="..\Chkdraft\src\MappingCore\Basics.h">
      <Filter>Chkdraft\Header Files\Mapping Core\%2a</Filter>
    </ClInclude>
    <ClInclude Include="..\Chkdraft\src\MappingCore\Buffer.h">
      <Filter>Chkdraft\Header Files\Mapping Core\%2a</Filter>
    </ClInclude>
    <ClInclude Include="..\Chkdraft\src\MappingCore\DefaultCHK.h">
      <Filter>Chkdraft\Header Files\Mapping Core\%2a</Filter>
    </ClInclude>
    <ClInclude Include="..\Chkdraft\src\MappingCore\EscapeStrings.h">
      <Filter>Chkdraft\Header Files\Mapping Core\%2a</Filter>
    </ClInclude>
    <ClInclude Include="..\Chkdraft\src\MappingCore\FileIO.h">
      <Filter>Chkdraft\Header Files\Mapping Core\%2a</Filter>
    </ClInclude>
    <ClInclude Include="..\Chkdraft\src\MappingCore\MapFile.h">
      <Filter>Chkdraft\Header Files\Mapping Core\%2a</Filter>
    </ClInclude>
    <ClInclude Include="..\Chkdraft\src\MappingCore\Math.h">
      <Filter>Chkdraft\Header Files\Mapping Core\%2a</Filter>
    </ClInclude>
    <ClInclude Include="..\Chkdraft\src\MappingCore\Scenario.h">
      <Filter>Chkdraft\Header Files\Mapping Core\%2a</Filter>
    </ClInclude>
    <ClInclude Include="..\Chkdraft\src\MappingCore\sha256.h">
      <Filter>Chkdraft\Header Files\Mapping Core\%2a</Filter>
    </ClInclude>
    <ClInclude Include="..\Chkdraft\src\MappingCore\StringUsage.h">
      <Filter>Chkdraft\Header Files\Mapping Core\%2a</Filter>
    </ClInclude>
    <ClInclude Include="..\Chkdraft\src\MappingCore\SubStringMap.h">
      <Filter>Chkdraft\Header Files\Mapping Core\%2a</Filter>
    </ClInclude>
    <ClInclude Include="..\Chkdraft\src\MappingCore\TemporaryFile.h">
      <Filter>Chkdraft\Header Files\Mapping Core\%2a</Filter>
    </ClInclude>
    <ClInclude Include="..\Chkdraft\SFmpq\SFmpqapi.h">
      <Filter>Chkdraft\Header Files\Mapping Core\%2a</Filter>
    </ClInclude>
    <ClInclude Include="..\Chkdraft\src\MappingCore\CoreStructs.h">
      <Filter>Chkdraft\Header Files\Mapping Core\Structs</Filter>
    </ClInclude>
    <ClInclude Include="..\Chkdraft\src\MappingCore\ChkAction.h">
      <Filter>Chkdraft\Header Files\Mapping Core\Structs\%2a</Filter>
    </ClInclude>
    <ClInclude Include="..\Chkdraft\src\MappingCore\ChkCondition.h">
      <Filter>Chkdraft\Header Files\Mapping Core\Structs\%2a</Filter>
    </ClInclude>
    <ClInclude Include="..\Chkdraft\src\MappingCore\ChkCuwp.h">
      <Filter>Chkdraft\Header Files\Mapping Core\Structs\%2a</Filter>
    </ClInclude>
    <ClInclude Include="..\Chkdraft\src\MappingCore\ChkDoodad.h">
      <Filter>Chkdraft\Header Files\Mapping Core\Structs\%2a</Filter>
    </ClInclude>
    <ClInclude Include="..\Chkdraft\src\MappingCore\ChkLocation.h">
      <Filter>Chkdraft\Header Files\Mapping Core\Structs\%2a</Filter>
    </ClInclude>
    <ClInclude Include="..\Chkdraft\src\MappingCore\ChkSprite.h">
      <Filter>Chkdraft\Header Files\Mapping Core\Structs\%2a</Filter>
    </ClInclude>
    <ClInclude Include="..\Chkdraft\src\MappingCore\ChkTrigger.h">
      <Filter>Chkdraft\Header Files\Mapping Core\Structs\%2a</Filter>
    </ClInclude>
    <ClInclude Include="..\Chkdraft\src\MappingCore\ChkUnit.h">
      <Filter>Chkdraft\Header Files\Mapping Core\Structs\%2a</Filter>
    </ClInclude>
    <ClInclude Include="..\Chkdraft\src\MappingCore\ModifiedAsset.h">
      <Filter>Chkdraft\Header Files\Mapping Core\Structs\%2a</Filter>
    </ClInclude>
    <ClInclude Include="..\Chkdraft\src\MappingCore\StringTableNode.h">
      <Filter>Chkdraft\Header Files\Mapping Core\Structs\%2a</Filter>
    </ClInclude>
    <ClInclude Include="..\Chkdraft\src\ChkdCtrlEnums.h">
      <Filter>Chkdraft\Header Files\Windows\Chkd Controls</Filter>
    </ClInclude>
    <ClInclude Include="..\Chkdraft\src\ChkdStringInput.h">
      <Filter>Chkdraft\Header Files\Windows\Chkd Controls</Filter>
    </ClInclude>
    <ClInclude Include="..\Chkdraft\src\CndActGrid.h">
      <Filter>Chkdraft\Header Files\Windows\Chkd Controls</Filter>
    </ClInclude>
    <ClInclude Include="..\Chkdraft\src\CuwpInput.h">
      <Filter>Chkdraft\Header Files\Windows\Chkd Controls</Filter>
    </ClInclude>
    <ClInclude Include="..\Chkdraft\src\LocationTree.h">
      <Filter>Chkdraft\Header Files\Windows\Chkd Controls</Filter>
    </ClInclude>
    <ClInclude Include="..\Chkdraft\src\MainTree.h">
      <Filter>Chkdraft\Header Files\Windows\Chkd Controls</Filter>
    </ClInclude>
    <ClInclude Include="..\Chkdraft\src\MoveTo.h">
      <Filter>Chkdraft\Header Files\Windows\Chkd Controls</Filter>
    </ClInclude>
    <ClInclude Include="..\Chkdraft\src\PeerListBox.h">
      <Filter>Chkdraft\Header Files\Windows\Chkd Controls</Filter>
    </ClInclude>
    <ClInclude Include="..\Chkdraft\src\PlayerDropdown.h">
      <Filter>Chkdraft\Header Files\Windows\Chkd Controls</Filter>
    </ClInclude>
    <ClInclude Include="..\Chkdraft\src\Suggestions.h">
      <Filter>Chkdraft\Header Files\Windows\Chkd Controls</Filter>
    </ClInclude>
    <ClInclude Include="..\Chkdraft\src\TechTree.h">
      <Filter>Chkdraft\Header Files\Windows\Chkd Controls</Filter>
    </ClInclude>
    <ClInclude Include="..\Chkdraft\src\UnitTree.h">
      <Filter>Chkdraft\Header Files\Windows\Chkd Controls</Filter>
    </ClInclude>
    <ClInclude Include="..\Chkdraft\src\UpgradeTree.h">
      <Filter>Chkdraft\Header Files\Windows\Chkd Controls</Filter>
    </ClInclude>
    <ClInclude Include="..\Chkdraft\src\LocationProperties.h">
      <Filter>Chkdraft\Header Files\Windows\Dialog Windows\Layers</Filter>
    </ClInclude>
    <ClInclude Include="..\Chkdraft\src\TerrainPalette.h">
      <Filter>Chkdraft\Header Files\Windows\Dialog Windows\Layers</Filter>
    </ClInclude>
    <ClInclude Include="..\Chkdraft\src\TileProperties.h">
      <Filter>Chkdraft\Header Files\Windows\Dialog Windows\Layers</Filter>
    </ClInclude>
    <ClInclude Include="..\Chkdraft\src\PreservedUnitStats.h">
      <Filter>Chkdraft\Header Files\Windows\Dialog Windows\Layers\Unit Properties</Filter>
    </ClInclude>
    <ClInclude Include="..\Chkdraft\src\UnitProperties.h">
      <Filter>Chkdraft\Header Files\Windows\Dialog Windows\Layers\Unit Properties</Filter>
    </ClInclude>
    <ClInclude Include="..\Chkdraft\src\ChangePassword.h">
      <Filter>Chkdraft\Header Files\Windows\Dialog Windows\Map Protection</Filter>
    </ClInclude>
    <ClInclude Include="..\Chkdraft\src\EnterPassword.h">
      <Filter>Chkdraft\Header Files\Windows\Dialog Windows\Map Protection</Filter>
    </ClInclude>
    <ClInclude Include="..\Chkdraft\src\MapSettings.h">
      <Filter>Chkdraft\Header Files\Windows\Dialog Windows\Map Settings</Filter>
    </ClInclude>
    <ClInclude Include="..\Chkdraft\src\Forces.h">
      <Filter>Chkdraft\Header Files\Windows\Dialog Windows\Map Settings\%2a</Filter>
    </ClInclude>
    <ClInclude Include="..\Chkdraft\src\MapProperties.h">
      <Filter>Chkdraft\Header Files\Windows\Dialog Windows\Map Settings\%2a</Filter>
    </ClInclude>
    <ClInclude Include="..\Chkdraft\src\TechSettings.h">
      <Filter>Chkdraft\Header Files\Windows\Dialog Windows\Map Settings\%2a</Filter>
    </ClInclude>
    <ClInclude Include="..\Chkdraft\src\UnitSettings.h">
      <Filter>Chkdraft\Header Files\Windows\Dialog Windows\Map Settings\%2a</Filter>
    </ClInclude>
    <ClInclude Include="..\Chkdraft\src\UpgradeSettings.h">
      <Filter>Chkdraft\Header Files\Windows\Dialog Windows\Map Settings\%2a</Filter>
    </ClInclude>
    <ClInclude Include="..\Chkdraft\src\WavEditor.h">
      <Filter>Chkdraft\Header Files\Windows\Dialog Windows\Map Settings\%2a</Filter>
    </ClInclude>
    <ClInclude Include="..\Chkdraft\src\StringEditor.h">
      <Filter>Chkdraft\Header Files\Windows\Dialog Windows\Map Settings\%2a\String Editor</Filter>
    </ClInclude>
    <ClInclude Include="..\Chkdraft\src\StringGuide.h">
      <Filter>Chkdraft\Header Files\Windows\Dialog Windows\Map Settings\%2a\String Editor</Filter>
    </ClInclude>
    <ClInclude Include="..\Chkdraft\src\StringPreview.h">
      <Filter>Chkdraft\Header Files\Windows\Dialog Windows\Map Settings\%2a\String Editor</Filter>
    </ClInclude>
    <ClInclude Include="..\Chkdraft\src\NewMap.h">
      <Filter>Chkdraft\Header Files\Windows\Dialog Windows\New Map</Filter>
    </ClInclude>
    <ClInclude Include="..\Chkdraft\src\LIT.h">
      <Filter>Chkdraft\Header Files\Windows\Dialog Windows\Text Trig</Filter>
    </ClInclude>
    <ClInclude Include="..\Chkdraft\src\TextTrig.h">
      <Filter>Chkdraft\Header Files\Windows\Dialog Windows\Text Trig</Filter>
    </ClInclude>
    <ClInclude Include="..\Chkdraft\src\TrigEditor.h">
      <Filter>Chkdraft\Header Files\Windows\Dialog Windows\Trig Editor</Filter>
    </ClInclude>
    <ClInclude Include="..\Chkdraft\src\Counters.h">
      <Filter>Chkdraft\Header Files\Windows\Dialog Windows\Trig Editor\%2a</Filter>
    </ClInclude>
    <ClInclude Include="..\Chkdraft\src\CUWPs.h">
      <Filter>Chkdraft\Header Files\Windows\Dialog Windows\Trig Editor\%2a</Filter>
    </ClInclude>
    <ClInclude Include="..\Chkdraft\src\Switches.h">
      <Filter>Chkdraft\Header Files\Windows\Dialog Windows\Trig Editor\%2a</Filter>
    </ClInclude>
    <ClInclude Include="..\Chkdraft\src\Templates.h">
      <Filter>Chkdraft\Header Files\Windows\Dialog Windows\Trig Editor\%2a</Filter>
    </ClInclude>
    <ClInclude Include="..\Chkdraft\src\Triggers.h">
      <Filter>Chkdraft\Header Files\Windows\Dialog Windows\Trig Editor\%2a</Filter>
    </ClInclude>
    <ClInclude Include="..\Chkdraft\src\DialogWindows.h">
      <Filter>Chkdraft\Header Files\Windows\Dialog Windows</Filter>
    </ClInclude>
    <ClInclude Include="..\Chkdraft\src\TrigModify.h">
      <Filter>Chkdraft\Header Files\Windows\Dialog Windows\Trig Modify</Filter>
    </ClInclude>
    <ClInclude Include="..\Chkdraft\src\TrigActions.h">
      <Filter>Chkdraft\Header Files\Windows\Dialog Windows\Trig Modify\%2a</Filter>
    </ClInclude>
    <ClInclude Include="..\Chkdraft\src\TrigConditions.h">
      <Filter>Chkdraft\Header Files\Windows\Dialog Windows\Trig Modify\%2a</Filter>
    </ClInclude>
    <ClInclude Include="..\Chkdraft\src\TrigGeneral.h">
      <Filter>Chkdraft\Header Files\Windows\Dialog Windows\Trig Modify\%2a</Filter>
    </ClInclude>
    <ClInclude Include="..\Chkdraft\src\TrigModifyText.h">
      <Filter>Chkdraft\Header Files\Windows\Dialog Windows\Trig Modify\%2a</Filter>
    </ClInclude>
    <ClInclude Include="..\Chkdraft\src\TrigPlayers.h">
      <Filter>Chkdraft\Header Files\Windows\Dialog Windows\Trig Modify\%2a</Filter>
    </ClInclude>
    <ClInclude Include="..\Chkdraft\src\GuiMap.h">
      <Filter>Chkdraft\Header Files\Windows\Main Windows</Filter>
    </ClInclude>
    <ClInclude Include="..\Chkdraft\src\LeftBar.h">
      <Filter>Chkdraft\Header Files\Windows\Main Windows</Filter>
    </ClInclude>
    <ClInclude Include="..\Chkdraft\src\MainPlot.h">
      <Filter>Chkdraft\Header Files\Windows\Main Windows</Filter>
    </ClInclude>
    <ClInclude Include="..\Chkdraft\src\MainToolbar.h">
      <Filter>Chkdraft\Header Files\Windows\Main Windows</Filter>
    </ClInclude>
    <ClInclude Include="..\Chkdraft\src\Maps.h">
      <Filter>Chkdraft\Header Files\Windows\Main Windows</Filter>
    </ClInclude>
    <ClInclude Include="..\Chkdraft\src\MiniMap.h">
      <Filter>Chkdraft\Header Files\Windows\Main Windows</Filter>
    </ClInclude>
    <ClInclude Include="..\Chkdraft\src\Chkdraft.h">
      <Filter>Chkdraft\Header Files\Windows</Filter>
    </ClInclude>
    <ClInclude Include="..\Chkdraft\src\WindowsUI\DataTypes.h">
      <Filter>Chkdraft\Header Files\Windows UI\%2a</Filter>
    </ClInclude>
    <ClInclude Include="..\Chkdraft\src\WindowsUI\PaintBuffer.h">
      <Filter>Chkdraft\Header Files\Windows UI\%2a</Filter>
    </ClInclude>
    <ClInclude Include="..\Chkdraft\src\WindowsUI\WindowsItem.h">
      <Filter>Chkdraft\Header Files\Windows UI\%2a</Filter>
    </ClInclude>
    <ClInclude Include="..\Chkdraft\src\WindowsUI\WindowsUI.h">
      <Filter>Chkdraft\Header Files\Windows UI\%2a</Filter>
    </ClInclude>
    <ClInclude Include="..\Chkdraft\src\WindowsUI\WinUIEnums.h">
      <Filter>Chkdraft\Header Files\Windows UI\%2a</Filter>
    </ClInclude>
    <ClInclude Include="..\Chkdraft\src\WindowsUI\WindowControl.h">
      <Filter>Chkdraft\Header Files\Windows UI\Controls</Filter>
    </ClInclude>
    <ClInclude Include="..\Chkdraft\src\WindowsUI\DragListControl.h">
      <Filter>Chkdraft\Header Files\Windows UI\Controls\Specific</Filter>
    </ClInclude>
    <ClInclude Include="..\Chkdraft\src\WindowsUI\DropdownControl.h">
      <Filter>Chkdraft\Header Files\Windows UI\Controls\Specific</Filter>
    </ClInclude>
    <ClInclude Include="..\Chkdraft\src\WindowsUI\EditControl.h">
      <Filter>Chkdraft\Header Files\Windows UI\Controls\Specific</Filter>
    </ClInclude>
    <ClInclude Include="..\Chkdraft\src\WindowsUI\GridItem.h">
      <Filter>Chkdraft\Header Files\Windows UI\Controls\Specific</Filter>
    </ClInclude>
    <ClInclude Include="..\Chkdraft\src\WindowsUI\GridView.h">
      <Filter>Chkdraft\Header Files\Windows UI\Controls\Specific</Filter>
    </ClInclude>
    <ClInclude Include="..\Chkdraft\src\WindowsUI\GroupBoxControl.h">
      <Filter>Chkdraft\Header Files\Windows UI\Controls\Specific</Filter>
    </ClInclude>
    <ClInclude Include="..\Chkdraft\src\WindowsUI\ListBoxControl.h">
      <Filter>Chkdraft\Header Files\Windows UI\Controls\Specific</Filter>
    </ClInclude>
    <ClInclude Include="..\Chkdraft\src\WindowsUI\ListViewControl.h">
      <Filter>Chkdraft\Header Files\Windows UI\Controls\Specific</Filter>
    </ClInclude>
    <ClInclude Include="..\Chkdraft\src\WindowsUI\RadioButtonControl.h">
      <Filter>Chkdraft\Header Files\Windows UI\Controls\Specific</Filter>
    </ClInclude>
    <ClInclude Include="..\Chkdraft\src\WindowsUI\StatusControl.h">
      <Filter>Chkdraft\Header Files\Windows UI\Controls\Specific</Filter>
    </ClInclude>
    <ClInclude Include="..\Chkdraft\src\WindowsUI\TabControl.h">
      <Filter>Chkdraft\Header Files\Windows UI\Controls\Specific</Filter>
    </ClInclude>
    <ClInclude Include="..\Chkdraft\src\WindowsUI\TextControl.h">
      <Filter>Chkdraft\Header Files\Windows UI\Controls\Specific</Filter>
    </ClInclude>
    <ClInclude Include="..\Chkdraft\src\WindowsUI\ToolbarControl.h">
      <Filter>Chkdraft\Header Files\Windows UI\Controls\Specific</Filter>
    </ClInclude>
    <ClInclude Include="..\Chkdraft\src\WindowsUI\TreeViewControl.h">
      <Filter>Chkdraft\Header Files\Windows UI\Controls\Specific</Filter>
    </ClInclude>
    <ClInclude Include="..\Chkdraft\src\WindowsUI\ButtonControl.h">
      <Filter>Chkdraft\Header Files\Windows UI\Controls\Specific</Filter>
    </ClInclude>
    <ClInclude Include="..\Chkdraft\src\WindowsUI\CheckBoxControl.h">
      <Filter>Chkdraft\Header Files\Windows UI\Controls\Specific</Filter>
    </ClInclude>
    <ClInclude Include="..\Chkdraft\src\WindowsUI\WindowMenu.h">
      <Filter>Chkdraft\Header Files\Windows UI\Menus</Filter>
    </ClInclude>
    <ClInclude Include="..\Chkdraft\src\WindowsUI\ClassDialog.h">
      <Filter>Chkdraft\Header Files\Windows UI\Windows</Filter>
    </ClInclude>
    <ClInclude Include="..\Chkdraft\src\WindowsUI\ClassWindow.h">
      <Filter>Chkdraft\Header Files\Windows UI\Windows</Filter>
    </ClInclude>
    <ClInclude Include="..\Chkdraft\src\WindowsUI\MdiClient.h">
      <Filter>Chkdraft\Header Files\Windows UI\Windows</Filter>
    </ClInclude>
    <ClInclude Include="src\pch.h">
      <Filter>gtest</Filter>
    </ClInclude>
  </ItemGroup>
  <ItemGroup>
    <ClCompile Include="..\Chkdraft\src\Logger.cpp">
      <Filter>Chkdraft\Source Files\Command\%2a</Filter>
    </ClCompile>
    <ClCompile Include="..\Chkdraft\src\GenericCommand.cpp">
      <Filter>Chkdraft\Source Files\Command\%2a</Filter>
    </ClCompile>
    <ClCompile Include="..\Chkdraft\src\ErrorHandler.cpp">
      <Filter>Chkdraft\Source Files\Command\%2a</Filter>
    </ClCompile>
    <ClCompile Include="..\Chkdraft\src\Commander.cpp">
      <Filter>Chkdraft\Source Files\Command\%2a</Filter>
    </ClCompile>
    <ClCompile Include="..\Chkdraft\src\TestCommands.cpp">
      <Filter>Chkdraft\Source Files\Command\Commands</Filter>
    </ClCompile>
    <ClCompile Include="..\Chkdraft\src\CommonFiles\Version.cpp">
      <Filter>Chkdraft\Source Files\Common Files</Filter>
    </ClCompile>
    <ClCompile Include="..\Chkdraft\src\CommonFiles\Structs.cpp">
      <Filter>Chkdraft\Source Files\Common Files</Filter>
    </ClCompile>
    <ClCompile Include="..\Chkdraft\src\CommonFiles\Debug.cpp">
      <Filter>Chkdraft\Source Files\Common Files</Filter>
    </ClCompile>
    <ClCompile Include="..\Chkdraft\src\CommonFiles\Constants.cpp">
      <Filter>Chkdraft\Source Files\Common Files</Filter>
    </ClCompile>
    <ClCompile Include="..\Chkdraft\src\Settings.cpp">
      <Filter>Chkdraft\Source Files\Mapping\%2a</Filter>
    </ClCompile>
    <ClCompile Include="..\Chkdraft\src\Selections.cpp">
      <Filter>Chkdraft\Source Files\Mapping\%2a</Filter>
    </ClCompile>
    <ClCompile Include="..\Chkdraft\src\ScData.cpp">
      <Filter>Chkdraft\Source Files\Mapping\%2a</Filter>
    </ClCompile>
    <ClCompile Include="..\Chkdraft\src\Graphics.cpp">
      <Filter>Chkdraft\Source Files\Mapping\%2a</Filter>
    </ClCompile>
    <ClCompile Include="..\Chkdraft\src\Clipboard.cpp">
      <Filter>Chkdraft\Source Files\Mapping\%2a</Filter>
    </ClCompile>
    <ClCompile Include="..\Chkdraft\src\ChkdPlugins.cpp">
      <Filter>Chkdraft\Source Files\Mapping\%2a</Filter>
    </ClCompile>
    <ClCompile Include="..\Chkdraft\src\TextTrigGenerator.cpp">
      <Filter>Chkdraft\Source Files\Mapping\Trigger Text</Filter>
    </ClCompile>
    <ClCompile Include="..\Chkdraft\src\TextTrigCompiler.cpp">
      <Filter>Chkdraft\Source Files\Mapping\Trigger Text</Filter>
    </ClCompile>
    <ClCompile Include="..\Chkdraft\src\StaticTrigComponentParser.cpp">
      <Filter>Chkdraft\Source Files\Mapping\Trigger Text</Filter>
    </ClCompile>
    <ClCompile Include="..\Chkdraft\src\Undos.cpp">
      <Filter>Chkdraft\Source Files\Mapping\Undos</Filter>
    </ClCompile>
    <ClCompile Include="..\Chkdraft\src\Reversibles.cpp">
      <Filter>Chkdraft\Source Files\Mapping\Undos</Filter>
    </ClCompile>
    <ClCompile Include="..\Chkdraft\src\UnitIndexMove.cpp">
      <Filter>Chkdraft\Source Files\Mapping\Undos\ChkdUndos</Filter>
    </ClCompile>
    <ClCompile Include="..\Chkdraft\src\UnitCreateDel.cpp">
      <Filter>Chkdraft\Source Files\Mapping\Undos\ChkdUndos</Filter>
    </ClCompile>
    <ClCompile Include="..\Chkdraft\src\UnitChange.cpp">
      <Filter>Chkdraft\Source Files\Mapping\Undos\ChkdUndos</Filter>
    </ClCompile>
    <ClCompile Include="..\Chkdraft\src\TileChange.cpp">
      <Filter>Chkdraft\Source Files\Mapping\Undos\ChkdUndos</Filter>
    </ClCompile>
    <ClCompile Include="..\Chkdraft\src\LocationMove.cpp">
      <Filter>Chkdraft\Source Files\Mapping\Undos\ChkdUndos</Filter>
    </ClCompile>
    <ClCompile Include="..\Chkdraft\src\LocationCreateDel.cpp">
      <Filter>Chkdraft\Source Files\Mapping\Undos\ChkdUndos</Filter>
    </ClCompile>
    <ClCompile Include="..\Chkdraft\src\LocationChange.cpp">
      <Filter>Chkdraft\Source Files\Mapping\Undos\ChkdUndos</Filter>
    </ClCompile>
    <ClCompile Include="..\Chkdraft\src\MappingCore\Basics.cpp">
      <Filter>Chkdraft\Source Files\Mapping Core\%2a</Filter>
    </ClCompile>
    <ClCompile Include="..\Chkdraft\src\MappingCore\Buffer.cpp">
      <Filter>Chkdraft\Source Files\Mapping Core\%2a</Filter>
    </ClCompile>
    <ClCompile Include="..\Chkdraft\src\MappingCore\DefaultCHK.cpp">
      <Filter>Chkdraft\Source Files\Mapping Core\%2a</Filter>
    </ClCompile>
    <ClCompile Include="..\Chkdraft\src\MappingCore\EscapeStrings.cpp">
      <Filter>Chkdraft\Source Files\Mapping Core\%2a</Filter>
    </ClCompile>
    <ClCompile Include="..\Chkdraft\src\MappingCore\FileIO.cpp">
      <Filter>Chkdraft\Source Files\Mapping Core\%2a</Filter>
    </ClCompile>
    <ClCompile Include="..\Chkdraft\src\MappingCore\MapFile.cpp">
      <Filter>Chkdraft\Source Files\Mapping Core\%2a</Filter>
    </ClCompile>
    <ClCompile Include="..\Chkdraft\src\MappingCore\Math.cpp">
      <Filter>Chkdraft\Source Files\Mapping Core\%2a</Filter>
    </ClCompile>
    <ClCompile Include="..\Chkdraft\src\MappingCore\Scenario.cpp">
      <Filter>Chkdraft\Source Files\Mapping Core\%2a</Filter>
    </ClCompile>
    <ClCompile Include="..\Chkdraft\src\MappingCore\sha256.cpp">
      <Filter>Chkdraft\Source Files\Mapping Core\%2a</Filter>
    </ClCompile>
    <ClCompile Include="..\Chkdraft\src\MappingCore\StringUsage.cpp">
      <Filter>Chkdraft\Source Files\Mapping Core\%2a</Filter>
    </ClCompile>
    <ClCompile Include="..\Chkdraft\src\MappingCore\SubStringMap.cpp">
      <Filter>Chkdraft\Source Files\Mapping Core\%2a</Filter>
    </ClCompile>
    <ClCompile Include="..\Chkdraft\src\MappingCore\TemporaryFile.cpp">
      <Filter>Chkdraft\Source Files\Mapping Core\%2a</Filter>
    </ClCompile>
    <ClCompile Include="..\Chkdraft\src\MappingCore\ChkAction.cpp">
      <Filter>Chkdraft\Source Files\Mapping Core\Structs</Filter>
    </ClCompile>
    <ClCompile Include="..\Chkdraft\src\MappingCore\ChkCondition.cpp">
      <Filter>Chkdraft\Source Files\Mapping Core\Structs</Filter>
    </ClCompile>
    <ClCompile Include="..\Chkdraft\src\MappingCore\ChkCuwp.cpp">
      <Filter>Chkdraft\Source Files\Mapping Core\Structs</Filter>
    </ClCompile>
    <ClCompile Include="..\Chkdraft\src\MappingCore\ChkDoodad.cpp">
      <Filter>Chkdraft\Source Files\Mapping Core\Structs</Filter>
    </ClCompile>
    <ClCompile Include="..\Chkdraft\src\MappingCore\ChkLocation.cpp">
      <Filter>Chkdraft\Source Files\Mapping Core\Structs</Filter>
    </ClCompile>
    <ClCompile Include="..\Chkdraft\src\MappingCore\ChkSprite.cpp">
      <Filter>Chkdraft\Source Files\Mapping Core\Structs</Filter>
    </ClCompile>
    <ClCompile Include="..\Chkdraft\src\MappingCore\ChkTrigger.cpp">
      <Filter>Chkdraft\Source Files\Mapping Core\Structs</Filter>
    </ClCompile>
    <ClCompile Include="..\Chkdraft\src\MappingCore\ChkUnit.cpp">
      <Filter>Chkdraft\Source Files\Mapping Core\Structs</Filter>
    </ClCompile>
    <ClCompile Include="..\Chkdraft\src\MappingCore\ModifiedAsset.cpp">
      <Filter>Chkdraft\Source Files\Mapping Core\Structs</Filter>
    </ClCompile>
    <ClCompile Include="..\Chkdraft\src\MappingCore\StringTableNode.cpp">
      <Filter>Chkdraft\Source Files\Mapping Core\Structs</Filter>
    </ClCompile>
    <ClCompile Include="..\Chkdraft\src\Chkdraft.cpp">
      <Filter>Chkdraft\Source Files\Windows</Filter>
    </ClCompile>
    <ClCompile Include="..\Chkdraft\src\ChkdStringInput.cpp">
      <Filter>Chkdraft\Source Files\Windows\Chkd Controls</Filter>
    </ClCompile>
    <ClCompile Include="..\Chkdraft\src\CndActGrid.cpp">
      <Filter>Chkdraft\Source Files\Windows\Chkd Controls</Filter>
    </ClCompile>
    <ClCompile Include="..\Chkdraft\src\CuwpInput.cpp">
      <Filter>Chkdraft\Source Files\Windows\Chkd Controls</Filter>
    </ClCompile>
    <ClCompile Include="..\Chkdraft\src\LocationTree.cpp">
      <Filter>Chkdraft\Source Files\Windows\Chkd Controls</Filter>
    </ClCompile>
    <ClCompile Include="..\Chkdraft\src\MainTree.cpp">
      <Filter>Chkdraft\Source Files\Windows\Chkd Controls</Filter>
    </ClCompile>
    <ClCompile Include="..\Chkdraft\src\MoveTo.cpp">
      <Filter>Chkdraft\Source Files\Windows\Chkd Controls</Filter>
    </ClCompile>
    <ClCompile Include="..\Chkdraft\src\PeerListBox.cpp">
      <Filter>Chkdraft\Source Files\Windows\Chkd Controls</Filter>
    </ClCompile>
    <ClCompile Include="..\Chkdraft\src\PlayerDropdown.cpp">
      <Filter>Chkdraft\Source Files\Windows\Chkd Controls</Filter>
    </ClCompile>
    <ClCompile Include="..\Chkdraft\src\Suggestions.cpp">
      <Filter>Chkdraft\Source Files\Windows\Chkd Controls</Filter>
    </ClCompile>
    <ClCompile Include="..\Chkdraft\src\TechTree.cpp">
      <Filter>Chkdraft\Source Files\Windows\Chkd Controls</Filter>
    </ClCompile>
    <ClCompile Include="..\Chkdraft\src\UnitTree.cpp">
      <Filter>Chkdraft\Source Files\Windows\Chkd Controls</Filter>
    </ClCompile>
    <ClCompile Include="..\Chkdraft\src\UpgradeTree.cpp">
      <Filter>Chkdraft\Source Files\Windows\Chkd Controls</Filter>
    </ClCompile>
    <ClCompile Include="..\Chkdraft\src\PreservedUnitStats.cpp">
      <Filter>Chkdraft\Source Files\Windows\Dialog Windows\Layers\Unit Properties</Filter>
    </ClCompile>
    <ClCompile Include="..\Chkdraft\src\UnitProperties.cpp">
      <Filter>Chkdraft\Source Files\Windows\Dialog Windows\Layers\Unit Properties</Filter>
    </ClCompile>
    <ClCompile Include="..\Chkdraft\src\LocationProperties.cpp">
      <Filter>Chkdraft\Source Files\Windows\Dialog Windows\Layers</Filter>
    </ClCompile>
    <ClCompile Include="..\Chkdraft\src\TerrainPalette.cpp">
      <Filter>Chkdraft\Source Files\Windows\Dialog Windows\Layers</Filter>
    </ClCompile>
    <ClCompile Include="..\Chkdraft\src\TileProperties.cpp">
      <Filter>Chkdraft\Source Files\Windows\Dialog Windows\Layers</Filter>
    </ClCompile>
    <ClCompile Include="..\Chkdraft\src\ChangePassword.cpp">
      <Filter>Chkdraft\Source Files\Windows\Dialog Windows\Map Protection</Filter>
    </ClCompile>
    <ClCompile Include="..\Chkdraft\src\EnterPassword.cpp">
      <Filter>Chkdraft\Source Files\Windows\Dialog Windows\Map Protection</Filter>
    </ClCompile>
    <ClCompile Include="..\Chkdraft\src\MapSettings.cpp">
      <Filter>Chkdraft\Source Files\Windows\Dialog Windows\Map Settings</Filter>
    </ClCompile>
    <ClCompile Include="..\Chkdraft\src\Forces.cpp">
      <Filter>Chkdraft\Source Files\Windows\Dialog Windows\Map Settings\%2a</Filter>
    </ClCompile>
    <ClCompile Include="..\Chkdraft\src\MapProperties.cpp">
      <Filter>Chkdraft\Source Files\Windows\Dialog Windows\Map Settings\%2a</Filter>
    </ClCompile>
    <ClCompile Include="..\Chkdraft\src\TechSettings.cpp">
      <Filter>Chkdraft\Source Files\Windows\Dialog Windows\Map Settings\%2a</Filter>
    </ClCompile>
    <ClCompile Include="..\Chkdraft\src\UnitSettings.cpp">
      <Filter>Chkdraft\Source Files\Windows\Dialog Windows\Map Settings\%2a</Filter>
    </ClCompile>
    <ClCompile Include="..\Chkdraft\src\UpgradeSettings.cpp">
      <Filter>Chkdraft\Source Files\Windows\Dialog Windows\Map Settings\%2a</Filter>
    </ClCompile>
    <ClCompile Include="..\Chkdraft\src\WavEditor.cpp">
      <Filter>Chkdraft\Source Files\Windows\Dialog Windows\Map Settings\%2a</Filter>
    </ClCompile>
    <ClCompile Include="..\Chkdraft\src\StringEditor.cpp">
      <Filter>Chkdraft\Source Files\Windows\Dialog Windows\Map Settings\%2a\String Editor</Filter>
    </ClCompile>
    <ClCompile Include="..\Chkdraft\src\StringGuide.cpp">
      <Filter>Chkdraft\Source Files\Windows\Dialog Windows\Map Settings\%2a\String Editor</Filter>
    </ClCompile>
    <ClCompile Include="..\Chkdraft\src\StringPreview.cpp">
      <Filter>Chkdraft\Source Files\Windows\Dialog Windows\Map Settings\%2a\String Editor</Filter>
    </ClCompile>
    <ClCompile Include="..\Chkdraft\src\NewMap.cpp">
      <Filter>Chkdraft\Source Files\Windows\Dialog Windows\New Map</Filter>
    </ClCompile>
    <ClCompile Include="..\Chkdraft\src\LIT.cpp">
      <Filter>Chkdraft\Source Files\Windows\Dialog Windows\Text Trig</Filter>
    </ClCompile>
    <ClCompile Include="..\Chkdraft\src\TextTrig.cpp">
      <Filter>Chkdraft\Source Files\Windows\Dialog Windows\Text Trig</Filter>
    </ClCompile>
    <ClCompile Include="..\Chkdraft\src\TrigEditor.cpp">
      <Filter>Chkdraft\Source Files\Windows\Dialog Windows\Trig Editor</Filter>
    </ClCompile>
    <ClCompile Include="..\Chkdraft\src\Counters.cpp">
      <Filter>Chkdraft\Source Files\Windows\Dialog Windows\Trig Editor\%2a</Filter>
    </ClCompile>
    <ClCompile Include="..\Chkdraft\src\CUWPs.cpp">
      <Filter>Chkdraft\Source Files\Windows\Dialog Windows\Trig Editor\%2a</Filter>
    </ClCompile>
    <ClCompile Include="..\Chkdraft\src\Switches.cpp">
      <Filter>Chkdraft\Source Files\Windows\Dialog Windows\Trig Editor\%2a</Filter>
    </ClCompile>
    <ClCompile Include="..\Chkdraft\src\Templates.cpp">
      <Filter>Chkdraft\Source Files\Windows\Dialog Windows\Trig Editor\%2a</Filter>
    </ClCompile>
    <ClCompile Include="..\Chkdraft\src\Triggers.cpp">
      <Filter>Chkdraft\Source Files\Windows\Dialog Windows\Trig Editor\%2a</Filter>
    </ClCompile>
    <ClCompile Include="..\Chkdraft\src\TrigModify.cpp">
      <Filter>Chkdraft\Source Files\Windows\Dialog Windows\Trig Modify</Filter>
    </ClCompile>
    <ClCompile Include="..\Chkdraft\src\TrigActions.cpp">
      <Filter>Chkdraft\Source Files\Windows\Dialog Windows\Trig Modify\%2a</Filter>
    </ClCompile>
    <ClCompile Include="..\Chkdraft\src\TrigConditions.cpp">
      <Filter>Chkdraft\Source Files\Windows\Dialog Windows\Trig Modify\%2a</Filter>
    </ClCompile>
    <ClCompile Include="..\Chkdraft\src\TrigGeneral.cpp">
      <Filter>Chkdraft\Source Files\Windows\Dialog Windows\Trig Modify\%2a</Filter>
    </ClCompile>
    <ClCompile Include="..\Chkdraft\src\TrigModifyText.cpp">
      <Filter>Chkdraft\Source Files\Windows\Dialog Windows\Trig Modify\%2a</Filter>
    </ClCompile>
    <ClCompile Include="..\Chkdraft\src\TrigPlayers.cpp">
      <Filter>Chkdraft\Source Files\Windows\Dialog Windows\Trig Modify\%2a</Filter>
    </ClCompile>
    <ClCompile Include="..\Chkdraft\src\GuiMap.cpp">
      <Filter>Chkdraft\Source Files\Windows\Main Windows</Filter>
    </ClCompile>
    <ClCompile Include="..\Chkdraft\src\LeftBar.cpp">
      <Filter>Chkdraft\Source Files\Windows\Main Windows</Filter>
    </ClCompile>
    <ClCompile Include="..\Chkdraft\src\MainPlot.cpp">
      <Filter>Chkdraft\Source Files\Windows\Main Windows</Filter>
    </ClCompile>
    <ClCompile Include="..\Chkdraft\src\MainToolbar.cpp">
      <Filter>Chkdraft\Source Files\Windows\Main Windows</Filter>
    </ClCompile>
    <ClCompile Include="..\Chkdraft\src\Maps.cpp">
      <Filter>Chkdraft\Source Files\Windows\Main Windows</Filter>
    </ClCompile>
    <ClCompile Include="..\Chkdraft\src\MiniMap.cpp">
      <Filter>Chkdraft\Source Files\Windows\Main Windows</Filter>
    </ClCompile>
    <ClCompile Include="..\Chkdraft\src\Main.cpp">
      <Filter>Chkdraft\Source Files</Filter>
    </ClCompile>
    <ClCompile Include="..\Chkdraft\src\WindowsUI\PaintBuffer.cpp">
      <Filter>Chkdraft\Source Files\Windows UI\%2a</Filter>
    </ClCompile>
    <ClCompile Include="..\Chkdraft\src\WindowsUI\WindowsItem.cpp">
      <Filter>Chkdraft\Source Files\Windows UI\%2a</Filter>
    </ClCompile>
    <ClCompile Include="..\Chkdraft\src\WindowsUI\WindowControl.cpp">
      <Filter>Chkdraft\Source Files\Windows UI\Controls</Filter>
    </ClCompile>
    <ClCompile Include="..\Chkdraft\src\WindowsUI\DropdownControl.cpp">
      <Filter>Chkdraft\Source Files\Windows UI\Controls\Specific</Filter>
    </ClCompile>
    <ClCompile Include="..\Chkdraft\src\WindowsUI\EditControl.cpp">
      <Filter>Chkdraft\Source Files\Windows UI\Controls\Specific</Filter>
    </ClCompile>
    <ClCompile Include="..\Chkdraft\src\WindowsUI\GridItem.cpp">
      <Filter>Chkdraft\Source Files\Windows UI\Controls\Specific</Filter>
    </ClCompile>
    <ClCompile Include="..\Chkdraft\src\WindowsUI\GridView.cpp">
      <Filter>Chkdraft\Source Files\Windows UI\Controls\Specific</Filter>
    </ClCompile>
    <ClCompile Include="..\Chkdraft\src\WindowsUI\GroupBoxControl.cpp">
      <Filter>Chkdraft\Source Files\Windows UI\Controls\Specific</Filter>
    </ClCompile>
    <ClCompile Include="..\Chkdraft\src\WindowsUI\ListBoxControl.cpp">
      <Filter>Chkdraft\Source Files\Windows UI\Controls\Specific</Filter>
    </ClCompile>
    <ClCompile Include="..\Chkdraft\src\WindowsUI\ListViewControl.cpp">
      <Filter>Chkdraft\Source Files\Windows UI\Controls\Specific</Filter>
    </ClCompile>
    <ClCompile Include="..\Chkdraft\src\WindowsUI\RadioButtonControl.cpp">
      <Filter>Chkdraft\Source Files\Windows UI\Controls\Specific</Filter>
    </ClCompile>
    <ClCompile Include="..\Chkdraft\src\WindowsUI\StatusControl.cpp">
      <Filter>Chkdraft\Source Files\Windows UI\Controls\Specific</Filter>
    </ClCompile>
    <ClCompile Include="..\Chkdraft\src\WindowsUI\TabControl.cpp">
      <Filter>Chkdraft\Source Files\Windows UI\Controls\Specific</Filter>
    </ClCompile>
    <ClCompile Include="..\Chkdraft\src\WindowsUI\TextControl.cpp">
      <Filter>Chkdraft\Source Files\Windows UI\Controls\Specific</Filter>
    </ClCompile>
    <ClCompile Include="..\Chkdraft\src\WindowsUI\ToolbarControl.cpp">
      <Filter>Chkdraft\Source Files\Windows UI\Controls\Specific</Filter>
    </ClCompile>
    <ClCompile Include="..\Chkdraft\src\WindowsUI\TreeViewControl.cpp">
      <Filter>Chkdraft\Source Files\Windows UI\Controls\Specific</Filter>
    </ClCompile>
    <ClCompile Include="..\Chkdraft\src\WindowsUI\ButtonControl.cpp">
      <Filter>Chkdraft\Source Files\Windows UI\Controls\Specific</Filter>
    </ClCompile>
    <ClCompile Include="..\Chkdraft\src\WindowsUI\CheckBoxControl.cpp">
      <Filter>Chkdraft\Source Files\Windows UI\Controls\Specific</Filter>
    </ClCompile>
    <ClCompile Include="..\Chkdraft\src\WindowsUI\DragListControl.cpp">
      <Filter>Chkdraft\Source Files\Windows UI\Controls\Specific</Filter>
    </ClCompile>
    <ClCompile Include="..\Chkdraft\src\WindowsUI\WindowMenu.cpp">
      <Filter>Chkdraft\Source Files\Windows UI\Menus</Filter>
    </ClCompile>
    <ClCompile Include="..\Chkdraft\src\WindowsUI\ClassDialog.cpp">
      <Filter>Chkdraft\Source Files\Windows UI\Windows</Filter>
    </ClCompile>
    <ClCompile Include="..\Chkdraft\src\WindowsUI\ClassWindow.cpp">
      <Filter>Chkdraft\Source Files\Windows UI\Windows</Filter>
    </ClCompile>
    <ClCompile Include="..\Chkdraft\src\WindowsUI\MdiClient.cpp">
      <Filter>Chkdraft\Source Files\Windows UI\Windows</Filter>
    </ClCompile>
    <ClCompile Include="src\ChkdraftTest.cpp">
      <Filter>Chkdraft Test</Filter>
    </ClCompile>
    <ClCompile Include="src\pch.cpp">
      <Filter>gtest</Filter>
    </ClCompile>
  </ItemGroup>
  <ItemGroup>
    <Image Include="..\Chkdraft\Icon.ico">
      <Filter>Chkdraft\Resource Files</Filter>
    </Image>
    <Image Include="..\Chkdraft\New Tab.bmp">
      <Filter>Chkdraft\Resource Files</Filter>
    </Image>
    <Image Include="..\Chkdraft\Save-as.bmp">
      <Filter>Chkdraft\Resource Files</Filter>
    </Image>
  </ItemGroup>
  <ItemGroup>
    <ResourceCompile Include="..\Chkdraft\Resource.rc">
      <Filter>Chkdraft\Resource Files</Filter>
    </ResourceCompile>
  </ItemGroup>
  <ItemGroup>
    <None Include="packages.config">
      <Filter>gtest</Filter>
    </None>
  </ItemGroup>
</Project>