<?xml version="1.0" encoding="utf-8"?>
<Project ToolsVersion="4.0" xmlns="http://schemas.microsoft.com/developer/msbuild/2003">
  <ItemGroup>
    <Filter Include="Source Files">
      <UniqueIdentifier>{4FC737F1-C7A5-4376-A066-2A32D752A2FF}</UniqueIdentifier>
      <Extensions>cpp;c;cc;cxx;def;odl;idl;hpj;bat;asm;asmx</Extensions>
    </Filter>
    <Filter Include="Header Files">
      <UniqueIdentifier>{93995380-89BD-4b04-88EB-625FBE52EBFB}</UniqueIdentifier>
      <Extensions>h;hh;hpp;hxx;hm;inl;inc;xsd</Extensions>
    </Filter>
    <Filter Include="Header Files\%2a">
      <UniqueIdentifier>{921798ce-b3a0-4b1a-8dbf-b6a59fb03e56}</UniqueIdentifier>
    </Filter>
    <Filter Include="Source Files\%2a">
      <UniqueIdentifier>{cae2f7b5-8419-4dd3-8f9f-a3f754c49247}</UniqueIdentifier>
    </Filter>
    <Filter Include="Header Files\Commands">
      <UniqueIdentifier>{ed46f51a-eefa-484e-8ecc-01a168191fb5}</UniqueIdentifier>
    </Filter>
    <Filter Include="Source Files\Commands">
      <UniqueIdentifier>{5f0f6832-b265-4586-8fff-22a38ec03d1b}</UniqueIdentifier>
    </Filter>
  </ItemGroup>
  <ItemGroup>
    <ClInclude Include="Commander.h">
      <Filter>Header Files\%2a</Filter>
    </ClInclude>
    <ClInclude Include="ErrorHandler.h">
      <Filter>Header Files\%2a</Filter>
    </ClInclude>
    <ClInclude Include="GenericCommand.h">
      <Filter>Header Files\%2a</Filter>
    </ClInclude>
    <ClInclude Include="Logger.h">
      <Filter>Header Files\%2a</Filter>
    </ClInclude>
    <ClInclude Include="CommandTypes.h">
      <Filter>Header Files\Commands</Filter>
    </ClInclude>
    <ClInclude Include="TestCommands.h">
      <Filter>Header Files\Commands</Filter>
    </ClInclude>
  </ItemGroup>
  <ItemGroup>
    <ClCompile Include="Commander.cpp">
      <Filter>Source Files\%2a</Filter>
    </ClCompile>
    <ClCompile Include="ErrorHandler.cpp">
      <Filter>Source Files\%2a</Filter>
    </ClCompile>
    <ClCompile Include="GenericCommand.cpp">
      <Filter>Source Files\%2a</Filter>
    </ClCompile>
    <ClCompile Include="Logger.cpp">
      <Filter>Source Files\%2a</Filter>
    </ClCompile>
    <ClCompile Include="TestCommands.cpp">
      <Filter>Source Files\Commands</Filter>
    </ClCompile>
  </ItemGroup>
</Project>